// !$*UTF8*$!
{
	archiveVersion = 1;
	classes = {
	};
	objectVersion = 46;
	objects = {

/* Begin PBXBuildFile section */
		1F0C4C619E955DC81FD5A94D /* libPods-iOSProject.a in Frameworks */ = {isa = PBXBuildFile; fileRef = E470E32AE2A3C09EA831FECF /* libPods-iOSProject.a */; };
		9797BC3D2006353400E68E2E /* ABAppDelegate.m in Sources */ = {isa = PBXBuildFile; fileRef = 9797BB892006353300E68E2E /* ABAppDelegate.m */; };
		9797BC3F2006353400E68E2E /* main.m in Sources */ = {isa = PBXBuildFile; fileRef = 9797BB8B2006353300E68E2E /* main.m */; };
		9797BC402006353400E68E2E /* Assets.xcassets in Resources */ = {isa = PBXBuildFile; fileRef = 9797BB8D2006353300E68E2E /* Assets.xcassets */; };
		9797BC412006353400E68E2E /* image.png in Resources */ = {isa = PBXBuildFile; fileRef = 9797BB8F2006353300E68E2E /* image.png */; };
		9797BC422006353400E68E2E /* ABContext.m in Sources */ = {isa = PBXBuildFile; fileRef = 9797BB942006353300E68E2E /* ABContext.m */; };
		9797BC432006353400E68E2E /* ABFBContext.m in Sources */ = {isa = PBXBuildFile; fileRef = 9797BB972006353300E68E2E /* ABFBContext.m */; };
		9797BC442006353400E68E2E /* ABFBGetContext.m in Sources */ = {isa = PBXBuildFile; fileRef = 9797BB9A2006353300E68E2E /* ABFBGetContext.m */; };
		9797BC452006353400E68E2E /* ABFBGetFriendsContext.m in Sources */ = {isa = PBXBuildFile; fileRef = 9797BB9D2006353300E68E2E /* ABFBGetFriendsContext.m */; };
		9797BC462006353400E68E2E /* ABFBGetUserContext.m in Sources */ = {isa = PBXBuildFile; fileRef = 9797BBA02006353300E68E2E /* ABFBGetUserContext.m */; };
		9797BC472006353400E68E2E /* ABFBLoginContext.m in Sources */ = {isa = PBXBuildFile; fileRef = 9797BBA32006353300E68E2E /* ABFBLoginContext.m */; };
		9797BC482006353400E68E2E /* ABFBLogoutContext.m in Sources */ = {isa = PBXBuildFile; fileRef = 9797BBA62006353300E68E2E /* ABFBLogoutContext.m */; };
		9797BC6C2006353400E68E2E /* ABFBCurrentUser.m in Sources */ = {isa = PBXBuildFile; fileRef = 9797BC152006353300E68E2E /* ABFBCurrentUser.m */; };
		9797BC6D2006353400E68E2E /* ABFBUser.m in Sources */ = {isa = PBXBuildFile; fileRef = 9797BC182006353300E68E2E /* ABFBUser.m */; };
		9797BC6E2006353400E68E2E /* ABUser.m in Sources */ = {isa = PBXBuildFile; fileRef = 9797BC1B2006353300E68E2E /* ABUser.m */; };
		9797BC6F2006353400E68E2E /* ABUsersModel.m in Sources */ = {isa = PBXBuildFile; fileRef = 9797BC1E2006353400E68E2E /* ABUsersModel.m */; };
		9797BC702006353400E68E2E /* LaunchScreen.storyboard in Resources */ = {isa = PBXBuildFile; fileRef = 9797BC212006353400E68E2E /* LaunchScreen.storyboard */; };
		9797BC712006353400E68E2E /* Main.storyboard in Resources */ = {isa = PBXBuildFile; fileRef = 9797BC222006353400E68E2E /* Main.storyboard */; };
		9797BC722006353400E68E2E /* ABFBViewController.m in Sources */ = {isa = PBXBuildFile; fileRef = 9797BC262006353400E68E2E /* ABFBViewController.m */; };
		9797BC732006353400E68E2E /* ABFriendsView.m in Sources */ = {isa = PBXBuildFile; fileRef = 9797BC292006353400E68E2E /* ABFriendsView.m */; };
		9797BC742006353400E68E2E /* ABFriendsViewController.m in Sources */ = {isa = PBXBuildFile; fileRef = 9797BC2B2006353400E68E2E /* ABFriendsViewController.m */; };
		9797BC752006353400E68E2E /* ABFriendsViewController.xib in Resources */ = {isa = PBXBuildFile; fileRef = 9797BC2C2006353400E68E2E /* ABFriendsViewController.xib */; };
		9797BC762006353400E68E2E /* ABUserCell.m in Sources */ = {isa = PBXBuildFile; fileRef = 9797BC2F2006353400E68E2E /* ABUserCell.m */; };
		9797BC772006353400E68E2E /* ABUserCell.xib in Resources */ = {isa = PBXBuildFile; fileRef = 9797BC302006353400E68E2E /* ABUserCell.xib */; };
		9797BC782006353400E68E2E /* ABLoginView.m in Sources */ = {isa = PBXBuildFile; fileRef = 9797BC332006353400E68E2E /* ABLoginView.m */; };
		9797BC792006353400E68E2E /* ABLoginViewController.m in Sources */ = {isa = PBXBuildFile; fileRef = 9797BC352006353400E68E2E /* ABLoginViewController.m */; };
		9797BC7A2006353400E68E2E /* ABLoginViewController.xib in Resources */ = {isa = PBXBuildFile; fileRef = 9797BC362006353400E68E2E /* ABLoginViewController.xib */; };
		9797BC7B2006353400E68E2E /* ABUserDetailView.m in Sources */ = {isa = PBXBuildFile; fileRef = 9797BC392006353400E68E2E /* ABUserDetailView.m */; };
		9797BC7C2006353400E68E2E /* ABUserDetailViewController.m in Sources */ = {isa = PBXBuildFile; fileRef = 9797BC3B2006353400E68E2E /* ABUserDetailViewController.m */; };
		9797BC7D2006353400E68E2E /* ABUserDetailViewController.xib in Resources */ = {isa = PBXBuildFile; fileRef = 9797BC3C2006353400E68E2E /* ABUserDetailViewController.xib */; };
		9797BCE9200635CB00E68E2E /* NSArray+ABExtension.m in Sources */ = {isa = PBXBuildFile; fileRef = 9797BC82200635CB00E68E2E /* NSArray+ABExtension.m */; };
		9797BCEA200635CB00E68E2E /* NSBundle+ABExtension.m in Sources */ = {isa = PBXBuildFile; fileRef = 9797BC85200635CB00E68E2E /* NSBundle+ABExtension.m */; };
		9797BCEB200635CB00E68E2E /* NSFileManager+ABExtension.m in Sources */ = {isa = PBXBuildFile; fileRef = 9797BC88200635CB00E68E2E /* NSFileManager+ABExtension.m */; };
		9797BCEC200635CB00E68E2E /* NSMutableArray+ABExtension.m in Sources */ = {isa = PBXBuildFile; fileRef = 9797BC8B200635CB00E68E2E /* NSMutableArray+ABExtension.m */; };
		9797BCED200635CB00E68E2E /* NSObject+ABObjectExtension.m in Sources */ = {isa = PBXBuildFile; fileRef = 9797BC8E200635CB00E68E2E /* NSObject+ABObjectExtension.m */; };
		9797BCEE200635CB00E68E2E /* NSString+ABExtensions.m in Sources */ = {isa = PBXBuildFile; fileRef = 9797BC91200635CB00E68E2E /* NSString+ABExtensions.m */; };
		9797BCEF200635CB00E68E2E /* NSTimer+ABWeakReferenceTimer.m in Sources */ = {isa = PBXBuildFile; fileRef = 9797BC94200635CB00E68E2E /* NSTimer+ABWeakReferenceTimer.m */; };
		9797BCF0200635CB00E68E2E /* ABTimerWeakReference.m in Sources */ = {isa = PBXBuildFile; fileRef = 9797BC97200635CB00E68E2E /* ABTimerWeakReference.m */; };
		9797BCF1200635CB00E68E2E /* UINib+ABExtension.m in Sources */ = {isa = PBXBuildFile; fileRef = 9797BC9A200635CB00E68E2E /* UINib+ABExtension.m */; };
		9797BCF2200635CB00E68E2E /* UITableView+ABExtension.m in Sources */ = {isa = PBXBuildFile; fileRef = 9797BC9D200635CB00E68E2E /* UITableView+ABExtension.m */; };
		9797BCF3200635CB00E68E2E /* UIWindow+ABExtension.m in Sources */ = {isa = PBXBuildFile; fileRef = 9797BCA0200635CB00E68E2E /* UIWindow+ABExtension.m */; };
		9797BCF4200635CB00E68E2E /* ABAlphabet.m in Sources */ = {isa = PBXBuildFile; fileRef = 9797BCA4200635CB00E68E2E /* ABAlphabet.m */; };
		9797BCF5200635CB00E68E2E /* ABClasterAlphabet.m in Sources */ = {isa = PBXBuildFile; fileRef = 9797BCA7200635CB00E68E2E /* ABClasterAlphabet.m */; };
		9797BCF6200635CB00E68E2E /* ABRangeAlphabet.m in Sources */ = {isa = PBXBuildFile; fileRef = 9797BCA9200635CB00E68E2E /* ABRangeAlphabet.m */; };
		9797BCF7200635CB00E68E2E /* ABStringsAlphabet.m in Sources */ = {isa = PBXBuildFile; fileRef = 9797BCAB200635CB00E68E2E /* ABStringsAlphabet.m */; };
		9797BCF8200635CB00E68E2E /* ABFBParser.m in Sources */ = {isa = PBXBuildFile; fileRef = 9797BCAE200635CB00E68E2E /* ABFBParser.m */; };
		9797BCF9200635CB00E68E2E /* ABGCDExtension.m in Sources */ = {isa = PBXBuildFile; fileRef = 9797BCB1200635CB00E68E2E /* ABGCDExtension.m */; };
		9797BCFA200635CB00E68E2E /* ABImageModelCache.m in Sources */ = {isa = PBXBuildFile; fileRef = 9797BCB4200635CB00E68E2E /* ABImageModelCache.m */; };
		9797BCFB200635CB00E68E2E /* ABObservableObject.m in Sources */ = {isa = PBXBuildFile; fileRef = 9797BCB7200635CB00E68E2E /* ABObservableObject.m */; };
		9797BCFC200635CB00E68E2E /* ABRandomNumber.m in Sources */ = {isa = PBXBuildFile; fileRef = 9797BCBA200635CB00E68E2E /* ABRandomNumber.m */; };
		9797BCFD200635CB00E68E2E /* ABTableViewCell.m in Sources */ = {isa = PBXBuildFile; fileRef = 9797BCBD200635CB00E68E2E /* ABTableViewCell.m */; };
		9797BCFE200635CB00E68E2E /* ABMacro.m in Sources */ = {isa = PBXBuildFile; fileRef = 9797BCC3200635CB00E68E2E /* ABMacro.m */; };
		9797BCFF200635CB00E68E2E /* ABArrayModel.m in Sources */ = {isa = PBXBuildFile; fileRef = 9797BCC7200635CB00E68E2E /* ABArrayModel.m */; };
		9797BD00200635CB00E68E2E /* ABArrayModelChange.m in Sources */ = {isa = PBXBuildFile; fileRef = 9797BCCA200635CB00E68E2E /* ABArrayModelChange.m */; };
		9797BD01200635CB00E68E2E /* ABArrayModelChangeAdd.m in Sources */ = {isa = PBXBuildFile; fileRef = 9797BCCD200635CB00E68E2E /* ABArrayModelChangeAdd.m */; };
		9797BD02200635CB00E68E2E /* ABArrayModelChangeMove.m in Sources */ = {isa = PBXBuildFile; fileRef = 9797BCCF200635CB00E68E2E /* ABArrayModelChangeMove.m */; };
		9797BD03200635CB00E68E2E /* ABArrayModelChangeRemove.m in Sources */ = {isa = PBXBuildFile; fileRef = 9797BCD1200635CB00E68E2E /* ABArrayModelChangeRemove.m */; };
		9797BD04200635CB00E68E2E /* ABFileSystemImageModel.m in Sources */ = {isa = PBXBuildFile; fileRef = 9797BCD5200635CB00E68E2E /* ABFileSystemImageModel.m */; };
		9797BD05200635CB00E68E2E /* ABImageModel.m in Sources */ = {isa = PBXBuildFile; fileRef = 9797BCD7200635CB00E68E2E /* ABImageModel.m */; };
		9797BD06200635CB00E68E2E /* ABInternetImageModel.m in Sources */ = {isa = PBXBuildFile; fileRef = 9797BCDA200635CB00E68E2E /* ABInternetImageModel.m */; };
		9797BD07200635CB00E68E2E /* ABModel.m in Sources */ = {isa = PBXBuildFile; fileRef = 9797BCDD200635CB00E68E2E /* ABModel.m */; };
		9797BD08200635CB00E68E2E /* ABImageView.m in Sources */ = {isa = PBXBuildFile; fileRef = 9797BCE1200635CB00E68E2E /* ABImageView.m */; };
		9797BD09200635CB00E68E2E /* ABLoadingView.m in Sources */ = {isa = PBXBuildFile; fileRef = 9797BCE4200635CB00E68E2E /* ABLoadingView.m */; };
		9797BD0A200635CB00E68E2E /* ABLoadingView.xib in Resources */ = {isa = PBXBuildFile; fileRef = 9797BCE5200635CB00E68E2E /* ABLoadingView.xib */; };
		9797BD0B200635CB00E68E2E /* ABView.m in Sources */ = {isa = PBXBuildFile; fileRef = 9797BCE8200635CB00E68E2E /* ABView.m */; };
/* End PBXBuildFile section */

/* Begin PBXFileReference section */
		17FBFFA518F91D146CD323B6 /* Pods-iOSProject.release.xcconfig */ = {isa = PBXFileReference; includeInIndex = 1; lastKnownFileType = text.xcconfig; name = "Pods-iOSProject.release.xcconfig"; path = "Pods/Target Support Files/Pods-iOSProject/Pods-iOSProject.release.xcconfig"; sourceTree = "<group>"; };
		970C49361F6A842700AAB728 /* iOSProject.app */ = {isa = PBXFileReference; explicitFileType = wrapper.application; includeInIndex = 0; path = iOSProject.app; sourceTree = BUILT_PRODUCTS_DIR; };
		9797BB882006353300E68E2E /* ABAppDelegate.h */ = {isa = PBXFileReference; fileEncoding = 4; lastKnownFileType = sourcecode.c.h; path = ABAppDelegate.h; sourceTree = "<group>"; };
		9797BB892006353300E68E2E /* ABAppDelegate.m */ = {isa = PBXFileReference; fileEncoding = 4; lastKnownFileType = sourcecode.c.objc; path = ABAppDelegate.m; sourceTree = "<group>"; };
		9797BB8A2006353300E68E2E /* Info.plist */ = {isa = PBXFileReference; fileEncoding = 4; lastKnownFileType = text.plist.xml; path = Info.plist; sourceTree = "<group>"; };
		9797BB8B2006353300E68E2E /* main.m */ = {isa = PBXFileReference; fileEncoding = 4; lastKnownFileType = sourcecode.c.objc; path = main.m; sourceTree = "<group>"; };
		9797BB8D2006353300E68E2E /* Assets.xcassets */ = {isa = PBXFileReference; lastKnownFileType = folder.assetcatalog; path = Assets.xcassets; sourceTree = "<group>"; };
		9797BB8F2006353300E68E2E /* image.png */ = {isa = PBXFileReference; lastKnownFileType = image.png; path = image.png; sourceTree = "<group>"; };
		9797BB932006353300E68E2E /* ABContext.h */ = {isa = PBXFileReference; fileEncoding = 4; lastKnownFileType = sourcecode.c.h; path = ABContext.h; sourceTree = "<group>"; };
		9797BB942006353300E68E2E /* ABContext.m */ = {isa = PBXFileReference; fileEncoding = 4; lastKnownFileType = sourcecode.c.objc; path = ABContext.m; sourceTree = "<group>"; };
		9797BB962006353300E68E2E /* ABFBContext.h */ = {isa = PBXFileReference; fileEncoding = 4; lastKnownFileType = sourcecode.c.h; path = ABFBContext.h; sourceTree = "<group>"; };
		9797BB972006353300E68E2E /* ABFBContext.m */ = {isa = PBXFileReference; fileEncoding = 4; lastKnownFileType = sourcecode.c.objc; path = ABFBContext.m; sourceTree = "<group>"; };
		9797BB992006353300E68E2E /* ABFBGetContext.h */ = {isa = PBXFileReference; fileEncoding = 4; lastKnownFileType = sourcecode.c.h; path = ABFBGetContext.h; sourceTree = "<group>"; };
		9797BB9A2006353300E68E2E /* ABFBGetContext.m */ = {isa = PBXFileReference; fileEncoding = 4; lastKnownFileType = sourcecode.c.objc; path = ABFBGetContext.m; sourceTree = "<group>"; };
		9797BB9C2006353300E68E2E /* ABFBGetFriendsContext.h */ = {isa = PBXFileReference; fileEncoding = 4; lastKnownFileType = sourcecode.c.h; path = ABFBGetFriendsContext.h; sourceTree = "<group>"; };
		9797BB9D2006353300E68E2E /* ABFBGetFriendsContext.m */ = {isa = PBXFileReference; fileEncoding = 4; lastKnownFileType = sourcecode.c.objc; path = ABFBGetFriendsContext.m; sourceTree = "<group>"; };
		9797BB9F2006353300E68E2E /* ABFBGetUserContext.h */ = {isa = PBXFileReference; fileEncoding = 4; lastKnownFileType = sourcecode.c.h; path = ABFBGetUserContext.h; sourceTree = "<group>"; };
		9797BBA02006353300E68E2E /* ABFBGetUserContext.m */ = {isa = PBXFileReference; fileEncoding = 4; lastKnownFileType = sourcecode.c.objc; path = ABFBGetUserContext.m; sourceTree = "<group>"; };
		9797BBA22006353300E68E2E /* ABFBLoginContext.h */ = {isa = PBXFileReference; fileEncoding = 4; lastKnownFileType = sourcecode.c.h; path = ABFBLoginContext.h; sourceTree = "<group>"; };
		9797BBA32006353300E68E2E /* ABFBLoginContext.m */ = {isa = PBXFileReference; fileEncoding = 4; lastKnownFileType = sourcecode.c.objc; path = ABFBLoginContext.m; sourceTree = "<group>"; };
		9797BBA52006353300E68E2E /* ABFBLogoutContext.h */ = {isa = PBXFileReference; fileEncoding = 4; lastKnownFileType = sourcecode.c.h; path = ABFBLogoutContext.h; sourceTree = "<group>"; };
		9797BBA62006353300E68E2E /* ABFBLogoutContext.m */ = {isa = PBXFileReference; fileEncoding = 4; lastKnownFileType = sourcecode.c.objc; path = ABFBLogoutContext.m; sourceTree = "<group>"; };
		9797BC142006353300E68E2E /* ABFBCurrentUser.h */ = {isa = PBXFileReference; fileEncoding = 4; lastKnownFileType = sourcecode.c.h; path = ABFBCurrentUser.h; sourceTree = "<group>"; };
		9797BC152006353300E68E2E /* ABFBCurrentUser.m */ = {isa = PBXFileReference; fileEncoding = 4; lastKnownFileType = sourcecode.c.objc; path = ABFBCurrentUser.m; sourceTree = "<group>"; };
		9797BC172006353300E68E2E /* ABFBUser.h */ = {isa = PBXFileReference; fileEncoding = 4; lastKnownFileType = sourcecode.c.h; path = ABFBUser.h; sourceTree = "<group>"; };
		9797BC182006353300E68E2E /* ABFBUser.m */ = {isa = PBXFileReference; fileEncoding = 4; lastKnownFileType = sourcecode.c.objc; path = ABFBUser.m; sourceTree = "<group>"; };
		9797BC1A2006353300E68E2E /* ABUser.h */ = {isa = PBXFileReference; fileEncoding = 4; lastKnownFileType = sourcecode.c.h; path = ABUser.h; sourceTree = "<group>"; };
		9797BC1B2006353300E68E2E /* ABUser.m */ = {isa = PBXFileReference; fileEncoding = 4; lastKnownFileType = sourcecode.c.objc; path = ABUser.m; sourceTree = "<group>"; };
		9797BC1D2006353400E68E2E /* ABUsersModel.h */ = {isa = PBXFileReference; fileEncoding = 4; lastKnownFileType = sourcecode.c.h; path = ABUsersModel.h; sourceTree = "<group>"; };
		9797BC1E2006353400E68E2E /* ABUsersModel.m */ = {isa = PBXFileReference; fileEncoding = 4; lastKnownFileType = sourcecode.c.objc; path = ABUsersModel.m; sourceTree = "<group>"; };
		9797BC212006353400E68E2E /* LaunchScreen.storyboard */ = {isa = PBXFileReference; fileEncoding = 4; lastKnownFileType = file.storyboard; path = LaunchScreen.storyboard; sourceTree = "<group>"; };
		9797BC222006353400E68E2E /* Main.storyboard */ = {isa = PBXFileReference; fileEncoding = 4; lastKnownFileType = file.storyboard; path = Main.storyboard; sourceTree = "<group>"; };
		9797BC252006353400E68E2E /* ABFBViewController.h */ = {isa = PBXFileReference; fileEncoding = 4; lastKnownFileType = sourcecode.c.h; path = ABFBViewController.h; sourceTree = "<group>"; };
		9797BC262006353400E68E2E /* ABFBViewController.m */ = {isa = PBXFileReference; fileEncoding = 4; lastKnownFileType = sourcecode.c.objc; path = ABFBViewController.m; sourceTree = "<group>"; };
		9797BC282006353400E68E2E /* ABFriendsView.h */ = {isa = PBXFileReference; fileEncoding = 4; lastKnownFileType = sourcecode.c.h; path = ABFriendsView.h; sourceTree = "<group>"; };
		9797BC292006353400E68E2E /* ABFriendsView.m */ = {isa = PBXFileReference; fileEncoding = 4; lastKnownFileType = sourcecode.c.objc; path = ABFriendsView.m; sourceTree = "<group>"; };
		9797BC2A2006353400E68E2E /* ABFriendsViewController.h */ = {isa = PBXFileReference; fileEncoding = 4; lastKnownFileType = sourcecode.c.h; path = ABFriendsViewController.h; sourceTree = "<group>"; };
		9797BC2B2006353400E68E2E /* ABFriendsViewController.m */ = {isa = PBXFileReference; fileEncoding = 4; lastKnownFileType = sourcecode.c.objc; path = ABFriendsViewController.m; sourceTree = "<group>"; };
		9797BC2C2006353400E68E2E /* ABFriendsViewController.xib */ = {isa = PBXFileReference; fileEncoding = 4; lastKnownFileType = file.xib; path = ABFriendsViewController.xib; sourceTree = "<group>"; };
		9797BC2E2006353400E68E2E /* ABUserCell.h */ = {isa = PBXFileReference; fileEncoding = 4; lastKnownFileType = sourcecode.c.h; path = ABUserCell.h; sourceTree = "<group>"; };
		9797BC2F2006353400E68E2E /* ABUserCell.m */ = {isa = PBXFileReference; fileEncoding = 4; lastKnownFileType = sourcecode.c.objc; path = ABUserCell.m; sourceTree = "<group>"; };
		9797BC302006353400E68E2E /* ABUserCell.xib */ = {isa = PBXFileReference; fileEncoding = 4; lastKnownFileType = file.xib; path = ABUserCell.xib; sourceTree = "<group>"; };
		9797BC322006353400E68E2E /* ABLoginView.h */ = {isa = PBXFileReference; fileEncoding = 4; lastKnownFileType = sourcecode.c.h; path = ABLoginView.h; sourceTree = "<group>"; };
		9797BC332006353400E68E2E /* ABLoginView.m */ = {isa = PBXFileReference; fileEncoding = 4; lastKnownFileType = sourcecode.c.objc; path = ABLoginView.m; sourceTree = "<group>"; };
		9797BC342006353400E68E2E /* ABLoginViewController.h */ = {isa = PBXFileReference; fileEncoding = 4; lastKnownFileType = sourcecode.c.h; path = ABLoginViewController.h; sourceTree = "<group>"; };
		9797BC352006353400E68E2E /* ABLoginViewController.m */ = {isa = PBXFileReference; fileEncoding = 4; lastKnownFileType = sourcecode.c.objc; path = ABLoginViewController.m; sourceTree = "<group>"; };
		9797BC362006353400E68E2E /* ABLoginViewController.xib */ = {isa = PBXFileReference; fileEncoding = 4; lastKnownFileType = file.xib; path = ABLoginViewController.xib; sourceTree = "<group>"; };
		9797BC382006353400E68E2E /* ABUserDetailView.h */ = {isa = PBXFileReference; fileEncoding = 4; lastKnownFileType = sourcecode.c.h; path = ABUserDetailView.h; sourceTree = "<group>"; };
		9797BC392006353400E68E2E /* ABUserDetailView.m */ = {isa = PBXFileReference; fileEncoding = 4; lastKnownFileType = sourcecode.c.objc; path = ABUserDetailView.m; sourceTree = "<group>"; };
		9797BC3A2006353400E68E2E /* ABUserDetailViewController.h */ = {isa = PBXFileReference; fileEncoding = 4; lastKnownFileType = sourcecode.c.h; path = ABUserDetailViewController.h; sourceTree = "<group>"; };
		9797BC3B2006353400E68E2E /* ABUserDetailViewController.m */ = {isa = PBXFileReference; fileEncoding = 4; lastKnownFileType = sourcecode.c.objc; path = ABUserDetailViewController.m; sourceTree = "<group>"; };
		9797BC3C2006353400E68E2E /* ABUserDetailViewController.xib */ = {isa = PBXFileReference; fileEncoding = 4; lastKnownFileType = file.xib; path = ABUserDetailViewController.xib; sourceTree = "<group>"; };
		9797BC81200635CB00E68E2E /* NSArray+ABExtension.h */ = {isa = PBXFileReference; fileEncoding = 4; lastKnownFileType = sourcecode.c.h; path = "NSArray+ABExtension.h"; sourceTree = "<group>"; };
		9797BC82200635CB00E68E2E /* NSArray+ABExtension.m */ = {isa = PBXFileReference; fileEncoding = 4; lastKnownFileType = sourcecode.c.objc; path = "NSArray+ABExtension.m"; sourceTree = "<group>"; };
		9797BC84200635CB00E68E2E /* NSBundle+ABExtension.h */ = {isa = PBXFileReference; fileEncoding = 4; lastKnownFileType = sourcecode.c.h; path = "NSBundle+ABExtension.h"; sourceTree = "<group>"; };
		9797BC85200635CB00E68E2E /* NSBundle+ABExtension.m */ = {isa = PBXFileReference; fileEncoding = 4; lastKnownFileType = sourcecode.c.objc; path = "NSBundle+ABExtension.m"; sourceTree = "<group>"; };
		9797BC87200635CB00E68E2E /* NSFileManager+ABExtension.h */ = {isa = PBXFileReference; fileEncoding = 4; lastKnownFileType = sourcecode.c.h; path = "NSFileManager+ABExtension.h"; sourceTree = "<group>"; };
		9797BC88200635CB00E68E2E /* NSFileManager+ABExtension.m */ = {isa = PBXFileReference; fileEncoding = 4; lastKnownFileType = sourcecode.c.objc; path = "NSFileManager+ABExtension.m"; sourceTree = "<group>"; };
		9797BC8A200635CB00E68E2E /* NSMutableArray+ABExtension.h */ = {isa = PBXFileReference; fileEncoding = 4; lastKnownFileType = sourcecode.c.h; path = "NSMutableArray+ABExtension.h"; sourceTree = "<group>"; };
		9797BC8B200635CB00E68E2E /* NSMutableArray+ABExtension.m */ = {isa = PBXFileReference; fileEncoding = 4; lastKnownFileType = sourcecode.c.objc; path = "NSMutableArray+ABExtension.m"; sourceTree = "<group>"; };
		9797BC8D200635CB00E68E2E /* NSObject+ABObjectExtension.h */ = {isa = PBXFileReference; fileEncoding = 4; lastKnownFileType = sourcecode.c.h; path = "NSObject+ABObjectExtension.h"; sourceTree = "<group>"; };
		9797BC8E200635CB00E68E2E /* NSObject+ABObjectExtension.m */ = {isa = PBXFileReference; fileEncoding = 4; lastKnownFileType = sourcecode.c.objc; path = "NSObject+ABObjectExtension.m"; sourceTree = "<group>"; };
		9797BC90200635CB00E68E2E /* NSString+ABExtensions.h */ = {isa = PBXFileReference; fileEncoding = 4; lastKnownFileType = sourcecode.c.h; path = "NSString+ABExtensions.h"; sourceTree = "<group>"; };
		9797BC91200635CB00E68E2E /* NSString+ABExtensions.m */ = {isa = PBXFileReference; fileEncoding = 4; lastKnownFileType = sourcecode.c.objc; path = "NSString+ABExtensions.m"; sourceTree = "<group>"; };
		9797BC93200635CB00E68E2E /* NSTimer+ABWeakReferenceTimer.h */ = {isa = PBXFileReference; fileEncoding = 4; lastKnownFileType = sourcecode.c.h; path = "NSTimer+ABWeakReferenceTimer.h"; sourceTree = "<group>"; };
		9797BC94200635CB00E68E2E /* NSTimer+ABWeakReferenceTimer.m */ = {isa = PBXFileReference; fileEncoding = 4; lastKnownFileType = sourcecode.c.objc; path = "NSTimer+ABWeakReferenceTimer.m"; sourceTree = "<group>"; };
		9797BC96200635CB00E68E2E /* ABTimerWeakReference.h */ = {isa = PBXFileReference; fileEncoding = 4; lastKnownFileType = sourcecode.c.h; path = ABTimerWeakReference.h; sourceTree = "<group>"; };
		9797BC97200635CB00E68E2E /* ABTimerWeakReference.m */ = {isa = PBXFileReference; fileEncoding = 4; lastKnownFileType = sourcecode.c.objc; path = ABTimerWeakReference.m; sourceTree = "<group>"; };
		9797BC99200635CB00E68E2E /* UINib+ABExtension.h */ = {isa = PBXFileReference; fileEncoding = 4; lastKnownFileType = sourcecode.c.h; path = "UINib+ABExtension.h"; sourceTree = "<group>"; };
		9797BC9A200635CB00E68E2E /* UINib+ABExtension.m */ = {isa = PBXFileReference; fileEncoding = 4; lastKnownFileType = sourcecode.c.objc; path = "UINib+ABExtension.m"; sourceTree = "<group>"; };
		9797BC9C200635CB00E68E2E /* UITableView+ABExtension.h */ = {isa = PBXFileReference; fileEncoding = 4; lastKnownFileType = sourcecode.c.h; path = "UITableView+ABExtension.h"; sourceTree = "<group>"; };
		9797BC9D200635CB00E68E2E /* UITableView+ABExtension.m */ = {isa = PBXFileReference; fileEncoding = 4; lastKnownFileType = sourcecode.c.objc; path = "UITableView+ABExtension.m"; sourceTree = "<group>"; };
		9797BC9F200635CB00E68E2E /* UIWindow+ABExtension.h */ = {isa = PBXFileReference; fileEncoding = 4; lastKnownFileType = sourcecode.c.h; path = "UIWindow+ABExtension.h"; sourceTree = "<group>"; };
		9797BCA0200635CB00E68E2E /* UIWindow+ABExtension.m */ = {isa = PBXFileReference; fileEncoding = 4; lastKnownFileType = sourcecode.c.objc; path = "UIWindow+ABExtension.m"; sourceTree = "<group>"; };
		9797BCA3200635CB00E68E2E /* ABAlphabet.h */ = {isa = PBXFileReference; fileEncoding = 4; lastKnownFileType = sourcecode.c.h; path = ABAlphabet.h; sourceTree = "<group>"; };
		9797BCA4200635CB00E68E2E /* ABAlphabet.m */ = {isa = PBXFileReference; fileEncoding = 4; lastKnownFileType = sourcecode.c.objc; path = ABAlphabet.m; sourceTree = "<group>"; };
		9797BCA6200635CB00E68E2E /* ABClasterAlphabet.h */ = {isa = PBXFileReference; fileEncoding = 4; lastKnownFileType = sourcecode.c.h; path = ABClasterAlphabet.h; sourceTree = "<group>"; };
		9797BCA7200635CB00E68E2E /* ABClasterAlphabet.m */ = {isa = PBXFileReference; fileEncoding = 4; lastKnownFileType = sourcecode.c.objc; path = ABClasterAlphabet.m; sourceTree = "<group>"; };
		9797BCA8200635CB00E68E2E /* ABRangeAlphabet.h */ = {isa = PBXFileReference; fileEncoding = 4; lastKnownFileType = sourcecode.c.h; path = ABRangeAlphabet.h; sourceTree = "<group>"; };
		9797BCA9200635CB00E68E2E /* ABRangeAlphabet.m */ = {isa = PBXFileReference; fileEncoding = 4; lastKnownFileType = sourcecode.c.objc; path = ABRangeAlphabet.m; sourceTree = "<group>"; };
		9797BCAA200635CB00E68E2E /* ABStringsAlphabet.h */ = {isa = PBXFileReference; fileEncoding = 4; lastKnownFileType = sourcecode.c.h; path = ABStringsAlphabet.h; sourceTree = "<group>"; };
		9797BCAB200635CB00E68E2E /* ABStringsAlphabet.m */ = {isa = PBXFileReference; fileEncoding = 4; lastKnownFileType = sourcecode.c.objc; path = ABStringsAlphabet.m; sourceTree = "<group>"; };
		9797BCAD200635CB00E68E2E /* ABFBParser.h */ = {isa = PBXFileReference; fileEncoding = 4; lastKnownFileType = sourcecode.c.h; path = ABFBParser.h; sourceTree = "<group>"; };
		9797BCAE200635CB00E68E2E /* ABFBParser.m */ = {isa = PBXFileReference; fileEncoding = 4; lastKnownFileType = sourcecode.c.objc; path = ABFBParser.m; sourceTree = "<group>"; };
		9797BCB0200635CB00E68E2E /* ABGCDExtension.h */ = {isa = PBXFileReference; fileEncoding = 4; lastKnownFileType = sourcecode.c.h; path = ABGCDExtension.h; sourceTree = "<group>"; };
		9797BCB1200635CB00E68E2E /* ABGCDExtension.m */ = {isa = PBXFileReference; fileEncoding = 4; lastKnownFileType = sourcecode.c.objc; path = ABGCDExtension.m; sourceTree = "<group>"; };
		9797BCB3200635CB00E68E2E /* ABImageModelCache.h */ = {isa = PBXFileReference; fileEncoding = 4; lastKnownFileType = sourcecode.c.h; path = ABImageModelCache.h; sourceTree = "<group>"; };
		9797BCB4200635CB00E68E2E /* ABImageModelCache.m */ = {isa = PBXFileReference; fileEncoding = 4; lastKnownFileType = sourcecode.c.objc; path = ABImageModelCache.m; sourceTree = "<group>"; };
		9797BCB6200635CB00E68E2E /* ABObservableObject.h */ = {isa = PBXFileReference; fileEncoding = 4; lastKnownFileType = sourcecode.c.h; path = ABObservableObject.h; sourceTree = "<group>"; };
		9797BCB7200635CB00E68E2E /* ABObservableObject.m */ = {isa = PBXFileReference; fileEncoding = 4; lastKnownFileType = sourcecode.c.objc; path = ABObservableObject.m; sourceTree = "<group>"; };
		9797BCB9200635CB00E68E2E /* ABRandomNumber.h */ = {isa = PBXFileReference; fileEncoding = 4; lastKnownFileType = sourcecode.c.h; path = ABRandomNumber.h; sourceTree = "<group>"; };
		9797BCBA200635CB00E68E2E /* ABRandomNumber.m */ = {isa = PBXFileReference; fileEncoding = 4; lastKnownFileType = sourcecode.c.objc; path = ABRandomNumber.m; sourceTree = "<group>"; };
		9797BCBC200635CB00E68E2E /* ABTableViewCell.h */ = {isa = PBXFileReference; fileEncoding = 4; lastKnownFileType = sourcecode.c.h; path = ABTableViewCell.h; sourceTree = "<group>"; };
		9797BCBD200635CB00E68E2E /* ABTableViewCell.m */ = {isa = PBXFileReference; fileEncoding = 4; lastKnownFileType = sourcecode.c.objc; path = ABTableViewCell.m; sourceTree = "<group>"; };
		9797BCBF200635CB00E68E2E /* ABConstants.h */ = {isa = PBXFileReference; fileEncoding = 4; lastKnownFileType = sourcecode.c.h; path = ABConstants.h; sourceTree = "<group>"; };
		9797BCC2200635CB00E68E2E /* ABMacro.h */ = {isa = PBXFileReference; fileEncoding = 4; lastKnownFileType = sourcecode.c.h; path = ABMacro.h; sourceTree = "<group>"; };
		9797BCC3200635CB00E68E2E /* ABMacro.m */ = {isa = PBXFileReference; fileEncoding = 4; lastKnownFileType = sourcecode.c.objc; path = ABMacro.m; sourceTree = "<group>"; };
		9797BCC6200635CB00E68E2E /* ABArrayModel.h */ = {isa = PBXFileReference; fileEncoding = 4; lastKnownFileType = sourcecode.c.h; path = ABArrayModel.h; sourceTree = "<group>"; };
		9797BCC7200635CB00E68E2E /* ABArrayModel.m */ = {isa = PBXFileReference; fileEncoding = 4; lastKnownFileType = sourcecode.c.objc; path = ABArrayModel.m; sourceTree = "<group>"; };
		9797BCC9200635CB00E68E2E /* ABArrayModelChange.h */ = {isa = PBXFileReference; fileEncoding = 4; lastKnownFileType = sourcecode.c.h; path = ABArrayModelChange.h; sourceTree = "<group>"; };
		9797BCCA200635CB00E68E2E /* ABArrayModelChange.m */ = {isa = PBXFileReference; fileEncoding = 4; lastKnownFileType = sourcecode.c.objc; path = ABArrayModelChange.m; sourceTree = "<group>"; };
		9797BCCC200635CB00E68E2E /* ABArrayModelChangeAdd.h */ = {isa = PBXFileReference; fileEncoding = 4; lastKnownFileType = sourcecode.c.h; path = ABArrayModelChangeAdd.h; sourceTree = "<group>"; };
		9797BCCD200635CB00E68E2E /* ABArrayModelChangeAdd.m */ = {isa = PBXFileReference; fileEncoding = 4; lastKnownFileType = sourcecode.c.objc; path = ABArrayModelChangeAdd.m; sourceTree = "<group>"; };
		9797BCCE200635CB00E68E2E /* ABArrayModelChangeMove.h */ = {isa = PBXFileReference; fileEncoding = 4; lastKnownFileType = sourcecode.c.h; path = ABArrayModelChangeMove.h; sourceTree = "<group>"; };
		9797BCCF200635CB00E68E2E /* ABArrayModelChangeMove.m */ = {isa = PBXFileReference; fileEncoding = 4; lastKnownFileType = sourcecode.c.objc; path = ABArrayModelChangeMove.m; sourceTree = "<group>"; };
		9797BCD0200635CB00E68E2E /* ABArrayModelChangeRemove.h */ = {isa = PBXFileReference; fileEncoding = 4; lastKnownFileType = sourcecode.c.h; path = ABArrayModelChangeRemove.h; sourceTree = "<group>"; };
		9797BCD1200635CB00E68E2E /* ABArrayModelChangeRemove.m */ = {isa = PBXFileReference; fileEncoding = 4; lastKnownFileType = sourcecode.c.objc; path = ABArrayModelChangeRemove.m; sourceTree = "<group>"; };
		9797BCD4200635CB00E68E2E /* ABFileSystemImageModel.h */ = {isa = PBXFileReference; fileEncoding = 4; lastKnownFileType = sourcecode.c.h; path = ABFileSystemImageModel.h; sourceTree = "<group>"; };
		9797BCD5200635CB00E68E2E /* ABFileSystemImageModel.m */ = {isa = PBXFileReference; fileEncoding = 4; lastKnownFileType = sourcecode.c.objc; path = ABFileSystemImageModel.m; sourceTree = "<group>"; };
		9797BCD6200635CB00E68E2E /* ABImageModel.h */ = {isa = PBXFileReference; fileEncoding = 4; lastKnownFileType = sourcecode.c.h; path = ABImageModel.h; sourceTree = "<group>"; };
		9797BCD7200635CB00E68E2E /* ABImageModel.m */ = {isa = PBXFileReference; fileEncoding = 4; lastKnownFileType = sourcecode.c.objc; path = ABImageModel.m; sourceTree = "<group>"; };
		9797BCD9200635CB00E68E2E /* ABInternetImageModel.h */ = {isa = PBXFileReference; fileEncoding = 4; lastKnownFileType = sourcecode.c.h; path = ABInternetImageModel.h; sourceTree = "<group>"; };
		9797BCDA200635CB00E68E2E /* ABInternetImageModel.m */ = {isa = PBXFileReference; fileEncoding = 4; lastKnownFileType = sourcecode.c.objc; path = ABInternetImageModel.m; sourceTree = "<group>"; };
		9797BCDC200635CB00E68E2E /* ABModel.h */ = {isa = PBXFileReference; fileEncoding = 4; lastKnownFileType = sourcecode.c.h; path = ABModel.h; sourceTree = "<group>"; };
		9797BCDD200635CB00E68E2E /* ABModel.m */ = {isa = PBXFileReference; fileEncoding = 4; lastKnownFileType = sourcecode.c.objc; path = ABModel.m; sourceTree = "<group>"; };
		9797BCE0200635CB00E68E2E /* ABImageView.h */ = {isa = PBXFileReference; fileEncoding = 4; lastKnownFileType = sourcecode.c.h; path = ABImageView.h; sourceTree = "<group>"; };
		9797BCE1200635CB00E68E2E /* ABImageView.m */ = {isa = PBXFileReference; fileEncoding = 4; lastKnownFileType = sourcecode.c.objc; path = ABImageView.m; sourceTree = "<group>"; };
		9797BCE3200635CB00E68E2E /* ABLoadingView.h */ = {isa = PBXFileReference; fileEncoding = 4; lastKnownFileType = sourcecode.c.h; path = ABLoadingView.h; sourceTree = "<group>"; };
		9797BCE4200635CB00E68E2E /* ABLoadingView.m */ = {isa = PBXFileReference; fileEncoding = 4; lastKnownFileType = sourcecode.c.objc; path = ABLoadingView.m; sourceTree = "<group>"; };
		9797BCE5200635CB00E68E2E /* ABLoadingView.xib */ = {isa = PBXFileReference; fileEncoding = 4; lastKnownFileType = file.xib; path = ABLoadingView.xib; sourceTree = "<group>"; };
		9797BCE7200635CB00E68E2E /* ABView.h */ = {isa = PBXFileReference; fileEncoding = 4; lastKnownFileType = sourcecode.c.h; path = ABView.h; sourceTree = "<group>"; };
		9797BCE8200635CB00E68E2E /* ABView.m */ = {isa = PBXFileReference; fileEncoding = 4; lastKnownFileType = sourcecode.c.objc; path = ABView.m; sourceTree = "<group>"; };
		CBE27B6C8B9F1CA6ED2CFFAA /* Pods-iOSProject.debug.xcconfig */ = {isa = PBXFileReference; includeInIndex = 1; lastKnownFileType = text.xcconfig; name = "Pods-iOSProject.debug.xcconfig"; path = "Pods/Target Support Files/Pods-iOSProject/Pods-iOSProject.debug.xcconfig"; sourceTree = "<group>"; };
		E470E32AE2A3C09EA831FECF /* libPods-iOSProject.a */ = {isa = PBXFileReference; explicitFileType = archive.ar; includeInIndex = 0; path = "libPods-iOSProject.a"; sourceTree = BUILT_PRODUCTS_DIR; };
/* End PBXFileReference section */

/* Begin PBXFrameworksBuildPhase section */
		970C49331F6A842700AAB728 /* Frameworks */ = {
			isa = PBXFrameworksBuildPhase;
			buildActionMask = 2147483647;
			files = (
				1F0C4C619E955DC81FD5A94D /* libPods-iOSProject.a in Frameworks */,
			);
			runOnlyForDeploymentPostprocessing = 0;
		};
/* End PBXFrameworksBuildPhase section */

/* Begin PBXGroup section */
		970C492D1F6A842700AAB728 = {
			isa = PBXGroup;
			children = (
				9797BB872006353300E68E2E /* iOSProject */,
				970C49371F6A842700AAB728 /* Products */,
				FDFBEDDD4034E8530E774ED9 /* Pods */,
				A54C3AD9DFBA3070B4BF1C7D /* Frameworks */,
			);
			sourceTree = "<group>";
		};
		970C49371F6A842700AAB728 /* Products */ = {
			isa = PBXGroup;
			children = (
				970C49361F6A842700AAB728 /* iOSProject.app */,
			);
			name = Products;
			sourceTree = "<group>";
		};
		9797BB872006353300E68E2E /* iOSProject */ = {
			isa = PBXGroup;
			children = (
				9797BB882006353300E68E2E /* ABAppDelegate.h */,
				9797BB892006353300E68E2E /* ABAppDelegate.m */,
				9797BB8A2006353300E68E2E /* Info.plist */,
				9797BB8B2006353300E68E2E /* main.m */,
				9797BB8C2006353300E68E2E /* Resource */,
				9797BB902006353300E68E2E /* Source */,
			);
			path = iOSProject;
			sourceTree = "<group>";
		};
		9797BB8C2006353300E68E2E /* Resource */ = {
			isa = PBXGroup;
			children = (
				9797BB8D2006353300E68E2E /* Assets.xcassets */,
				9797BB8E2006353300E68E2E /* Images */,
			);
			path = Resource;
			sourceTree = "<group>";
		};
		9797BB8E2006353300E68E2E /* Images */ = {
			isa = PBXGroup;
			children = (
				9797BB8F2006353300E68E2E /* image.png */,
			);
			path = Images;
			sourceTree = "<group>";
		};
		9797BB902006353300E68E2E /* Source */ = {
			isa = PBXGroup;
			children = (
				9797BC7E200635CB00E68E2E /* Library */,
				9797BB912006353300E68E2E /* Contexts */,
				9797BC122006353300E68E2E /* Models */,
				9797BC1F2006353400E68E2E /* UI */,
			);
			path = Source;
			sourceTree = "<group>";
		};
		9797BB912006353300E68E2E /* Contexts */ = {
			isa = PBXGroup;
			children = (
				9797BB922006353300E68E2E /* ABContext */,
				9797BB952006353300E68E2E /* ABFBContext */,
				9797BB982006353300E68E2E /* ABFBGetContext */,
				9797BB9B2006353300E68E2E /* ABFBGetFriendsContext */,
				9797BB9E2006353300E68E2E /* ABFBGetUserContext */,
				9797BBA12006353300E68E2E /* ABFBLoginContext */,
				9797BBA42006353300E68E2E /* ABFBLogoutContext */,
			);
			path = Contexts;
			sourceTree = "<group>";
		};
		9797BB922006353300E68E2E /* ABContext */ = {
			isa = PBXGroup;
			children = (
				9797BB932006353300E68E2E /* ABContext.h */,
				9797BB942006353300E68E2E /* ABContext.m */,
			);
			path = ABContext;
			sourceTree = "<group>";
		};
		9797BB952006353300E68E2E /* ABFBContext */ = {
			isa = PBXGroup;
			children = (
				9797BB962006353300E68E2E /* ABFBContext.h */,
				9797BB972006353300E68E2E /* ABFBContext.m */,
			);
			path = ABFBContext;
			sourceTree = "<group>";
		};
		9797BB982006353300E68E2E /* ABFBGetContext */ = {
			isa = PBXGroup;
			children = (
				9797BB992006353300E68E2E /* ABFBGetContext.h */,
				9797BB9A2006353300E68E2E /* ABFBGetContext.m */,
			);
			path = ABFBGetContext;
			sourceTree = "<group>";
		};
		9797BB9B2006353300E68E2E /* ABFBGetFriendsContext */ = {
			isa = PBXGroup;
			children = (
				9797BB9C2006353300E68E2E /* ABFBGetFriendsContext.h */,
				9797BB9D2006353300E68E2E /* ABFBGetFriendsContext.m */,
			);
			path = ABFBGetFriendsContext;
			sourceTree = "<group>";
		};
		9797BB9E2006353300E68E2E /* ABFBGetUserContext */ = {
			isa = PBXGroup;
			children = (
				9797BB9F2006353300E68E2E /* ABFBGetUserContext.h */,
				9797BBA02006353300E68E2E /* ABFBGetUserContext.m */,
			);
			path = ABFBGetUserContext;
			sourceTree = "<group>";
		};
		9797BBA12006353300E68E2E /* ABFBLoginContext */ = {
			isa = PBXGroup;
			children = (
				9797BBA22006353300E68E2E /* ABFBLoginContext.h */,
				9797BBA32006353300E68E2E /* ABFBLoginContext.m */,
			);
			path = ABFBLoginContext;
			sourceTree = "<group>";
		};
		9797BBA42006353300E68E2E /* ABFBLogoutContext */ = {
			isa = PBXGroup;
			children = (
				9797BBA52006353300E68E2E /* ABFBLogoutContext.h */,
				9797BBA62006353300E68E2E /* ABFBLogoutContext.m */,
			);
			path = ABFBLogoutContext;
			sourceTree = "<group>";
		};
		9797BC122006353300E68E2E /* Models */ = {
			isa = PBXGroup;
			children = (
				9797BC132006353300E68E2E /* ABFBCurrentUser */,
				9797BC162006353300E68E2E /* ABFBUser */,
				9797BC192006353300E68E2E /* ABUser */,
				9797BC1C2006353400E68E2E /* ABUsersModel */,
			);
			path = Models;
			sourceTree = "<group>";
		};
		9797BC132006353300E68E2E /* ABFBCurrentUser */ = {
			isa = PBXGroup;
			children = (
				9797BC142006353300E68E2E /* ABFBCurrentUser.h */,
				9797BC152006353300E68E2E /* ABFBCurrentUser.m */,
			);
			path = ABFBCurrentUser;
			sourceTree = "<group>";
		};
		9797BC162006353300E68E2E /* ABFBUser */ = {
			isa = PBXGroup;
			children = (
				9797BC172006353300E68E2E /* ABFBUser.h */,
				9797BC182006353300E68E2E /* ABFBUser.m */,
			);
			path = ABFBUser;
			sourceTree = "<group>";
		};
		9797BC192006353300E68E2E /* ABUser */ = {
			isa = PBXGroup;
			children = (
				9797BC1A2006353300E68E2E /* ABUser.h */,
				9797BC1B2006353300E68E2E /* ABUser.m */,
			);
			path = ABUser;
			sourceTree = "<group>";
		};
		9797BC1C2006353400E68E2E /* ABUsersModel */ = {
			isa = PBXGroup;
			children = (
				9797BC1D2006353400E68E2E /* ABUsersModel.h */,
				9797BC1E2006353400E68E2E /* ABUsersModel.m */,
			);
			path = ABUsersModel;
			sourceTree = "<group>";
		};
		9797BC1F2006353400E68E2E /* UI */ = {
			isa = PBXGroup;
			children = (
				9797BC202006353400E68E2E /* Storyboards */,
				9797BC232006353400E68E2E /* ViewControllers */,
			);
			path = UI;
			sourceTree = "<group>";
		};
		9797BC202006353400E68E2E /* Storyboards */ = {
			isa = PBXGroup;
			children = (
				9797BC212006353400E68E2E /* LaunchScreen.storyboard */,
				9797BC222006353400E68E2E /* Main.storyboard */,
			);
			path = Storyboards;
			sourceTree = "<group>";
		};
		9797BC232006353400E68E2E /* ViewControllers */ = {
			isa = PBXGroup;
			children = (
				9797BC242006353400E68E2E /* ABFBViewController */,
				9797BC272006353400E68E2E /* ABFriendsViewController */,
				9797BC312006353400E68E2E /* ABLoginViewController */,
				9797BC372006353400E68E2E /* ABUserDetailViewController */,
			);
			path = ViewControllers;
			sourceTree = "<group>";
		};
		9797BC242006353400E68E2E /* ABFBViewController */ = {
			isa = PBXGroup;
			children = (
				9797BC252006353400E68E2E /* ABFBViewController.h */,
				9797BC262006353400E68E2E /* ABFBViewController.m */,
			);
			path = ABFBViewController;
			sourceTree = "<group>";
		};
		9797BC272006353400E68E2E /* ABFriendsViewController */ = {
			isa = PBXGroup;
			children = (
				9797BC282006353400E68E2E /* ABFriendsView.h */,
				9797BC292006353400E68E2E /* ABFriendsView.m */,
				9797BC2A2006353400E68E2E /* ABFriendsViewController.h */,
				9797BC2B2006353400E68E2E /* ABFriendsViewController.m */,
				9797BC2C2006353400E68E2E /* ABFriendsViewController.xib */,
				9797BC2D2006353400E68E2E /* ABUserCell */,
			);
			path = ABFriendsViewController;
			sourceTree = "<group>";
		};
		9797BC2D2006353400E68E2E /* ABUserCell */ = {
			isa = PBXGroup;
			children = (
				9797BC2E2006353400E68E2E /* ABUserCell.h */,
				9797BC2F2006353400E68E2E /* ABUserCell.m */,
				9797BC302006353400E68E2E /* ABUserCell.xib */,
			);
			path = ABUserCell;
			sourceTree = "<group>";
		};
		9797BC312006353400E68E2E /* ABLoginViewController */ = {
			isa = PBXGroup;
			children = (
				9797BC322006353400E68E2E /* ABLoginView.h */,
				9797BC332006353400E68E2E /* ABLoginView.m */,
				9797BC342006353400E68E2E /* ABLoginViewController.h */,
				9797BC352006353400E68E2E /* ABLoginViewController.m */,
				9797BC362006353400E68E2E /* ABLoginViewController.xib */,
			);
			path = ABLoginViewController;
			sourceTree = "<group>";
		};
		9797BC372006353400E68E2E /* ABUserDetailViewController */ = {
			isa = PBXGroup;
			children = (
				9797BC382006353400E68E2E /* ABUserDetailView.h */,
				9797BC392006353400E68E2E /* ABUserDetailView.m */,
				9797BC3A2006353400E68E2E /* ABUserDetailViewController.h */,
				9797BC3B2006353400E68E2E /* ABUserDetailViewController.m */,
				9797BC3C2006353400E68E2E /* ABUserDetailViewController.xib */,
			);
			path = ABUserDetailViewController;
			sourceTree = "<group>";
		};
		9797BC7E200635CB00E68E2E /* Library */ = {
			isa = PBXGroup;
			children = (
				9797BC7F200635CB00E68E2E /* Categories */,
				9797BCA1200635CB00E68E2E /* Classes */,
				9797BCBE200635CB00E68E2E /* Constants */,
				9797BCC0200635CB00E68E2E /* Macro */,
				9797BCC4200635CB00E68E2E /* Models */,
				9797BCDE200635CB00E68E2E /* Views */,
			);
			path = Library;
			sourceTree = "<group>";
		};
		9797BC7F200635CB00E68E2E /* Categories */ = {
			isa = PBXGroup;
			children = (
				9797BC80200635CB00E68E2E /* NSArray+ABExtension */,
				9797BC83200635CB00E68E2E /* NSBundle+ABExtension */,
				9797BC86200635CB00E68E2E /* NSFileManager+ABExtensions */,
				9797BC89200635CB00E68E2E /* NSMutableArray+ABExtension */,
				9797BC8C200635CB00E68E2E /* NSObject+ABObjectExtension */,
				9797BC8F200635CB00E68E2E /* NSString+ABExtensions */,
				9797BC92200635CB00E68E2E /* NSTimer+ABWeakReferenceTimer */,
				9797BC98200635CB00E68E2E /* UINib+ABExtension */,
				9797BC9B200635CB00E68E2E /* UITableView+ABExtension */,
				9797BC9E200635CB00E68E2E /* UIWindow+ABExtension */,
			);
			path = Categories;
			sourceTree = "<group>";
		};
		9797BC80200635CB00E68E2E /* NSArray+ABExtension */ = {
			isa = PBXGroup;
			children = (
				9797BC81200635CB00E68E2E /* NSArray+ABExtension.h */,
				9797BC82200635CB00E68E2E /* NSArray+ABExtension.m */,
			);
			path = "NSArray+ABExtension";
			sourceTree = "<group>";
		};
		9797BC83200635CB00E68E2E /* NSBundle+ABExtension */ = {
			isa = PBXGroup;
			children = (
				9797BC84200635CB00E68E2E /* NSBundle+ABExtension.h */,
				9797BC85200635CB00E68E2E /* NSBundle+ABExtension.m */,
			);
			path = "NSBundle+ABExtension";
			sourceTree = "<group>";
		};
		9797BC86200635CB00E68E2E /* NSFileManager+ABExtensions */ = {
			isa = PBXGroup;
			children = (
				9797BC87200635CB00E68E2E /* NSFileManager+ABExtension.h */,
				9797BC88200635CB00E68E2E /* NSFileManager+ABExtension.m */,
			);
			path = "NSFileManager+ABExtensions";
			sourceTree = "<group>";
		};
		9797BC89200635CB00E68E2E /* NSMutableArray+ABExtension */ = {
			isa = PBXGroup;
			children = (
				9797BC8A200635CB00E68E2E /* NSMutableArray+ABExtension.h */,
				9797BC8B200635CB00E68E2E /* NSMutableArray+ABExtension.m */,
			);
			path = "NSMutableArray+ABExtension";
			sourceTree = "<group>";
		};
		9797BC8C200635CB00E68E2E /* NSObject+ABObjectExtension */ = {
			isa = PBXGroup;
			children = (
				9797BC8D200635CB00E68E2E /* NSObject+ABObjectExtension.h */,
				9797BC8E200635CB00E68E2E /* NSObject+ABObjectExtension.m */,
			);
			path = "NSObject+ABObjectExtension";
			sourceTree = "<group>";
		};
		9797BC8F200635CB00E68E2E /* NSString+ABExtensions */ = {
			isa = PBXGroup;
			children = (
				9797BC90200635CB00E68E2E /* NSString+ABExtensions.h */,
				9797BC91200635CB00E68E2E /* NSString+ABExtensions.m */,
			);
			path = "NSString+ABExtensions";
			sourceTree = "<group>";
		};
		9797BC92200635CB00E68E2E /* NSTimer+ABWeakReferenceTimer */ = {
			isa = PBXGroup;
			children = (
				9797BC93200635CB00E68E2E /* NSTimer+ABWeakReferenceTimer.h */,
				9797BC94200635CB00E68E2E /* NSTimer+ABWeakReferenceTimer.m */,
				9797BC95200635CB00E68E2E /* Private */,
			);
			path = "NSTimer+ABWeakReferenceTimer";
			sourceTree = "<group>";
		};
		9797BC95200635CB00E68E2E /* Private */ = {
			isa = PBXGroup;
			children = (
				9797BC96200635CB00E68E2E /* ABTimerWeakReference.h */,
				9797BC97200635CB00E68E2E /* ABTimerWeakReference.m */,
			);
			path = Private;
			sourceTree = "<group>";
		};
		9797BC98200635CB00E68E2E /* UINib+ABExtension */ = {
			isa = PBXGroup;
			children = (
				9797BC99200635CB00E68E2E /* UINib+ABExtension.h */,
				9797BC9A200635CB00E68E2E /* UINib+ABExtension.m */,
			);
			path = "UINib+ABExtension";
			sourceTree = "<group>";
		};
		9797BC9B200635CB00E68E2E /* UITableView+ABExtension */ = {
			isa = PBXGroup;
			children = (
				9797BC9C200635CB00E68E2E /* UITableView+ABExtension.h */,
				9797BC9D200635CB00E68E2E /* UITableView+ABExtension.m */,
			);
			path = "UITableView+ABExtension";
			sourceTree = "<group>";
		};
		9797BC9E200635CB00E68E2E /* UIWindow+ABExtension */ = {
			isa = PBXGroup;
			children = (
				9797BC9F200635CB00E68E2E /* UIWindow+ABExtension.h */,
				9797BCA0200635CB00E68E2E /* UIWindow+ABExtension.m */,
			);
			path = "UIWindow+ABExtension";
			sourceTree = "<group>";
		};
		9797BCA1200635CB00E68E2E /* Classes */ = {
			isa = PBXGroup;
			children = (
				9797BCA2200635CB00E68E2E /* ABAlphabet */,
				9797BCAC200635CB00E68E2E /* ABFBParser */,
				9797BCAF200635CB00E68E2E /* ABGCDExtension */,
				9797BCB2200635CB00E68E2E /* ABImageModelCache */,
				9797BCB5200635CB00E68E2E /* ABObservableObject */,
				9797BCB8200635CB00E68E2E /* ABRandomNumber */,
				9797BCBB200635CB00E68E2E /* ABTableViewCell */,
			);
			path = Classes;
			sourceTree = "<group>";
		};
		9797BCA2200635CB00E68E2E /* ABAlphabet */ = {
			isa = PBXGroup;
			children = (
				9797BCA3200635CB00E68E2E /* ABAlphabet.h */,
				9797BCA4200635CB00E68E2E /* ABAlphabet.m */,
				9797BCA5200635CB00E68E2E /* Private */,
			);
			path = ABAlphabet;
			sourceTree = "<group>";
		};
		9797BCA5200635CB00E68E2E /* Private */ = {
			isa = PBXGroup;
			children = (
				9797BCA6200635CB00E68E2E /* ABClasterAlphabet.h */,
				9797BCA7200635CB00E68E2E /* ABClasterAlphabet.m */,
				9797BCA8200635CB00E68E2E /* ABRangeAlphabet.h */,
				9797BCA9200635CB00E68E2E /* ABRangeAlphabet.m */,
				9797BCAA200635CB00E68E2E /* ABStringsAlphabet.h */,
				9797BCAB200635CB00E68E2E /* ABStringsAlphabet.m */,
			);
			path = Private;
			sourceTree = "<group>";
		};
		9797BCAC200635CB00E68E2E /* ABFBParser */ = {
			isa = PBXGroup;
			children = (
				9797BCAD200635CB00E68E2E /* ABFBParser.h */,
				9797BCAE200635CB00E68E2E /* ABFBParser.m */,
			);
			path = ABFBParser;
			sourceTree = "<group>";
		};
		9797BCAF200635CB00E68E2E /* ABGCDExtension */ = {
			isa = PBXGroup;
			children = (
				9797BCB0200635CB00E68E2E /* ABGCDExtension.h */,
				9797BCB1200635CB00E68E2E /* ABGCDExtension.m */,
			);
			path = ABGCDExtension;
			sourceTree = "<group>";
		};
		9797BCB2200635CB00E68E2E /* ABImageModelCache */ = {
			isa = PBXGroup;
			children = (
				9797BCB3200635CB00E68E2E /* ABImageModelCache.h */,
				9797BCB4200635CB00E68E2E /* ABImageModelCache.m */,
			);
			path = ABImageModelCache;
			sourceTree = "<group>";
		};
		9797BCB5200635CB00E68E2E /* ABObservableObject */ = {
			isa = PBXGroup;
			children = (
				9797BCB6200635CB00E68E2E /* ABObservableObject.h */,
				9797BCB7200635CB00E68E2E /* ABObservableObject.m */,
			);
			path = ABObservableObject;
			sourceTree = "<group>";
		};
		9797BCB8200635CB00E68E2E /* ABRandomNumber */ = {
			isa = PBXGroup;
			children = (
				9797BCB9200635CB00E68E2E /* ABRandomNumber.h */,
				9797BCBA200635CB00E68E2E /* ABRandomNumber.m */,
			);
			path = ABRandomNumber;
			sourceTree = "<group>";
		};
		9797BCBB200635CB00E68E2E /* ABTableViewCell */ = {
			isa = PBXGroup;
			children = (
				9797BCBC200635CB00E68E2E /* ABTableViewCell.h */,
				9797BCBD200635CB00E68E2E /* ABTableViewCell.m */,
			);
			path = ABTableViewCell;
			sourceTree = "<group>";
		};
		9797BCBE200635CB00E68E2E /* Constants */ = {
			isa = PBXGroup;
			children = (
				9797BCBF200635CB00E68E2E /* ABConstants.h */,
			);
			path = Constants;
			sourceTree = "<group>";
		};
		9797BCC0200635CB00E68E2E /* Macro */ = {
			isa = PBXGroup;
			children = (
				9797BCC1200635CB00E68E2E /* ABMacro */,
			);
			path = Macro;
			sourceTree = "<group>";
		};
		9797BCC1200635CB00E68E2E /* ABMacro */ = {
			isa = PBXGroup;
			children = (
				9797BCC2200635CB00E68E2E /* ABMacro.h */,
				9797BCC3200635CB00E68E2E /* ABMacro.m */,
			);
			path = ABMacro;
			sourceTree = "<group>";
		};
		9797BCC4200635CB00E68E2E /* Models */ = {
			isa = PBXGroup;
			children = (
				9797BCC5200635CB00E68E2E /* ABArrayModel */,
				9797BCD2200635CB00E68E2E /* ABImageModel */,
				9797BCDB200635CB00E68E2E /* ABModel */,
			);
			path = Models;
			sourceTree = "<group>";
		};
		9797BCC5200635CB00E68E2E /* ABArrayModel */ = {
			isa = PBXGroup;
			children = (
				9797BCC6200635CB00E68E2E /* ABArrayModel.h */,
				9797BCC7200635CB00E68E2E /* ABArrayModel.m */,
				9797BCC8200635CB00E68E2E /* ABArrayModelChange */,
			);
			path = ABArrayModel;
			sourceTree = "<group>";
		};
		9797BCC8200635CB00E68E2E /* ABArrayModelChange */ = {
			isa = PBXGroup;
			children = (
				9797BCC9200635CB00E68E2E /* ABArrayModelChange.h */,
				9797BCCA200635CB00E68E2E /* ABArrayModelChange.m */,
				9797BCCB200635CB00E68E2E /* Private */,
			);
			path = ABArrayModelChange;
			sourceTree = "<group>";
		};
		9797BCCB200635CB00E68E2E /* Private */ = {
			isa = PBXGroup;
			children = (
				9797BCCC200635CB00E68E2E /* ABArrayModelChangeAdd.h */,
				9797BCCD200635CB00E68E2E /* ABArrayModelChangeAdd.m */,
				9797BCCE200635CB00E68E2E /* ABArrayModelChangeMove.h */,
				9797BCCF200635CB00E68E2E /* ABArrayModelChangeMove.m */,
				9797BCD0200635CB00E68E2E /* ABArrayModelChangeRemove.h */,
				9797BCD1200635CB00E68E2E /* ABArrayModelChangeRemove.m */,
			);
			path = Private;
			sourceTree = "<group>";
		};
		9797BCD2200635CB00E68E2E /* ABImageModel */ = {
			isa = PBXGroup;
			children = (
				9797BCD3200635CB00E68E2E /* ABFileSystemImageModel */,
				9797BCD6200635CB00E68E2E /* ABImageModel.h */,
				9797BCD7200635CB00E68E2E /* ABImageModel.m */,
				9797BCD8200635CB00E68E2E /* ABInternetImageModel */,
			);
			path = ABImageModel;
			sourceTree = "<group>";
		};
		9797BCD3200635CB00E68E2E /* ABFileSystemImageModel */ = {
			isa = PBXGroup;
			children = (
				9797BCD4200635CB00E68E2E /* ABFileSystemImageModel.h */,
				9797BCD5200635CB00E68E2E /* ABFileSystemImageModel.m */,
			);
			path = ABFileSystemImageModel;
			sourceTree = "<group>";
		};
		9797BCD8200635CB00E68E2E /* ABInternetImageModel */ = {
			isa = PBXGroup;
			children = (
				9797BCD9200635CB00E68E2E /* ABInternetImageModel.h */,
				9797BCDA200635CB00E68E2E /* ABInternetImageModel.m */,
			);
			path = ABInternetImageModel;
			sourceTree = "<group>";
		};
		9797BCDB200635CB00E68E2E /* ABModel */ = {
			isa = PBXGroup;
			children = (
				9797BCDC200635CB00E68E2E /* ABModel.h */,
				9797BCDD200635CB00E68E2E /* ABModel.m */,
			);
			path = ABModel;
			sourceTree = "<group>";
		};
		9797BCDE200635CB00E68E2E /* Views */ = {
			isa = PBXGroup;
			children = (
				9797BCDF200635CB00E68E2E /* ABImageView */,
				9797BCE2200635CB00E68E2E /* ABLoadingView */,
				9797BCE6200635CB00E68E2E /* ABView */,
			);
			path = Views;
			sourceTree = "<group>";
		};
		9797BCDF200635CB00E68E2E /* ABImageView */ = {
			isa = PBXGroup;
			children = (
				9797BCE0200635CB00E68E2E /* ABImageView.h */,
				9797BCE1200635CB00E68E2E /* ABImageView.m */,
			);
			path = ABImageView;
			sourceTree = "<group>";
		};
		9797BCE2200635CB00E68E2E /* ABLoadingView */ = {
			isa = PBXGroup;
			children = (
				9797BCE3200635CB00E68E2E /* ABLoadingView.h */,
				9797BCE4200635CB00E68E2E /* ABLoadingView.m */,
				9797BCE5200635CB00E68E2E /* ABLoadingView.xib */,
			);
			path = ABLoadingView;
			sourceTree = "<group>";
		};
		9797BCE6200635CB00E68E2E /* ABView */ = {
			isa = PBXGroup;
			children = (
				9797BCE7200635CB00E68E2E /* ABView.h */,
				9797BCE8200635CB00E68E2E /* ABView.m */,
			);
			path = ABView;
			sourceTree = "<group>";
		};
		A54C3AD9DFBA3070B4BF1C7D /* Frameworks */ = {
			isa = PBXGroup;
			children = (
				E470E32AE2A3C09EA831FECF /* libPods-iOSProject.a */,
			);
			name = Frameworks;
			sourceTree = "<group>";
		};
		FDFBEDDD4034E8530E774ED9 /* Pods */ = {
			isa = PBXGroup;
			children = (
				CBE27B6C8B9F1CA6ED2CFFAA /* Pods-iOSProject.debug.xcconfig */,
				17FBFFA518F91D146CD323B6 /* Pods-iOSProject.release.xcconfig */,
			);
			name = Pods;
			sourceTree = "<group>";
		};
/* End PBXGroup section */

/* Begin PBXNativeTarget section */
		970C49351F6A842700AAB728 /* iOSProject */ = {
			isa = PBXNativeTarget;
			buildConfigurationList = 970C494D1F6A842700AAB728 /* Build configuration list for PBXNativeTarget "iOSProject" */;
			buildPhases = (
				0BC50D7BA58AA37513A933EE /* [CP] Check Pods Manifest.lock */,
				970C49321F6A842700AAB728 /* Sources */,
				970C49331F6A842700AAB728 /* Frameworks */,
				970C49341F6A842700AAB728 /* Resources */,
				EEF560A6CE39B98C1CC1FEA4 /* [CP] Embed Pods Frameworks */,
				D64F20E4C5C256D9A32D24E9 /* [CP] Copy Pods Resources */,
			);
			buildRules = (
			);
			dependencies = (
			);
			name = iOSProject;
			productName = iOSProject;
			productReference = 970C49361F6A842700AAB728 /* iOSProject.app */;
			productType = "com.apple.product-type.application";
		};
/* End PBXNativeTarget section */

/* Begin PBXProject section */
		970C492E1F6A842700AAB728 /* Project object */ = {
			isa = PBXProject;
			attributes = {
				LastUpgradeCheck = 0920;
				ORGANIZATIONNAME = "Andrew Boychuk";
				TargetAttributes = {
					970C49351F6A842700AAB728 = {
						CreatedOnToolsVersion = 8.3.3;
						ProvisioningStyle = Automatic;
					};
				};
			};
			buildConfigurationList = 970C49311F6A842700AAB728 /* Build configuration list for PBXProject "iOSProject" */;
			compatibilityVersion = "Xcode 3.2";
			developmentRegion = English;
			hasScannedForEncodings = 0;
			knownRegions = (
				en,
				Base,
			);
			mainGroup = 970C492D1F6A842700AAB728;
			productRefGroup = 970C49371F6A842700AAB728 /* Products */;
			projectDirPath = "";
			projectRoot = "";
			targets = (
				970C49351F6A842700AAB728 /* iOSProject */,
			);
		};
/* End PBXProject section */

/* Begin PBXResourcesBuildPhase section */
		970C49341F6A842700AAB728 /* Resources */ = {
			isa = PBXResourcesBuildPhase;
			buildActionMask = 2147483647;
			files = (
				9797BD0A200635CB00E68E2E /* ABLoadingView.xib in Resources */,
				9797BC402006353400E68E2E /* Assets.xcassets in Resources */,
				9797BC7A2006353400E68E2E /* ABLoginViewController.xib in Resources */,
				9797BC772006353400E68E2E /* ABUserCell.xib in Resources */,
				9797BC7D2006353400E68E2E /* ABUserDetailViewController.xib in Resources */,
				9797BC752006353400E68E2E /* ABFriendsViewController.xib in Resources */,
				9797BC712006353400E68E2E /* Main.storyboard in Resources */,
				9797BC702006353400E68E2E /* LaunchScreen.storyboard in Resources */,
				9797BC412006353400E68E2E /* image.png in Resources */,
			);
			runOnlyForDeploymentPostprocessing = 0;
		};
/* End PBXResourcesBuildPhase section */

/* Begin PBXShellScriptBuildPhase section */
		0BC50D7BA58AA37513A933EE /* [CP] Check Pods Manifest.lock */ = {
			isa = PBXShellScriptBuildPhase;
			buildActionMask = 2147483647;
			files = (
			);
			inputPaths = (
				"${PODS_PODFILE_DIR_PATH}/Podfile.lock",
				"${PODS_ROOT}/Manifest.lock",
			);
			name = "[CP] Check Pods Manifest.lock";
			outputPaths = (
				"$(DERIVED_FILE_DIR)/Pods-iOSProject-checkManifestLockResult.txt",
			);
			runOnlyForDeploymentPostprocessing = 0;
			shellPath = /bin/sh;
			shellScript = "diff \"${PODS_PODFILE_DIR_PATH}/Podfile.lock\" \"${PODS_ROOT}/Manifest.lock\" > /dev/null\nif [ $? != 0 ] ; then\n    # print error to STDERR\n    echo \"error: The sandbox is not in sync with the Podfile.lock. Run 'pod install' or update your CocoaPods installation.\" >&2\n    exit 1\nfi\n# This output is used by Xcode 'outputs' to avoid re-running this script phase.\necho \"SUCCESS\" > \"${SCRIPT_OUTPUT_FILE_0}\"\n";
			showEnvVarsInLog = 0;
		};
		D64F20E4C5C256D9A32D24E9 /* [CP] Copy Pods Resources */ = {
			isa = PBXShellScriptBuildPhase;
			buildActionMask = 2147483647;
			files = (
			);
			inputPaths = (
				"${SRCROOT}/Pods/Target Support Files/Pods-iOSProject/Pods-iOSProject-resources.sh",
				"${PODS_ROOT}/FBSDKCoreKit/FacebookSDKStrings.bundle",
			);
			name = "[CP] Copy Pods Resources";
			outputPaths = (
				"${TARGET_BUILD_DIR}/${UNLOCALIZED_RESOURCES_FOLDER_PATH}",
			);
			runOnlyForDeploymentPostprocessing = 0;
			shellPath = /bin/sh;
			shellScript = "\"${SRCROOT}/Pods/Target Support Files/Pods-iOSProject/Pods-iOSProject-resources.sh\"\n";
			showEnvVarsInLog = 0;
		};
		EEF560A6CE39B98C1CC1FEA4 /* [CP] Embed Pods Frameworks */ = {
			isa = PBXShellScriptBuildPhase;
			buildActionMask = 2147483647;
			files = (
			);
			inputPaths = (
			);
			name = "[CP] Embed Pods Frameworks";
			outputPaths = (
			);
			runOnlyForDeploymentPostprocessing = 0;
			shellPath = /bin/sh;
			shellScript = "\"${SRCROOT}/Pods/Target Support Files/Pods-iOSProject/Pods-iOSProject-frameworks.sh\"\n";
			showEnvVarsInLog = 0;
		};
/* End PBXShellScriptBuildPhase section */

/* Begin PBXSourcesBuildPhase section */
		970C49321F6A842700AAB728 /* Sources */ = {
			isa = PBXSourcesBuildPhase;
			buildActionMask = 2147483647;
			files = (
				9797BCF0200635CB00E68E2E /* ABTimerWeakReference.m in Sources */,
				9797BD03200635CB00E68E2E /* ABArrayModelChangeRemove.m in Sources */,
				9797BC432006353400E68E2E /* ABFBContext.m in Sources */,
				9797BCEF200635CB00E68E2E /* NSTimer+ABWeakReferenceTimer.m in Sources */,
				9797BCEE200635CB00E68E2E /* NSString+ABExtensions.m in Sources */,
				9797BC462006353400E68E2E /* ABFBGetUserContext.m in Sources */,
				9797BC442006353400E68E2E /* ABFBGetContext.m in Sources */,
				9797BD05200635CB00E68E2E /* ABImageModel.m in Sources */,
				9797BC422006353400E68E2E /* ABContext.m in Sources */,
				9797BCFD200635CB00E68E2E /* ABTableViewCell.m in Sources */,
				9797BCF7200635CB00E68E2E /* ABStringsAlphabet.m in Sources */,
				9797BCF1200635CB00E68E2E /* UINib+ABExtension.m in Sources */,
				9797BCF8200635CB00E68E2E /* ABFBParser.m in Sources */,
				9797BCFA200635CB00E68E2E /* ABImageModelCache.m in Sources */,
				9797BCF3200635CB00E68E2E /* UIWindow+ABExtension.m in Sources */,
				9797BD04200635CB00E68E2E /* ABFileSystemImageModel.m in Sources */,
				9797BCF9200635CB00E68E2E /* ABGCDExtension.m in Sources */,
				9797BC7C2006353400E68E2E /* ABUserDetailViewController.m in Sources */,
				9797BD01200635CB00E68E2E /* ABArrayModelChangeAdd.m in Sources */,
				9797BCF6200635CB00E68E2E /* ABRangeAlphabet.m in Sources */,
				9797BC762006353400E68E2E /* ABUserCell.m in Sources */,
				9797BC7B2006353400E68E2E /* ABUserDetailView.m in Sources */,
				9797BD09200635CB00E68E2E /* ABLoadingView.m in Sources */,
				9797BC3F2006353400E68E2E /* main.m in Sources */,
				9797BCF2200635CB00E68E2E /* UITableView+ABExtension.m in Sources */,
				9797BCEA200635CB00E68E2E /* NSBundle+ABExtension.m in Sources */,
				9797BCEB200635CB00E68E2E /* NSFileManager+ABExtension.m in Sources */,
				9797BC3D2006353400E68E2E /* ABAppDelegate.m in Sources */,
				9797BD07200635CB00E68E2E /* ABModel.m in Sources */,
				9797BCFE200635CB00E68E2E /* ABMacro.m in Sources */,
				9797BC6E2006353400E68E2E /* ABUser.m in Sources */,
				9797BC6C2006353400E68E2E /* ABFBCurrentUser.m in Sources */,
				9797BD08200635CB00E68E2E /* ABImageView.m in Sources */,
				9797BD00200635CB00E68E2E /* ABArrayModelChange.m in Sources */,
				9797BC6F2006353400E68E2E /* ABUsersModel.m in Sources */,
				9797BCEC200635CB00E68E2E /* NSMutableArray+ABExtension.m in Sources */,
				9797BC472006353400E68E2E /* ABFBLoginContext.m in Sources */,
				9797BCFF200635CB00E68E2E /* ABArrayModel.m in Sources */,
				9797BC732006353400E68E2E /* ABFriendsView.m in Sources */,
				9797BC482006353400E68E2E /* ABFBLogoutContext.m in Sources */,
				9797BC6D2006353400E68E2E /* ABFBUser.m in Sources */,
				9797BC722006353400E68E2E /* ABFBViewController.m in Sources */,
				9797BC792006353400E68E2E /* ABLoginViewController.m in Sources */,
				9797BD0B200635CB00E68E2E /* ABView.m in Sources */,
				9797BCE9200635CB00E68E2E /* NSArray+ABExtension.m in Sources */,
				9797BC742006353400E68E2E /* ABFriendsViewController.m in Sources */,
				9797BCF4200635CB00E68E2E /* ABAlphabet.m in Sources */,
				9797BCFB200635CB00E68E2E /* ABObservableObject.m in Sources */,
				9797BC452006353400E68E2E /* ABFBGetFriendsContext.m in Sources */,
				9797BCF5200635CB00E68E2E /* ABClasterAlphabet.m in Sources */,
				9797BCFC200635CB00E68E2E /* ABRandomNumber.m in Sources */,
				9797BD02200635CB00E68E2E /* ABArrayModelChangeMove.m in Sources */,
				9797BCED200635CB00E68E2E /* NSObject+ABObjectExtension.m in Sources */,
				9797BD06200635CB00E68E2E /* ABInternetImageModel.m in Sources */,
				9797BC782006353400E68E2E /* ABLoginView.m in Sources */,
			);
			runOnlyForDeploymentPostprocessing = 0;
		};
/* End PBXSourcesBuildPhase section */

/* Begin XCBuildConfiguration section */
		970C494B1F6A842700AAB728 /* Debug */ = {
			isa = XCBuildConfiguration;
			buildSettings = {
				ALWAYS_SEARCH_USER_PATHS = NO;
				CLANG_ANALYZER_NONNULL = YES;
				CLANG_ANALYZER_NUMBER_OBJECT_CONVERSION = YES_AGGRESSIVE;
				CLANG_CXX_LANGUAGE_STANDARD = "gnu++0x";
				CLANG_CXX_LIBRARY = "libc++";
				CLANG_ENABLE_MODULES = YES;
				CLANG_ENABLE_OBJC_ARC = YES;
				CLANG_WARN_BLOCK_CAPTURE_AUTORELEASING = YES;
				CLANG_WARN_BOOL_CONVERSION = YES;
				CLANG_WARN_COMMA = YES;
				CLANG_WARN_CONSTANT_CONVERSION = YES;
				CLANG_WARN_DIRECT_OBJC_ISA_USAGE = YES_ERROR;
				CLANG_WARN_DOCUMENTATION_COMMENTS = YES;
				CLANG_WARN_EMPTY_BODY = YES;
				CLANG_WARN_ENUM_CONVERSION = YES;
				CLANG_WARN_INFINITE_RECURSION = YES;
				CLANG_WARN_INT_CONVERSION = YES;
				CLANG_WARN_NON_LITERAL_NULL_CONVERSION = YES;
				CLANG_WARN_OBJC_LITERAL_CONVERSION = YES;
				CLANG_WARN_OBJC_ROOT_CLASS = YES_ERROR;
				CLANG_WARN_RANGE_LOOP_ANALYSIS = YES;
				CLANG_WARN_STRICT_PROTOTYPES = YES;
				CLANG_WARN_SUSPICIOUS_MOVE = YES;
				CLANG_WARN_UNREACHABLE_CODE = YES;
				CLANG_WARN__DUPLICATE_METHOD_MATCH = YES;
				"CODE_SIGN_IDENTITY[sdk=iphoneos*]" = "iPhone Developer";
				COPY_PHASE_STRIP = NO;
				DEBUG_INFORMATION_FORMAT = dwarf;
				ENABLE_STRICT_OBJC_MSGSEND = YES;
				ENABLE_TESTABILITY = YES;
				GCC_C_LANGUAGE_STANDARD = gnu99;
				GCC_DYNAMIC_NO_PIC = NO;
				GCC_NO_COMMON_BLOCKS = YES;
				GCC_OPTIMIZATION_LEVEL = 0;
				GCC_PREPROCESSOR_DEFINITIONS = (
					"DEBUG=1",
					"$(inherited)",
				);
				GCC_WARN_64_TO_32_BIT_CONVERSION = YES;
				GCC_WARN_ABOUT_RETURN_TYPE = YES_ERROR;
				GCC_WARN_UNDECLARED_SELECTOR = YES;
				GCC_WARN_UNINITIALIZED_AUTOS = YES_AGGRESSIVE;
				GCC_WARN_UNUSED_FUNCTION = YES;
				GCC_WARN_UNUSED_VARIABLE = YES;
				IPHONEOS_DEPLOYMENT_TARGET = 10.3;
				MTL_ENABLE_DEBUG_INFO = YES;
				ONLY_ACTIVE_ARCH = YES;
				SDKROOT = iphoneos;
			};
			name = Debug;
		};
		970C494C1F6A842700AAB728 /* Release */ = {
			isa = XCBuildConfiguration;
			buildSettings = {
				ALWAYS_SEARCH_USER_PATHS = NO;
				CLANG_ANALYZER_NONNULL = YES;
				CLANG_ANALYZER_NUMBER_OBJECT_CONVERSION = YES_AGGRESSIVE;
				CLANG_CXX_LANGUAGE_STANDARD = "gnu++0x";
				CLANG_CXX_LIBRARY = "libc++";
				CLANG_ENABLE_MODULES = YES;
				CLANG_ENABLE_OBJC_ARC = YES;
				CLANG_WARN_BLOCK_CAPTURE_AUTORELEASING = YES;
				CLANG_WARN_BOOL_CONVERSION = YES;
				CLANG_WARN_COMMA = YES;
				CLANG_WARN_CONSTANT_CONVERSION = YES;
				CLANG_WARN_DIRECT_OBJC_ISA_USAGE = YES_ERROR;
				CLANG_WARN_DOCUMENTATION_COMMENTS = YES;
				CLANG_WARN_EMPTY_BODY = YES;
				CLANG_WARN_ENUM_CONVERSION = YES;
				CLANG_WARN_INFINITE_RECURSION = YES;
				CLANG_WARN_INT_CONVERSION = YES;
				CLANG_WARN_NON_LITERAL_NULL_CONVERSION = YES;
				CLANG_WARN_OBJC_LITERAL_CONVERSION = YES;
				CLANG_WARN_OBJC_ROOT_CLASS = YES_ERROR;
				CLANG_WARN_RANGE_LOOP_ANALYSIS = YES;
				CLANG_WARN_STRICT_PROTOTYPES = YES;
				CLANG_WARN_SUSPICIOUS_MOVE = YES;
				CLANG_WARN_UNREACHABLE_CODE = YES;
				CLANG_WARN__DUPLICATE_METHOD_MATCH = YES;
				"CODE_SIGN_IDENTITY[sdk=iphoneos*]" = "iPhone Developer";
				COPY_PHASE_STRIP = NO;
				DEBUG_INFORMATION_FORMAT = "dwarf-with-dsym";
				ENABLE_NS_ASSERTIONS = NO;
				ENABLE_STRICT_OBJC_MSGSEND = YES;
				GCC_C_LANGUAGE_STANDARD = gnu99;
				GCC_NO_COMMON_BLOCKS = YES;
				GCC_WARN_64_TO_32_BIT_CONVERSION = YES;
				GCC_WARN_ABOUT_RETURN_TYPE = YES_ERROR;
				GCC_WARN_UNDECLARED_SELECTOR = YES;
				GCC_WARN_UNINITIALIZED_AUTOS = YES_AGGRESSIVE;
				GCC_WARN_UNUSED_FUNCTION = YES;
				GCC_WARN_UNUSED_VARIABLE = YES;
				IPHONEOS_DEPLOYMENT_TARGET = 10.3;
				MTL_ENABLE_DEBUG_INFO = NO;
				SDKROOT = iphoneos;
				VALIDATE_PRODUCT = YES;
			};
			name = Release;
		};
		970C494E1F6A842700AAB728 /* Debug */ = {
			isa = XCBuildConfiguration;
			baseConfigurationReference = CBE27B6C8B9F1CA6ED2CFFAA /* Pods-iOSProject.debug.xcconfig */;
			buildSettings = {
				ASSETCATALOG_COMPILER_APPICON_NAME = AppIcon;
				INFOPLIST_FILE = iOSProject/Info.plist;
				LD_RUNPATH_SEARCH_PATHS = "$(inherited) @executable_path/Frameworks";
				PRODUCT_BUNDLE_IDENTIFIER = AB.iOSProject;
				PRODUCT_NAME = "$(TARGET_NAME)";
			};
			name = Debug;
		};
		970C494F1F6A842700AAB728 /* Release */ = {
			isa = XCBuildConfiguration;
			baseConfigurationReference = 17FBFFA518F91D146CD323B6 /* Pods-iOSProject.release.xcconfig */;
			buildSettings = {
				ASSETCATALOG_COMPILER_APPICON_NAME = AppIcon;
				INFOPLIST_FILE = iOSProject/Info.plist;
				LD_RUNPATH_SEARCH_PATHS = "$(inherited) @executable_path/Frameworks";
				PRODUCT_BUNDLE_IDENTIFIER = AB.iOSProject;
				PRODUCT_NAME = "$(TARGET_NAME)";
			};
			name = Release;
		};
/* End XCBuildConfiguration section */

/* Begin XCConfigurationList section */
		970C49311F6A842700AAB728 /* Build configuration list for PBXProject "iOSProject" */ = {
			isa = XCConfigurationList;
			buildConfigurations = (
				970C494B1F6A842700AAB728 /* Debug */,
				970C494C1F6A842700AAB728 /* Release */,
			);
			defaultConfigurationIsVisible = 0;
			defaultConfigurationName = Release;
		};
		970C494D1F6A842700AAB728 /* Build configuration list for PBXNativeTarget "iOSProject" */ = {
			isa = XCConfigurationList;
			buildConfigurations = (
				970C494E1F6A842700AAB728 /* Debug */,
				970C494F1F6A842700AAB728 /* Release */,
			);
			defaultConfigurationIsVisible = 0;
			defaultConfigurationName = Release;
		};
/* End XCConfigurationList section */
	};
	rootObject = 970C492E1F6A842700AAB728 /* Project object */;
}
