// !$*UTF8*$!
{
	archiveVersion = 1;
	classes = {
	};
	objectVersion = 46;
	objects = {

/* Begin PBXBuildFile section */
		490A5DF11F1FE3EA00FD049F /* ABUser.m in Sources */ = {isa = PBXBuildFile; fileRef = 490A5DE91F1FE3EA00FD049F /* ABUser.m */; };
		490A5DFB1F1FE44600FD049F /* ABUserView.m in Sources */ = {isa = PBXBuildFile; fileRef = 490A5DF71F1FE44600FD049F /* ABUserView.m */; };
		490A5DFC1F1FE44600FD049F /* ABUserViewController.m in Sources */ = {isa = PBXBuildFile; fileRef = 490A5DF91F1FE44600FD049F /* ABUserViewController.m */; };
		490A5DFD1F1FE44600FD049F /* ABUserViewController.xib in Resources */ = {isa = PBXBuildFile; fileRef = 490A5DFA1F1FE44600FD049F /* ABUserViewController.xib */; };
		494DB09D1F0F7E6E003D34A9 /* ABAppDelegate.m in Sources */ = {isa = PBXBuildFile; fileRef = 494DB09C1F0F7E6E003D34A9 /* ABAppDelegate.m */; };
		494DB0A51F0F8019003D34A9 /* Main.storyboard in Resources */ = {isa = PBXBuildFile; fileRef = 494DB0A31F0F8019003D34A9 /* Main.storyboard */; };
		49E0A4E41F0D00CB00ACD9D1 /* Info.plist in Resources */ = {isa = PBXBuildFile; fileRef = 49E0A4E21F0D00CB00ACD9D1 /* Info.plist */; };
		49E0A4E51F0D00CB00ACD9D1 /* main.m in Sources */ = {isa = PBXBuildFile; fileRef = 49E0A4E31F0D00CB00ACD9D1 /* main.m */; };
		49E0A4F11F0D00D600ACD9D1 /* Assets.xcassets in Resources */ = {isa = PBXBuildFile; fileRef = 49E0A4E71F0D00D600ACD9D1 /* Assets.xcassets */; };
		49E0A4F21F0D00D600ACD9D1 /* LaunchScreen.storyboard in Resources */ = {isa = PBXBuildFile; fileRef = 49E0A4E81F0D00D600ACD9D1 /* LaunchScreen.storyboard */; };
		49E0A5031F0D047500ACD9D1 /* ABARCObject.m in Sources */ = {isa = PBXBuildFile; fileRef = 49E0A5021F0D047500ACD9D1 /* ABARCObject.m */; };
		49E0A5061F0D049400ACD9D1 /* ABARCSpec.m in Sources */ = {isa = PBXBuildFile; fileRef = 49E0A5051F0D049400ACD9D1 /* ABARCSpec.m */; };
		54EC5C0E9136472865E5ECAB /* libPods-iOSProjectTests.a in Frameworks */ = {isa = PBXBuildFile; fileRef = 615FE69DAC50A9B7400CE7EE /* libPods-iOSProjectTests.a */; };
/* End PBXBuildFile section */

/* Begin PBXContainerItemProxy section */
		49FB26291F0CFB0D00801FD7 /* PBXContainerItemProxy */ = {
			isa = PBXContainerItemProxy;
			containerPortal = 49FB26071F0CFB0D00801FD7 /* Project object */;
			proxyType = 1;
			remoteGlobalIDString = 49FB260E1F0CFB0D00801FD7;
			remoteInfo = iOSProject;
		};
		49FB26341F0CFB0D00801FD7 /* PBXContainerItemProxy */ = {
			isa = PBXContainerItemProxy;
			containerPortal = 49FB26071F0CFB0D00801FD7 /* Project object */;
			proxyType = 1;
			remoteGlobalIDString = 49FB260E1F0CFB0D00801FD7;
			remoteInfo = iOSProject;
		};
/* End PBXContainerItemProxy section */

/* Begin PBXFileReference section */
		2A87253A4A367DC6F1E3F4C2 /* Pods-iOSProjectTests.release.xcconfig */ = {isa = PBXFileReference; includeInIndex = 1; lastKnownFileType = text.xcconfig; name = "Pods-iOSProjectTests.release.xcconfig"; path = "Pods/Target Support Files/Pods-iOSProjectTests/Pods-iOSProjectTests.release.xcconfig"; sourceTree = "<group>"; };
		490A5DE81F1FE3EA00FD049F /* ABUser.h */ = {isa = PBXFileReference; fileEncoding = 4; lastKnownFileType = sourcecode.c.h; path = ABUser.h; sourceTree = "<group>"; };
		490A5DE91F1FE3EA00FD049F /* ABUser.m */ = {isa = PBXFileReference; fileEncoding = 4; lastKnownFileType = sourcecode.c.objc; path = ABUser.m; sourceTree = "<group>"; };
		490A5DF61F1FE44600FD049F /* ABUserView.h */ = {isa = PBXFileReference; fileEncoding = 4; lastKnownFileType = sourcecode.c.h; path = ABUserView.h; sourceTree = "<group>"; };
		490A5DF71F1FE44600FD049F /* ABUserView.m */ = {isa = PBXFileReference; fileEncoding = 4; lastKnownFileType = sourcecode.c.objc; path = ABUserView.m; sourceTree = "<group>"; };
		490A5DF81F1FE44600FD049F /* ABUserViewController.h */ = {isa = PBXFileReference; fileEncoding = 4; lastKnownFileType = sourcecode.c.h; path = ABUserViewController.h; sourceTree = "<group>"; };
		490A5DF91F1FE44600FD049F /* ABUserViewController.m */ = {isa = PBXFileReference; fileEncoding = 4; lastKnownFileType = sourcecode.c.objc; path = ABUserViewController.m; sourceTree = "<group>"; };
		490A5DFA1F1FE44600FD049F /* ABUserViewController.xib */ = {isa = PBXFileReference; fileEncoding = 4; lastKnownFileType = file.xib; path = ABUserViewController.xib; sourceTree = "<group>"; };
		494DB09B1F0F7E6E003D34A9 /* ABAppDelegate.h */ = {isa = PBXFileReference; fileEncoding = 4; lastKnownFileType = sourcecode.c.h; path = ABAppDelegate.h; sourceTree = "<group>"; };
		494DB09C1F0F7E6E003D34A9 /* ABAppDelegate.m */ = {isa = PBXFileReference; fileEncoding = 4; lastKnownFileType = sourcecode.c.objc; path = ABAppDelegate.m; sourceTree = "<group>"; };
		494DB0A41F0F8019003D34A9 /* Base */ = {isa = PBXFileReference; lastKnownFileType = file.storyboard; name = Base; path = Base.lproj/Main.storyboard; sourceTree = "<group>"; };
		49E0A4E21F0D00CB00ACD9D1 /* Info.plist */ = {isa = PBXFileReference; fileEncoding = 4; lastKnownFileType = text.plist.xml; path = Info.plist; sourceTree = "<group>"; };
		49E0A4E31F0D00CB00ACD9D1 /* main.m */ = {isa = PBXFileReference; fileEncoding = 4; lastKnownFileType = sourcecode.c.objc; path = main.m; sourceTree = "<group>"; };
		49E0A4E71F0D00D600ACD9D1 /* Assets.xcassets */ = {isa = PBXFileReference; lastKnownFileType = folder.assetcatalog; path = Assets.xcassets; sourceTree = "<group>"; };
		49E0A4E91F0D00D600ACD9D1 /* Base */ = {isa = PBXFileReference; lastKnownFileType = file.storyboard; name = Base; path = Base.lproj/LaunchScreen.storyboard; sourceTree = "<group>"; };
		49E0A5011F0D047500ACD9D1 /* ABARCObject.h */ = {isa = PBXFileReference; fileEncoding = 4; lastKnownFileType = sourcecode.c.h; path = ABARCObject.h; sourceTree = "<group>"; };
		49E0A5021F0D047500ACD9D1 /* ABARCObject.m */ = {isa = PBXFileReference; fileEncoding = 4; lastKnownFileType = sourcecode.c.objc; path = ABARCObject.m; sourceTree = "<group>"; };
		49E0A5051F0D049400ACD9D1 /* ABARCSpec.m */ = {isa = PBXFileReference; fileEncoding = 4; lastKnownFileType = sourcecode.c.objc; path = ABARCSpec.m; sourceTree = "<group>"; };
		49FB260F1F0CFB0D00801FD7 /* iOSProject.app */ = {isa = PBXFileReference; explicitFileType = wrapper.application; includeInIndex = 0; path = iOSProject.app; sourceTree = BUILT_PRODUCTS_DIR; };
		49FB26281F0CFB0D00801FD7 /* iOSProjectTests.xctest */ = {isa = PBXFileReference; explicitFileType = wrapper.cfbundle; includeInIndex = 0; path = iOSProjectTests.xctest; sourceTree = BUILT_PRODUCTS_DIR; };
		49FB262E1F0CFB0D00801FD7 /* Info.plist */ = {isa = PBXFileReference; lastKnownFileType = text.plist.xml; path = Info.plist; sourceTree = "<group>"; };
		49FB26331F0CFB0D00801FD7 /* iOSProjectUITests.xctest */ = {isa = PBXFileReference; explicitFileType = wrapper.cfbundle; includeInIndex = 0; path = iOSProjectUITests.xctest; sourceTree = BUILT_PRODUCTS_DIR; };
		49FB26391F0CFB0D00801FD7 /* Info.plist */ = {isa = PBXFileReference; lastKnownFileType = text.plist.xml; path = Info.plist; sourceTree = "<group>"; };
		615FE69DAC50A9B7400CE7EE /* libPods-iOSProjectTests.a */ = {isa = PBXFileReference; explicitFileType = archive.ar; includeInIndex = 0; path = "libPods-iOSProjectTests.a"; sourceTree = BUILT_PRODUCTS_DIR; };
		D375A5E9AFDC133C93F4CB4B /* Pods-iOSProjectTests.debug.xcconfig */ = {isa = PBXFileReference; includeInIndex = 1; lastKnownFileType = text.xcconfig; name = "Pods-iOSProjectTests.debug.xcconfig"; path = "Pods/Target Support Files/Pods-iOSProjectTests/Pods-iOSProjectTests.debug.xcconfig"; sourceTree = "<group>"; };
/* End PBXFileReference section */

/* Begin PBXFrameworksBuildPhase section */
		49FB260C1F0CFB0D00801FD7 /* Frameworks */ = {
			isa = PBXFrameworksBuildPhase;
			buildActionMask = 2147483647;
			files = (
			);
			runOnlyForDeploymentPostprocessing = 0;
		};
		49FB26251F0CFB0D00801FD7 /* Frameworks */ = {
			isa = PBXFrameworksBuildPhase;
			buildActionMask = 2147483647;
			files = (
				54EC5C0E9136472865E5ECAB /* libPods-iOSProjectTests.a in Frameworks */,
			);
			runOnlyForDeploymentPostprocessing = 0;
		};
		49FB26301F0CFB0D00801FD7 /* Frameworks */ = {
			isa = PBXFrameworksBuildPhase;
			buildActionMask = 2147483647;
			files = (
			);
			runOnlyForDeploymentPostprocessing = 0;
		};
/* End PBXFrameworksBuildPhase section */

/* Begin PBXGroup section */
		490A5DE51F1FE3EA00FD049F /* Source */ = {
			isa = PBXGroup;
			children = (
				490A5DE61F1FE3EA00FD049F /* Models */,
				490A5DEA1F1FE3EA00FD049F /* UI */,
			);
			path = Source;
			sourceTree = "<group>";
		};
		490A5DE61F1FE3EA00FD049F /* Models */ = {
			isa = PBXGroup;
			children = (
				490A5DE71F1FE3EA00FD049F /* ABUser */,
			);
			path = Models;
			sourceTree = "<group>";
		};
		490A5DE71F1FE3EA00FD049F /* ABUser */ = {
			isa = PBXGroup;
			children = (
				490A5DE81F1FE3EA00FD049F /* ABUser.h */,
				490A5DE91F1FE3EA00FD049F /* ABUser.m */,
			);
			path = ABUser;
			sourceTree = "<group>";
		};
		490A5DEA1F1FE3EA00FD049F /* UI */ = {
			isa = PBXGroup;
			children = (
				490A5DFE1F1FE46F00FD049F /* ABUsersViewController */,
				490A5DF51F1FE44600FD049F /* ABUserViewController */,
			);
			path = UI;
			sourceTree = "<group>";
		};
		490A5DF51F1FE44600FD049F /* ABUserViewController */ = {
			isa = PBXGroup;
			children = (
				490A5DF61F1FE44600FD049F /* ABUserView.h */,
				490A5DF71F1FE44600FD049F /* ABUserView.m */,
				490A5DF81F1FE44600FD049F /* ABUserViewController.h */,
				490A5DF91F1FE44600FD049F /* ABUserViewController.m */,
				490A5DFA1F1FE44600FD049F /* ABUserViewController.xib */,
			);
			path = ABUserViewController;
			sourceTree = "<group>";
		};
		490A5DFE1F1FE46F00FD049F /* ABUsersViewController */ = {
			isa = PBXGroup;
			children = (
			);
			path = ABUsersViewController;
			sourceTree = "<group>";
		};
		49E0A4E11F0D00CB00ACD9D1 /* iOSProject */ = {
			isa = PBXGroup;
			children = (
				494DB09B1F0F7E6E003D34A9 /* ABAppDelegate.h */,
				494DB09C1F0F7E6E003D34A9 /* ABAppDelegate.m */,
				49E0A4E21F0D00CB00ACD9D1 /* Info.plist */,
				49E0A4E31F0D00CB00ACD9D1 /* main.m */,
			);
			path = iOSProject;
			sourceTree = "<group>";
		};
		49E0A4E61F0D00D600ACD9D1 /* Resource */ = {
			isa = PBXGroup;
			children = (
				49E0A4E71F0D00D600ACD9D1 /* Assets.xcassets */,
				494DB0A31F0F8019003D34A9 /* Main.storyboard */,
				49E0A4E81F0D00D600ACD9D1 /* LaunchScreen.storyboard */,
			);
			path = Resource;
			sourceTree = "<group>";
		};
		49E0A4F91F0D026000ACD9D1 /* Specs */ = {
			isa = PBXGroup;
			children = (
				49E0A5041F0D049400ACD9D1 /* ABARCSpec */,
			);
			path = Specs;
			sourceTree = "<group>";
		};
		49E0A4FD1F0D037800ACD9D1 /* Test Objects */ = {
			isa = PBXGroup;
			children = (
				49E0A5011F0D047500ACD9D1 /* ABARCObject.h */,
				49E0A5021F0D047500ACD9D1 /* ABARCObject.m */,
			);
			path = "Test Objects";
			sourceTree = "<group>";
		};
		49E0A5041F0D049400ACD9D1 /* ABARCSpec */ = {
			isa = PBXGroup;
			children = (
				49E0A5051F0D049400ACD9D1 /* ABARCSpec.m */,
			);
			path = ABARCSpec;
			sourceTree = "<group>";
		};
		49FB26061F0CFB0D00801FD7 = {
			isa = PBXGroup;
			children = (
				490A5DE51F1FE3EA00FD049F /* Source */,
				49E0A4E11F0D00CB00ACD9D1 /* iOSProject */,
				49E0A4E61F0D00D600ACD9D1 /* Resource */,
				7E7EA6F84734EB9BF3ED9ABB /* Frameworks */,
				49FB262B1F0CFB0D00801FD7 /* iOSProjectTests */,
				49FB26361F0CFB0D00801FD7 /* iOSProjectUITests */,
				A37FCB006A85B592D804657F /* Pods */,
				49FB26101F0CFB0D00801FD7 /* Products */,
			);
			sourceTree = "<group>";
		};
		49FB26101F0CFB0D00801FD7 /* Products */ = {
			isa = PBXGroup;
			children = (
				49FB260F1F0CFB0D00801FD7 /* iOSProject.app */,
				49FB26281F0CFB0D00801FD7 /* iOSProjectTests.xctest */,
				49FB26331F0CFB0D00801FD7 /* iOSProjectUITests.xctest */,
			);
			name = Products;
			sourceTree = "<group>";
		};
		49FB262B1F0CFB0D00801FD7 /* iOSProjectTests */ = {
			isa = PBXGroup;
			children = (
				49E0A4FD1F0D037800ACD9D1 /* Test Objects */,
				49E0A4F91F0D026000ACD9D1 /* Specs */,
				49FB262E1F0CFB0D00801FD7 /* Info.plist */,
			);
			path = iOSProjectTests;
			sourceTree = "<group>";
		};
		49FB26361F0CFB0D00801FD7 /* iOSProjectUITests */ = {
			isa = PBXGroup;
			children = (
				49FB26391F0CFB0D00801FD7 /* Info.plist */,
			);
			path = iOSProjectUITests;
			sourceTree = "<group>";
		};
		7E7EA6F84734EB9BF3ED9ABB /* Frameworks */ = {
			isa = PBXGroup;
			children = (
				615FE69DAC50A9B7400CE7EE /* libPods-iOSProjectTests.a */,
			);
			name = Frameworks;
			sourceTree = "<group>";
		};
		A37FCB006A85B592D804657F /* Pods */ = {
			isa = PBXGroup;
			children = (
				D375A5E9AFDC133C93F4CB4B /* Pods-iOSProjectTests.debug.xcconfig */,
				2A87253A4A367DC6F1E3F4C2 /* Pods-iOSProjectTests.release.xcconfig */,
			);
			name = Pods;
			sourceTree = "<group>";
		};
/* End PBXGroup section */

/* Begin PBXNativeTarget section */
		49FB260E1F0CFB0D00801FD7 /* iOSProject */ = {
			isa = PBXNativeTarget;
			buildConfigurationList = 49FB263C1F0CFB0D00801FD7 /* Build configuration list for PBXNativeTarget "iOSProject" */;
			buildPhases = (
				49FB260B1F0CFB0D00801FD7 /* Sources */,
				49FB260C1F0CFB0D00801FD7 /* Frameworks */,
				49FB260D1F0CFB0D00801FD7 /* Resources */,
			);
			buildRules = (
			);
			dependencies = (
			);
			name = iOSProject;
			productName = iOSProject;
			productReference = 49FB260F1F0CFB0D00801FD7 /* iOSProject.app */;
			productType = "com.apple.product-type.application";
		};
		49FB26271F0CFB0D00801FD7 /* iOSProjectTests */ = {
			isa = PBXNativeTarget;
			buildConfigurationList = 49FB263F1F0CFB0D00801FD7 /* Build configuration list for PBXNativeTarget "iOSProjectTests" */;
			buildPhases = (
				92160006ABE61D3B186F7AD3 /* [CP] Check Pods Manifest.lock */,
				49FB26241F0CFB0D00801FD7 /* Sources */,
				49FB26251F0CFB0D00801FD7 /* Frameworks */,
				49FB26261F0CFB0D00801FD7 /* Resources */,
				DB6D4563D792C195DDFDE428 /* [CP] Embed Pods Frameworks */,
				A48D4CC2705B59126BD49E88 /* [CP] Copy Pods Resources */,
			);
			buildRules = (
			);
			dependencies = (
				49FB262A1F0CFB0D00801FD7 /* PBXTargetDependency */,
			);
			name = iOSProjectTests;
			productName = iOSProjectTests;
			productReference = 49FB26281F0CFB0D00801FD7 /* iOSProjectTests.xctest */;
			productType = "com.apple.product-type.bundle.unit-test";
		};
		49FB26321F0CFB0D00801FD7 /* iOSProjectUITests */ = {
			isa = PBXNativeTarget;
			buildConfigurationList = 49FB26421F0CFB0D00801FD7 /* Build configuration list for PBXNativeTarget "iOSProjectUITests" */;
			buildPhases = (
				49FB262F1F0CFB0D00801FD7 /* Sources */,
				49FB26301F0CFB0D00801FD7 /* Frameworks */,
				49FB26311F0CFB0D00801FD7 /* Resources */,
			);
			buildRules = (
			);
			dependencies = (
				49FB26351F0CFB0D00801FD7 /* PBXTargetDependency */,
			);
			name = iOSProjectUITests;
			productName = iOSProjectUITests;
			productReference = 49FB26331F0CFB0D00801FD7 /* iOSProjectUITests.xctest */;
			productType = "com.apple.product-type.bundle.ui-testing";
		};
/* End PBXNativeTarget section */

/* Begin PBXProject section */
		49FB26071F0CFB0D00801FD7 /* Project object */ = {
			isa = PBXProject;
			attributes = {
				CLASSPREFIX = AB;
				LastUpgradeCheck = 0830;
				ORGANIZATIONNAME = "Andrew Boychuk";
				TargetAttributes = {
					49FB260E1F0CFB0D00801FD7 = {
						CreatedOnToolsVersion = 8.3.3;
						ProvisioningStyle = Automatic;
					};
					49FB26271F0CFB0D00801FD7 = {
						CreatedOnToolsVersion = 8.3.3;
						ProvisioningStyle = Automatic;
						TestTargetID = 49FB260E1F0CFB0D00801FD7;
					};
					49FB26321F0CFB0D00801FD7 = {
						CreatedOnToolsVersion = 8.3.3;
						ProvisioningStyle = Automatic;
						TestTargetID = 49FB260E1F0CFB0D00801FD7;
					};
				};
			};
			buildConfigurationList = 49FB260A1F0CFB0D00801FD7 /* Build configuration list for PBXProject "iOSProject" */;
			compatibilityVersion = "Xcode 3.2";
			developmentRegion = English;
			hasScannedForEncodings = 0;
			knownRegions = (
				en,
				Base,
			);
			mainGroup = 49FB26061F0CFB0D00801FD7;
			productRefGroup = 49FB26101F0CFB0D00801FD7 /* Products */;
			projectDirPath = "";
			projectRoot = "";
			targets = (
				49FB260E1F0CFB0D00801FD7 /* iOSProject */,
				49FB26271F0CFB0D00801FD7 /* iOSProjectTests */,
				49FB26321F0CFB0D00801FD7 /* iOSProjectUITests */,
			);
		};
/* End PBXProject section */

/* Begin PBXResourcesBuildPhase section */
		49FB260D1F0CFB0D00801FD7 /* Resources */ = {
			isa = PBXResourcesBuildPhase;
			buildActionMask = 2147483647;
			files = (
				49E0A4F21F0D00D600ACD9D1 /* LaunchScreen.storyboard in Resources */,
				494DB0A51F0F8019003D34A9 /* Main.storyboard in Resources */,
				490A5DFD1F1FE44600FD049F /* ABUserViewController.xib in Resources */,
				49E0A4F11F0D00D600ACD9D1 /* Assets.xcassets in Resources */,
				49E0A4E41F0D00CB00ACD9D1 /* Info.plist in Resources */,
			);
			runOnlyForDeploymentPostprocessing = 0;
		};
		49FB26261F0CFB0D00801FD7 /* Resources */ = {
			isa = PBXResourcesBuildPhase;
			buildActionMask = 2147483647;
			files = (
			);
			runOnlyForDeploymentPostprocessing = 0;
		};
		49FB26311F0CFB0D00801FD7 /* Resources */ = {
			isa = PBXResourcesBuildPhase;
			buildActionMask = 2147483647;
			files = (
			);
			runOnlyForDeploymentPostprocessing = 0;
		};
/* End PBXResourcesBuildPhase section */

/* Begin PBXShellScriptBuildPhase section */
		92160006ABE61D3B186F7AD3 /* [CP] Check Pods Manifest.lock */ = {
			isa = PBXShellScriptBuildPhase;
			buildActionMask = 2147483647;
			files = (
			);
			inputPaths = (
			);
			name = "[CP] Check Pods Manifest.lock";
			outputPaths = (
			);
			runOnlyForDeploymentPostprocessing = 0;
			shellPath = /bin/sh;
			shellScript = "diff \"${PODS_PODFILE_DIR_PATH}/Podfile.lock\" \"${PODS_ROOT}/Manifest.lock\" > /dev/null\nif [ $? != 0 ] ; then\n    # print error to STDERR\n    echo \"error: The sandbox is not in sync with the Podfile.lock. Run 'pod install' or update your CocoaPods installation.\" >&2\n    exit 1\nfi\n";
			showEnvVarsInLog = 0;
		};
		A48D4CC2705B59126BD49E88 /* [CP] Copy Pods Resources */ = {
			isa = PBXShellScriptBuildPhase;
			buildActionMask = 2147483647;
			files = (
			);
			inputPaths = (
			);
			name = "[CP] Copy Pods Resources";
			outputPaths = (
			);
			runOnlyForDeploymentPostprocessing = 0;
			shellPath = /bin/sh;
			shellScript = "\"${SRCROOT}/Pods/Target Support Files/Pods-iOSProjectTests/Pods-iOSProjectTests-resources.sh\"\n";
			showEnvVarsInLog = 0;
		};
		DB6D4563D792C195DDFDE428 /* [CP] Embed Pods Frameworks */ = {
			isa = PBXShellScriptBuildPhase;
			buildActionMask = 2147483647;
			files = (
			);
			inputPaths = (
			);
			name = "[CP] Embed Pods Frameworks";
			outputPaths = (
			);
			runOnlyForDeploymentPostprocessing = 0;
			shellPath = /bin/sh;
			shellScript = "\"${SRCROOT}/Pods/Target Support Files/Pods-iOSProjectTests/Pods-iOSProjectTests-frameworks.sh\"\n";
			showEnvVarsInLog = 0;
		};
/* End PBXShellScriptBuildPhase section */

/* Begin PBXSourcesBuildPhase section */
		49FB260B1F0CFB0D00801FD7 /* Sources */ = {
			isa = PBXSourcesBuildPhase;
			buildActionMask = 2147483647;
			files = (
				49E0A4E51F0D00CB00ACD9D1 /* main.m in Sources */,
				490A5DF11F1FE3EA00FD049F /* ABUser.m in Sources */,
				490A5DFC1F1FE44600FD049F /* ABUserViewController.m in Sources */,
				490A5DFB1F1FE44600FD049F /* ABUserView.m in Sources */,
				494DB09D1F0F7E6E003D34A9 /* ABAppDelegate.m in Sources */,
			);
			runOnlyForDeploymentPostprocessing = 0;
		};
		49FB26241F0CFB0D00801FD7 /* Sources */ = {
			isa = PBXSourcesBuildPhase;
			buildActionMask = 2147483647;
			files = (
				49E0A5031F0D047500ACD9D1 /* ABARCObject.m in Sources */,
				49E0A5061F0D049400ACD9D1 /* ABARCSpec.m in Sources */,
			);
			runOnlyForDeploymentPostprocessing = 0;
		};
		49FB262F1F0CFB0D00801FD7 /* Sources */ = {
			isa = PBXSourcesBuildPhase;
			buildActionMask = 2147483647;
			files = (
			);
			runOnlyForDeploymentPostprocessing = 0;
		};
/* End PBXSourcesBuildPhase section */

/* Begin PBXTargetDependency section */
		49FB262A1F0CFB0D00801FD7 /* PBXTargetDependency */ = {
			isa = PBXTargetDependency;
			target = 49FB260E1F0CFB0D00801FD7 /* iOSProject */;
			targetProxy = 49FB26291F0CFB0D00801FD7 /* PBXContainerItemProxy */;
		};
		49FB26351F0CFB0D00801FD7 /* PBXTargetDependency */ = {
			isa = PBXTargetDependency;
			target = 49FB260E1F0CFB0D00801FD7 /* iOSProject */;
			targetProxy = 49FB26341F0CFB0D00801FD7 /* PBXContainerItemProxy */;
		};
/* End PBXTargetDependency section */

/* Begin PBXVariantGroup section */
		494DB0A31F0F8019003D34A9 /* Main.storyboard */ = {
			isa = PBXVariantGroup;
			children = (
				494DB0A41F0F8019003D34A9 /* Base */,
			);
			name = Main.storyboard;
			sourceTree = "<group>";
		};
		49E0A4E81F0D00D600ACD9D1 /* LaunchScreen.storyboard */ = {
			isa = PBXVariantGroup;
			children = (
				49E0A4E91F0D00D600ACD9D1 /* Base */,
			);
			name = LaunchScreen.storyboard;
			sourceTree = "<group>";
		};
/* End PBXVariantGroup section */

/* Begin XCBuildConfiguration section */
		49FB263A1F0CFB0D00801FD7 /* Debug */ = {
			isa = XCBuildConfiguration;
			buildSettings = {
				ALWAYS_SEARCH_USER_PATHS = NO;
				CLANG_ANALYZER_NONNULL = YES;
				CLANG_ANALYZER_NUMBER_OBJECT_CONVERSION = YES_AGGRESSIVE;
				CLANG_CXX_LANGUAGE_STANDARD = "gnu++0x";
				CLANG_CXX_LIBRARY = "libc++";
				CLANG_ENABLE_MODULES = YES;
				CLANG_ENABLE_OBJC_ARC = YES;
				CLANG_WARN_BOOL_CONVERSION = YES;
				CLANG_WARN_CONSTANT_CONVERSION = YES;
				CLANG_WARN_DIRECT_OBJC_ISA_USAGE = YES_ERROR;
				CLANG_WARN_DOCUMENTATION_COMMENTS = YES;
				CLANG_WARN_EMPTY_BODY = YES;
				CLANG_WARN_ENUM_CONVERSION = YES;
				CLANG_WARN_INFINITE_RECURSION = YES;
				CLANG_WARN_INT_CONVERSION = YES;
				CLANG_WARN_OBJC_ROOT_CLASS = YES_ERROR;
				CLANG_WARN_SUSPICIOUS_MOVE = YES;
				CLANG_WARN_UNREACHABLE_CODE = YES;
				CLANG_WARN__DUPLICATE_METHOD_MATCH = YES;
				"CODE_SIGN_IDENTITY[sdk=iphoneos*]" = "iPhone Developer";
				COPY_PHASE_STRIP = NO;
				DEBUG_INFORMATION_FORMAT = dwarf;
				ENABLE_STRICT_OBJC_MSGSEND = YES;
				ENABLE_TESTABILITY = YES;
				GCC_C_LANGUAGE_STANDARD = gnu99;
				GCC_DYNAMIC_NO_PIC = NO;
				GCC_NO_COMMON_BLOCKS = YES;
				GCC_OPTIMIZATION_LEVEL = 0;
				GCC_PREPROCESSOR_DEFINITIONS = (
					"DEBUG=1",
					"$(inherited)",
				);
				GCC_WARN_64_TO_32_BIT_CONVERSION = YES;
				GCC_WARN_ABOUT_RETURN_TYPE = YES_ERROR;
				GCC_WARN_UNDECLARED_SELECTOR = YES;
				GCC_WARN_UNINITIALIZED_AUTOS = YES_AGGRESSIVE;
				GCC_WARN_UNUSED_FUNCTION = YES;
				GCC_WARN_UNUSED_VARIABLE = YES;
				IPHONEOS_DEPLOYMENT_TARGET = 10.3;
				MTL_ENABLE_DEBUG_INFO = YES;
				ONLY_ACTIVE_ARCH = YES;
				SDKROOT = iphoneos;
			};
			name = Debug;
		};
		49FB263B1F0CFB0D00801FD7 /* Release */ = {
			isa = XCBuildConfiguration;
			buildSettings = {
				ALWAYS_SEARCH_USER_PATHS = NO;
				CLANG_ANALYZER_NONNULL = YES;
				CLANG_ANALYZER_NUMBER_OBJECT_CONVERSION = YES_AGGRESSIVE;
				CLANG_CXX_LANGUAGE_STANDARD = "gnu++0x";
				CLANG_CXX_LIBRARY = "libc++";
				CLANG_ENABLE_MODULES = YES;
				CLANG_ENABLE_OBJC_ARC = YES;
				CLANG_WARN_BOOL_CONVERSION = YES;
				CLANG_WARN_CONSTANT_CONVERSION = YES;
				CLANG_WARN_DIRECT_OBJC_ISA_USAGE = YES_ERROR;
				CLANG_WARN_DOCUMENTATION_COMMENTS = YES;
				CLANG_WARN_EMPTY_BODY = YES;
				CLANG_WARN_ENUM_CONVERSION = YES;
				CLANG_WARN_INFINITE_RECURSION = YES;
				CLANG_WARN_INT_CONVERSION = YES;
				CLANG_WARN_OBJC_ROOT_CLASS = YES_ERROR;
				CLANG_WARN_SUSPICIOUS_MOVE = YES;
				CLANG_WARN_UNREACHABLE_CODE = YES;
				CLANG_WARN__DUPLICATE_METHOD_MATCH = YES;
				"CODE_SIGN_IDENTITY[sdk=iphoneos*]" = "iPhone Developer";
				COPY_PHASE_STRIP = NO;
				DEBUG_INFORMATION_FORMAT = "dwarf-with-dsym";
				ENABLE_NS_ASSERTIONS = NO;
				ENABLE_STRICT_OBJC_MSGSEND = YES;
				GCC_C_LANGUAGE_STANDARD = gnu99;
				GCC_NO_COMMON_BLOCKS = YES;
				GCC_WARN_64_TO_32_BIT_CONVERSION = YES;
				GCC_WARN_ABOUT_RETURN_TYPE = YES_ERROR;
				GCC_WARN_UNDECLARED_SELECTOR = YES;
				GCC_WARN_UNINITIALIZED_AUTOS = YES_AGGRESSIVE;
				GCC_WARN_UNUSED_FUNCTION = YES;
				GCC_WARN_UNUSED_VARIABLE = YES;
				IPHONEOS_DEPLOYMENT_TARGET = 10.3;
				MTL_ENABLE_DEBUG_INFO = NO;
				SDKROOT = iphoneos;
				VALIDATE_PRODUCT = YES;
			};
			name = Release;
		};
		49FB263D1F0CFB0D00801FD7 /* Debug */ = {
			isa = XCBuildConfiguration;
			buildSettings = {
				ASSETCATALOG_COMPILER_APPICON_NAME = AppIcon;
				INFOPLIST_FILE = iOSProject/Info.plist;
				IPHONEOS_DEPLOYMENT_TARGET = 10.3;
				LD_RUNPATH_SEARCH_PATHS = "$(inherited) @executable_path/Frameworks";
				PRODUCT_BUNDLE_IDENTIFIER = AB.iOSProject;
				PRODUCT_NAME = "$(TARGET_NAME)";
				TARGETED_DEVICE_FAMILY = 1;
			};
			name = Debug;
		};
		49FB263E1F0CFB0D00801FD7 /* Release */ = {
			isa = XCBuildConfiguration;
			buildSettings = {
				ASSETCATALOG_COMPILER_APPICON_NAME = AppIcon;
				INFOPLIST_FILE = iOSProject/Info.plist;
				IPHONEOS_DEPLOYMENT_TARGET = 10.3;
				LD_RUNPATH_SEARCH_PATHS = "$(inherited) @executable_path/Frameworks";
				PRODUCT_BUNDLE_IDENTIFIER = AB.iOSProject;
				PRODUCT_NAME = "$(TARGET_NAME)";
				TARGETED_DEVICE_FAMILY = 1;
			};
			name = Release;
		};
		49FB26401F0CFB0D00801FD7 /* Debug */ = {
			isa = XCBuildConfiguration;
			baseConfigurationReference = D375A5E9AFDC133C93F4CB4B /* Pods-iOSProjectTests.debug.xcconfig */;
			buildSettings = {
				BUNDLE_LOADER = "$(TEST_HOST)";
				INFOPLIST_FILE = iOSProjectTests/Info.plist;
				LD_RUNPATH_SEARCH_PATHS = "$(inherited) @executable_path/Frameworks @loader_path/Frameworks";
				PRODUCT_BUNDLE_IDENTIFIER = AB.iOSProjectTests;
				PRODUCT_NAME = "$(TARGET_NAME)";
				TEST_HOST = "$(BUILT_PRODUCTS_DIR)/iOSProject.app/iOSProject";
			};
			name = Debug;
		};
		49FB26411F0CFB0D00801FD7 /* Release */ = {
			isa = XCBuildConfiguration;
			baseConfigurationReference = 2A87253A4A367DC6F1E3F4C2 /* Pods-iOSProjectTests.release.xcconfig */;
			buildSettings = {
				BUNDLE_LOADER = "$(TEST_HOST)";
				INFOPLIST_FILE = iOSProjectTests/Info.plist;
				LD_RUNPATH_SEARCH_PATHS = "$(inherited) @executable_path/Frameworks @loader_path/Frameworks";
				PRODUCT_BUNDLE_IDENTIFIER = AB.iOSProjectTests;
				PRODUCT_NAME = "$(TARGET_NAME)";
				TEST_HOST = "$(BUILT_PRODUCTS_DIR)/iOSProject.app/iOSProject";
			};
			name = Release;
		};
		49FB26431F0CFB0D00801FD7 /* Debug */ = {
			isa = XCBuildConfiguration;
			buildSettings = {
				INFOPLIST_FILE = iOSProjectUITests/Info.plist;
				LD_RUNPATH_SEARCH_PATHS = "$(inherited) @executable_path/Frameworks @loader_path/Frameworks";
				PRODUCT_BUNDLE_IDENTIFIER = AB.iOSProjectUITests;
				PRODUCT_NAME = "$(TARGET_NAME)";
				TEST_TARGET_NAME = iOSProject;
			};
			name = Debug;
		};
		49FB26441F0CFB0D00801FD7 /* Release */ = {
			isa = XCBuildConfiguration;
			buildSettings = {
				INFOPLIST_FILE = iOSProjectUITests/Info.plist;
				LD_RUNPATH_SEARCH_PATHS = "$(inherited) @executable_path/Frameworks @loader_path/Frameworks";
				PRODUCT_BUNDLE_IDENTIFIER = AB.iOSProjectUITests;
				PRODUCT_NAME = "$(TARGET_NAME)";
				TEST_TARGET_NAME = iOSProject;
			};
			name = Release;
		};
/* End XCBuildConfiguration section */

/* Begin XCConfigurationList section */
		49FB260A1F0CFB0D00801FD7 /* Build configuration list for PBXProject "iOSProject" */ = {
			isa = XCConfigurationList;
			buildConfigurations = (
				49FB263A1F0CFB0D00801FD7 /* Debug */,
				49FB263B1F0CFB0D00801FD7 /* Release */,
			);
			defaultConfigurationIsVisible = 0;
			defaultConfigurationName = Release;
		};
		49FB263C1F0CFB0D00801FD7 /* Build configuration list for PBXNativeTarget "iOSProject" */ = {
			isa = XCConfigurationList;
			buildConfigurations = (
				49FB263D1F0CFB0D00801FD7 /* Debug */,
				49FB263E1F0CFB0D00801FD7 /* Release */,
			);
			defaultConfigurationIsVisible = 0;
			defaultConfigurationName = Release;
		};
		49FB263F1F0CFB0D00801FD7 /* Build configuration list for PBXNativeTarget "iOSProjectTests" */ = {
			isa = XCConfigurationList;
			buildConfigurations = (
				49FB26401F0CFB0D00801FD7 /* Debug */,
				49FB26411F0CFB0D00801FD7 /* Release */,
			);
			defaultConfigurationIsVisible = 0;
			defaultConfigurationName = Release;
		};
		49FB26421F0CFB0D00801FD7 /* Build configuration list for PBXNativeTarget "iOSProjectUITests" */ = {
			isa = XCConfigurationList;
			buildConfigurations = (
				49FB26431F0CFB0D00801FD7 /* Debug */,
				49FB26441F0CFB0D00801FD7 /* Release */,
			);
			defaultConfigurationIsVisible = 0;
			defaultConfigurationName = Release;
		};
/* End XCConfigurationList section */
	};
	rootObject = 49FB26071F0CFB0D00801FD7 /* Project object */;
}
