// !$*UTF8*$!
{
	archiveVersion = 1;
	classes = {
	};
	objectVersion = 46;
	objects = {

/* Begin PBXBuildFile section */
		1F0C4C619E955DC81FD5A94D /* libPods-iOSProject.a in Frameworks */ = {isa = PBXBuildFile; fileRef = E470E32AE2A3C09EA831FECF /* libPods-iOSProject.a */; };
		970C49DA1F6A847700AAB728 /* ABAppDelegate.m in Sources */ = {isa = PBXBuildFile; fileRef = 970C49521F6A847700AAB728 /* ABAppDelegate.m */; };
		970C49DC1F6A847700AAB728 /* main.m in Sources */ = {isa = PBXBuildFile; fileRef = 970C49541F6A847700AAB728 /* main.m */; };
		970C49F31F6A847700AAB728 /* Assets.xcassets in Resources */ = {isa = PBXBuildFile; fileRef = 970C49991F6A847700AAB728 /* Assets.xcassets */; };
		970C49F41F6A847700AAB728 /* LaunchScreen.storyboard in Resources */ = {isa = PBXBuildFile; fileRef = 970C499A1F6A847700AAB728 /* LaunchScreen.storyboard */; };
		970C49F51F6A847700AAB728 /* Main.storyboard in Resources */ = {isa = PBXBuildFile; fileRef = 970C499C1F6A847700AAB728 /* Main.storyboard */; };
		970C49F61F6A847700AAB728 /* image.png in Resources */ = {isa = PBXBuildFile; fileRef = 970C499F1F6A847700AAB728 /* image.png */; };
		971FFB631F75243F00884C7C /* NSArray+ABExtension.m in Sources */ = {isa = PBXBuildFile; fileRef = 971FFB031F75243F00884C7C /* NSArray+ABExtension.m */; };
		971FFB641F75243F00884C7C /* NSBundle+ABExtension.m in Sources */ = {isa = PBXBuildFile; fileRef = 971FFB061F75243F00884C7C /* NSBundle+ABExtension.m */; };
		971FFB651F75243F00884C7C /* NSMutableArray+ABExtension.m in Sources */ = {isa = PBXBuildFile; fileRef = 971FFB091F75243F00884C7C /* NSMutableArray+ABExtension.m */; };
		971FFB661F75243F00884C7C /* NSObject+ABObjectExtension.m in Sources */ = {isa = PBXBuildFile; fileRef = 971FFB0C1F75243F00884C7C /* NSObject+ABObjectExtension.m */; };
		971FFB671F75243F00884C7C /* NSString+ABExtensions.m in Sources */ = {isa = PBXBuildFile; fileRef = 971FFB0F1F75243F00884C7C /* NSString+ABExtensions.m */; };
		971FFB681F75243F00884C7C /* NSTimer+ABWeakReferenceTimer.m in Sources */ = {isa = PBXBuildFile; fileRef = 971FFB121F75243F00884C7C /* NSTimer+ABWeakReferenceTimer.m */; };
		971FFB691F75243F00884C7C /* ABTimerWeakReference.m in Sources */ = {isa = PBXBuildFile; fileRef = 971FFB151F75243F00884C7C /* ABTimerWeakReference.m */; };
		971FFB6A1F75243F00884C7C /* UINib+ABExtension.m in Sources */ = {isa = PBXBuildFile; fileRef = 971FFB181F75243F00884C7C /* UINib+ABExtension.m */; };
		971FFB6B1F75243F00884C7C /* UITableView+ABExtension.m in Sources */ = {isa = PBXBuildFile; fileRef = 971FFB1B1F75243F00884C7C /* UITableView+ABExtension.m */; };
		971FFB6C1F75243F00884C7C /* UIWindow+ABExtension.m in Sources */ = {isa = PBXBuildFile; fileRef = 971FFB1E1F75243F00884C7C /* UIWindow+ABExtension.m */; };
		971FFB6D1F75243F00884C7C /* ABAlphabet.m in Sources */ = {isa = PBXBuildFile; fileRef = 971FFB221F75243F00884C7C /* ABAlphabet.m */; };
		971FFB6E1F75243F00884C7C /* ABClasterAlphabet.m in Sources */ = {isa = PBXBuildFile; fileRef = 971FFB251F75243F00884C7C /* ABClasterAlphabet.m */; };
		971FFB6F1F75243F00884C7C /* ABRangeAlphabet.m in Sources */ = {isa = PBXBuildFile; fileRef = 971FFB271F75243F00884C7C /* ABRangeAlphabet.m */; };
		971FFB701F75243F00884C7C /* ABStringsAlphabet.m in Sources */ = {isa = PBXBuildFile; fileRef = 971FFB291F75243F00884C7C /* ABStringsAlphabet.m */; };
		971FFB711F75243F00884C7C /* ABGCDExtension.m in Sources */ = {isa = PBXBuildFile; fileRef = 971FFB2C1F75243F00884C7C /* ABGCDExtension.m */; };
		971FFB721F75243F00884C7C /* ABImageModelCache.m in Sources */ = {isa = PBXBuildFile; fileRef = 971FFB2F1F75243F00884C7C /* ABImageModelCache.m */; };
		971FFB731F75243F00884C7C /* ABObservableObject.m in Sources */ = {isa = PBXBuildFile; fileRef = 971FFB321F75243F00884C7C /* ABObservableObject.m */; };
		971FFB741F75243F00884C7C /* ABRandomNumber.m in Sources */ = {isa = PBXBuildFile; fileRef = 971FFB351F75243F00884C7C /* ABRandomNumber.m */; };
		971FFB751F75243F00884C7C /* ABTableViewCell.m in Sources */ = {isa = PBXBuildFile; fileRef = 971FFB381F75243F00884C7C /* ABTableViewCell.m */; };
		971FFB761F75243F00884C7C /* ABMacro.m in Sources */ = {isa = PBXBuildFile; fileRef = 971FFB3D1F75243F00884C7C /* ABMacro.m */; };
		971FFB771F75243F00884C7C /* ABArrayModel.m in Sources */ = {isa = PBXBuildFile; fileRef = 971FFB411F75243F00884C7C /* ABArrayModel.m */; };
		971FFB781F75243F00884C7C /* ABArrayModelChange.m in Sources */ = {isa = PBXBuildFile; fileRef = 971FFB441F75243F00884C7C /* ABArrayModelChange.m */; };
		971FFB791F75243F00884C7C /* ABArrayModelChangeAdd.m in Sources */ = {isa = PBXBuildFile; fileRef = 971FFB471F75243F00884C7C /* ABArrayModelChangeAdd.m */; };
		971FFB7A1F75243F00884C7C /* ABArrayModelChangeMove.m in Sources */ = {isa = PBXBuildFile; fileRef = 971FFB491F75243F00884C7C /* ABArrayModelChangeMove.m */; };
		971FFB7B1F75243F00884C7C /* ABArrayModelChangeRemove.m in Sources */ = {isa = PBXBuildFile; fileRef = 971FFB4B1F75243F00884C7C /* ABArrayModelChangeRemove.m */; };
		971FFB7C1F75243F00884C7C /* ABFileSystemImageModel.m in Sources */ = {isa = PBXBuildFile; fileRef = 971FFB4F1F75243F00884C7C /* ABFileSystemImageModel.m */; };
		971FFB7D1F75243F00884C7C /* ABImageModel.m in Sources */ = {isa = PBXBuildFile; fileRef = 971FFB511F75243F00884C7C /* ABImageModel.m */; };
		971FFB7E1F75243F00884C7C /* ABInternetImageModel.m in Sources */ = {isa = PBXBuildFile; fileRef = 971FFB541F75243F00884C7C /* ABInternetImageModel.m */; };
		971FFB7F1F75243F00884C7C /* ABModel.m in Sources */ = {isa = PBXBuildFile; fileRef = 971FFB571F75243F00884C7C /* ABModel.m */; };
		971FFB801F75243F00884C7C /* ABImageView.m in Sources */ = {isa = PBXBuildFile; fileRef = 971FFB5B1F75243F00884C7C /* ABImageView.m */; };
		971FFB811F75243F00884C7C /* ABLoadingView.m in Sources */ = {isa = PBXBuildFile; fileRef = 971FFB5E1F75243F00884C7C /* ABLoadingView.m */; };
		971FFB821F75243F00884C7C /* ABLoadingView.xib in Resources */ = {isa = PBXBuildFile; fileRef = 971FFB5F1F75243F00884C7C /* ABLoadingView.xib */; };
		971FFB831F75243F00884C7C /* ABView.m in Sources */ = {isa = PBXBuildFile; fileRef = 971FFB621F75243F00884C7C /* ABView.m */; };
		971FFBA61F7524BA00884C7C /* ABContext.m in Sources */ = {isa = PBXBuildFile; fileRef = 971FFB8A1F7524BA00884C7C /* ABContext.m */; };
		971FFBA71F7524BA00884C7C /* ABLoginContext.m in Sources */ = {isa = PBXBuildFile; fileRef = 971FFB8E1F7524BA00884C7C /* ABLoginContext.m */; };
		971FFBA81F7524BA00884C7C /* ABUser.m in Sources */ = {isa = PBXBuildFile; fileRef = 971FFB921F7524BA00884C7C /* ABUser.m */; };
		971FFBA91F7524BA00884C7C /* ABUsersModel.m in Sources */ = {isa = PBXBuildFile; fileRef = 971FFB951F7524BA00884C7C /* ABUsersModel.m */; };
		971FFBAA1F7524BA00884C7C /* ABUserCell.m in Sources */ = {isa = PBXBuildFile; fileRef = 971FFB9A1F7524BA00884C7C /* ABUserCell.m */; };
		971FFBAB1F7524BA00884C7C /* ABUserCell.xib in Resources */ = {isa = PBXBuildFile; fileRef = 971FFB9B1F7524BA00884C7C /* ABUserCell.xib */; };
		971FFBAC1F7524BA00884C7C /* ABUsersView.m in Sources */ = {isa = PBXBuildFile; fileRef = 971FFB9E1F7524BA00884C7C /* ABUsersView.m */; };
		971FFBAD1F7524BA00884C7C /* ABUsersViewController.m in Sources */ = {isa = PBXBuildFile; fileRef = 971FFBA01F7524BA00884C7C /* ABUsersViewController.m */; };
		971FFBAE1F7524BA00884C7C /* ABUsersViewController.xib in Resources */ = {isa = PBXBuildFile; fileRef = 971FFBA11F7524BA00884C7C /* ABUsersViewController.xib */; };
/* End PBXBuildFile section */

/* Begin PBXFileReference section */
		17FBFFA518F91D146CD323B6 /* Pods-iOSProject.release.xcconfig */ = {isa = PBXFileReference; includeInIndex = 1; lastKnownFileType = text.xcconfig; name = "Pods-iOSProject.release.xcconfig"; path = "Pods/Target Support Files/Pods-iOSProject/Pods-iOSProject.release.xcconfig"; sourceTree = "<group>"; };
		970C49361F6A842700AAB728 /* iOSProject.app */ = {isa = PBXFileReference; explicitFileType = wrapper.application; includeInIndex = 0; path = iOSProject.app; sourceTree = BUILT_PRODUCTS_DIR; };
		970C49511F6A847700AAB728 /* ABAppDelegate.h */ = {isa = PBXFileReference; fileEncoding = 4; lastKnownFileType = sourcecode.c.h; path = ABAppDelegate.h; sourceTree = "<group>"; };
		970C49521F6A847700AAB728 /* ABAppDelegate.m */ = {isa = PBXFileReference; fileEncoding = 4; lastKnownFileType = sourcecode.c.objc; path = ABAppDelegate.m; sourceTree = "<group>"; };
		970C49531F6A847700AAB728 /* Info.plist */ = {isa = PBXFileReference; fileEncoding = 4; lastKnownFileType = text.plist.xml; path = Info.plist; sourceTree = "<group>"; };
		970C49541F6A847700AAB728 /* main.m */ = {isa = PBXFileReference; fileEncoding = 4; lastKnownFileType = sourcecode.c.objc; path = main.m; sourceTree = "<group>"; };
		970C49991F6A847700AAB728 /* Assets.xcassets */ = {isa = PBXFileReference; lastKnownFileType = folder.assetcatalog; path = Assets.xcassets; sourceTree = "<group>"; };
		970C499B1F6A847700AAB728 /* Base */ = {isa = PBXFileReference; lastKnownFileType = file.storyboard; name = Base; path = Base.lproj/LaunchScreen.storyboard; sourceTree = "<group>"; };
		970C499D1F6A847700AAB728 /* Base */ = {isa = PBXFileReference; lastKnownFileType = file.storyboard; name = Base; path = Base.lproj/Main.storyboard; sourceTree = "<group>"; };
		970C499F1F6A847700AAB728 /* image.png */ = {isa = PBXFileReference; lastKnownFileType = image.png; path = image.png; sourceTree = "<group>"; };
		971FFB021F75243F00884C7C /* NSArray+ABExtension.h */ = {isa = PBXFileReference; fileEncoding = 4; lastKnownFileType = sourcecode.c.h; path = "NSArray+ABExtension.h"; sourceTree = "<group>"; };
		971FFB031F75243F00884C7C /* NSArray+ABExtension.m */ = {isa = PBXFileReference; fileEncoding = 4; lastKnownFileType = sourcecode.c.objc; path = "NSArray+ABExtension.m"; sourceTree = "<group>"; };
		971FFB051F75243F00884C7C /* NSBundle+ABExtension.h */ = {isa = PBXFileReference; fileEncoding = 4; lastKnownFileType = sourcecode.c.h; path = "NSBundle+ABExtension.h"; sourceTree = "<group>"; };
		971FFB061F75243F00884C7C /* NSBundle+ABExtension.m */ = {isa = PBXFileReference; fileEncoding = 4; lastKnownFileType = sourcecode.c.objc; path = "NSBundle+ABExtension.m"; sourceTree = "<group>"; };
		971FFB081F75243F00884C7C /* NSMutableArray+ABExtension.h */ = {isa = PBXFileReference; fileEncoding = 4; lastKnownFileType = sourcecode.c.h; path = "NSMutableArray+ABExtension.h"; sourceTree = "<group>"; };
		971FFB091F75243F00884C7C /* NSMutableArray+ABExtension.m */ = {isa = PBXFileReference; fileEncoding = 4; lastKnownFileType = sourcecode.c.objc; path = "NSMutableArray+ABExtension.m"; sourceTree = "<group>"; };
		971FFB0B1F75243F00884C7C /* NSObject+ABObjectExtension.h */ = {isa = PBXFileReference; fileEncoding = 4; lastKnownFileType = sourcecode.c.h; path = "NSObject+ABObjectExtension.h"; sourceTree = "<group>"; };
		971FFB0C1F75243F00884C7C /* NSObject+ABObjectExtension.m */ = {isa = PBXFileReference; fileEncoding = 4; lastKnownFileType = sourcecode.c.objc; path = "NSObject+ABObjectExtension.m"; sourceTree = "<group>"; };
		971FFB0E1F75243F00884C7C /* NSString+ABExtensions.h */ = {isa = PBXFileReference; fileEncoding = 4; lastKnownFileType = sourcecode.c.h; path = "NSString+ABExtensions.h"; sourceTree = "<group>"; };
		971FFB0F1F75243F00884C7C /* NSString+ABExtensions.m */ = {isa = PBXFileReference; fileEncoding = 4; lastKnownFileType = sourcecode.c.objc; path = "NSString+ABExtensions.m"; sourceTree = "<group>"; };
		971FFB111F75243F00884C7C /* NSTimer+ABWeakReferenceTimer.h */ = {isa = PBXFileReference; fileEncoding = 4; lastKnownFileType = sourcecode.c.h; path = "NSTimer+ABWeakReferenceTimer.h"; sourceTree = "<group>"; };
		971FFB121F75243F00884C7C /* NSTimer+ABWeakReferenceTimer.m */ = {isa = PBXFileReference; fileEncoding = 4; lastKnownFileType = sourcecode.c.objc; path = "NSTimer+ABWeakReferenceTimer.m"; sourceTree = "<group>"; };
		971FFB141F75243F00884C7C /* ABTimerWeakReference.h */ = {isa = PBXFileReference; fileEncoding = 4; lastKnownFileType = sourcecode.c.h; path = ABTimerWeakReference.h; sourceTree = "<group>"; };
		971FFB151F75243F00884C7C /* ABTimerWeakReference.m */ = {isa = PBXFileReference; fileEncoding = 4; lastKnownFileType = sourcecode.c.objc; path = ABTimerWeakReference.m; sourceTree = "<group>"; };
		971FFB171F75243F00884C7C /* UINib+ABExtension.h */ = {isa = PBXFileReference; fileEncoding = 4; lastKnownFileType = sourcecode.c.h; path = "UINib+ABExtension.h"; sourceTree = "<group>"; };
		971FFB181F75243F00884C7C /* UINib+ABExtension.m */ = {isa = PBXFileReference; fileEncoding = 4; lastKnownFileType = sourcecode.c.objc; path = "UINib+ABExtension.m"; sourceTree = "<group>"; };
		971FFB1A1F75243F00884C7C /* UITableView+ABExtension.h */ = {isa = PBXFileReference; fileEncoding = 4; lastKnownFileType = sourcecode.c.h; path = "UITableView+ABExtension.h"; sourceTree = "<group>"; };
		971FFB1B1F75243F00884C7C /* UITableView+ABExtension.m */ = {isa = PBXFileReference; fileEncoding = 4; lastKnownFileType = sourcecode.c.objc; path = "UITableView+ABExtension.m"; sourceTree = "<group>"; };
		971FFB1D1F75243F00884C7C /* UIWindow+ABExtension.h */ = {isa = PBXFileReference; fileEncoding = 4; lastKnownFileType = sourcecode.c.h; path = "UIWindow+ABExtension.h"; sourceTree = "<group>"; };
		971FFB1E1F75243F00884C7C /* UIWindow+ABExtension.m */ = {isa = PBXFileReference; fileEncoding = 4; lastKnownFileType = sourcecode.c.objc; path = "UIWindow+ABExtension.m"; sourceTree = "<group>"; };
		971FFB211F75243F00884C7C /* ABAlphabet.h */ = {isa = PBXFileReference; fileEncoding = 4; lastKnownFileType = sourcecode.c.h; path = ABAlphabet.h; sourceTree = "<group>"; };
		971FFB221F75243F00884C7C /* ABAlphabet.m */ = {isa = PBXFileReference; fileEncoding = 4; lastKnownFileType = sourcecode.c.objc; path = ABAlphabet.m; sourceTree = "<group>"; };
		971FFB241F75243F00884C7C /* ABClasterAlphabet.h */ = {isa = PBXFileReference; fileEncoding = 4; lastKnownFileType = sourcecode.c.h; path = ABClasterAlphabet.h; sourceTree = "<group>"; };
		971FFB251F75243F00884C7C /* ABClasterAlphabet.m */ = {isa = PBXFileReference; fileEncoding = 4; lastKnownFileType = sourcecode.c.objc; path = ABClasterAlphabet.m; sourceTree = "<group>"; };
		971FFB261F75243F00884C7C /* ABRangeAlphabet.h */ = {isa = PBXFileReference; fileEncoding = 4; lastKnownFileType = sourcecode.c.h; path = ABRangeAlphabet.h; sourceTree = "<group>"; };
		971FFB271F75243F00884C7C /* ABRangeAlphabet.m */ = {isa = PBXFileReference; fileEncoding = 4; lastKnownFileType = sourcecode.c.objc; path = ABRangeAlphabet.m; sourceTree = "<group>"; };
		971FFB281F75243F00884C7C /* ABStringsAlphabet.h */ = {isa = PBXFileReference; fileEncoding = 4; lastKnownFileType = sourcecode.c.h; path = ABStringsAlphabet.h; sourceTree = "<group>"; };
		971FFB291F75243F00884C7C /* ABStringsAlphabet.m */ = {isa = PBXFileReference; fileEncoding = 4; lastKnownFileType = sourcecode.c.objc; path = ABStringsAlphabet.m; sourceTree = "<group>"; };
		971FFB2B1F75243F00884C7C /* ABGCDExtension.h */ = {isa = PBXFileReference; fileEncoding = 4; lastKnownFileType = sourcecode.c.h; path = ABGCDExtension.h; sourceTree = "<group>"; };
		971FFB2C1F75243F00884C7C /* ABGCDExtension.m */ = {isa = PBXFileReference; fileEncoding = 4; lastKnownFileType = sourcecode.c.objc; path = ABGCDExtension.m; sourceTree = "<group>"; };
		971FFB2E1F75243F00884C7C /* ABImageModelCache.h */ = {isa = PBXFileReference; fileEncoding = 4; lastKnownFileType = sourcecode.c.h; path = ABImageModelCache.h; sourceTree = "<group>"; };
		971FFB2F1F75243F00884C7C /* ABImageModelCache.m */ = {isa = PBXFileReference; fileEncoding = 4; lastKnownFileType = sourcecode.c.objc; path = ABImageModelCache.m; sourceTree = "<group>"; };
		971FFB311F75243F00884C7C /* ABObservableObject.h */ = {isa = PBXFileReference; fileEncoding = 4; lastKnownFileType = sourcecode.c.h; path = ABObservableObject.h; sourceTree = "<group>"; };
		971FFB321F75243F00884C7C /* ABObservableObject.m */ = {isa = PBXFileReference; fileEncoding = 4; lastKnownFileType = sourcecode.c.objc; path = ABObservableObject.m; sourceTree = "<group>"; };
		971FFB341F75243F00884C7C /* ABRandomNumber.h */ = {isa = PBXFileReference; fileEncoding = 4; lastKnownFileType = sourcecode.c.h; path = ABRandomNumber.h; sourceTree = "<group>"; };
		971FFB351F75243F00884C7C /* ABRandomNumber.m */ = {isa = PBXFileReference; fileEncoding = 4; lastKnownFileType = sourcecode.c.objc; path = ABRandomNumber.m; sourceTree = "<group>"; };
		971FFB371F75243F00884C7C /* ABTableViewCell.h */ = {isa = PBXFileReference; fileEncoding = 4; lastKnownFileType = sourcecode.c.h; path = ABTableViewCell.h; sourceTree = "<group>"; };
		971FFB381F75243F00884C7C /* ABTableViewCell.m */ = {isa = PBXFileReference; fileEncoding = 4; lastKnownFileType = sourcecode.c.objc; path = ABTableViewCell.m; sourceTree = "<group>"; };
		971FFB3C1F75243F00884C7C /* ABMacro.h */ = {isa = PBXFileReference; fileEncoding = 4; lastKnownFileType = sourcecode.c.h; path = ABMacro.h; sourceTree = "<group>"; };
		971FFB3D1F75243F00884C7C /* ABMacro.m */ = {isa = PBXFileReference; fileEncoding = 4; lastKnownFileType = sourcecode.c.objc; path = ABMacro.m; sourceTree = "<group>"; };
		971FFB401F75243F00884C7C /* ABArrayModel.h */ = {isa = PBXFileReference; fileEncoding = 4; lastKnownFileType = sourcecode.c.h; path = ABArrayModel.h; sourceTree = "<group>"; };
		971FFB411F75243F00884C7C /* ABArrayModel.m */ = {isa = PBXFileReference; fileEncoding = 4; lastKnownFileType = sourcecode.c.objc; path = ABArrayModel.m; sourceTree = "<group>"; };
		971FFB431F75243F00884C7C /* ABArrayModelChange.h */ = {isa = PBXFileReference; fileEncoding = 4; lastKnownFileType = sourcecode.c.h; path = ABArrayModelChange.h; sourceTree = "<group>"; };
		971FFB441F75243F00884C7C /* ABArrayModelChange.m */ = {isa = PBXFileReference; fileEncoding = 4; lastKnownFileType = sourcecode.c.objc; path = ABArrayModelChange.m; sourceTree = "<group>"; };
		971FFB461F75243F00884C7C /* ABArrayModelChangeAdd.h */ = {isa = PBXFileReference; fileEncoding = 4; lastKnownFileType = sourcecode.c.h; path = ABArrayModelChangeAdd.h; sourceTree = "<group>"; };
		971FFB471F75243F00884C7C /* ABArrayModelChangeAdd.m */ = {isa = PBXFileReference; fileEncoding = 4; lastKnownFileType = sourcecode.c.objc; path = ABArrayModelChangeAdd.m; sourceTree = "<group>"; };
		971FFB481F75243F00884C7C /* ABArrayModelChangeMove.h */ = {isa = PBXFileReference; fileEncoding = 4; lastKnownFileType = sourcecode.c.h; path = ABArrayModelChangeMove.h; sourceTree = "<group>"; };
		971FFB491F75243F00884C7C /* ABArrayModelChangeMove.m */ = {isa = PBXFileReference; fileEncoding = 4; lastKnownFileType = sourcecode.c.objc; path = ABArrayModelChangeMove.m; sourceTree = "<group>"; };
		971FFB4A1F75243F00884C7C /* ABArrayModelChangeRemove.h */ = {isa = PBXFileReference; fileEncoding = 4; lastKnownFileType = sourcecode.c.h; path = ABArrayModelChangeRemove.h; sourceTree = "<group>"; };
		971FFB4B1F75243F00884C7C /* ABArrayModelChangeRemove.m */ = {isa = PBXFileReference; fileEncoding = 4; lastKnownFileType = sourcecode.c.objc; path = ABArrayModelChangeRemove.m; sourceTree = "<group>"; };
		971FFB4E1F75243F00884C7C /* ABFileSystemImageModel.h */ = {isa = PBXFileReference; fileEncoding = 4; lastKnownFileType = sourcecode.c.h; path = ABFileSystemImageModel.h; sourceTree = "<group>"; };
		971FFB4F1F75243F00884C7C /* ABFileSystemImageModel.m */ = {isa = PBXFileReference; fileEncoding = 4; lastKnownFileType = sourcecode.c.objc; path = ABFileSystemImageModel.m; sourceTree = "<group>"; };
		971FFB501F75243F00884C7C /* ABImageModel.h */ = {isa = PBXFileReference; fileEncoding = 4; lastKnownFileType = sourcecode.c.h; path = ABImageModel.h; sourceTree = "<group>"; };
		971FFB511F75243F00884C7C /* ABImageModel.m */ = {isa = PBXFileReference; fileEncoding = 4; lastKnownFileType = sourcecode.c.objc; path = ABImageModel.m; sourceTree = "<group>"; };
		971FFB531F75243F00884C7C /* ABInternetImageModel.h */ = {isa = PBXFileReference; fileEncoding = 4; lastKnownFileType = sourcecode.c.h; path = ABInternetImageModel.h; sourceTree = "<group>"; };
		971FFB541F75243F00884C7C /* ABInternetImageModel.m */ = {isa = PBXFileReference; fileEncoding = 4; lastKnownFileType = sourcecode.c.objc; path = ABInternetImageModel.m; sourceTree = "<group>"; };
		971FFB561F75243F00884C7C /* ABModel.h */ = {isa = PBXFileReference; fileEncoding = 4; lastKnownFileType = sourcecode.c.h; path = ABModel.h; sourceTree = "<group>"; };
		971FFB571F75243F00884C7C /* ABModel.m */ = {isa = PBXFileReference; fileEncoding = 4; lastKnownFileType = sourcecode.c.objc; path = ABModel.m; sourceTree = "<group>"; };
		971FFB5A1F75243F00884C7C /* ABImageView.h */ = {isa = PBXFileReference; fileEncoding = 4; lastKnownFileType = sourcecode.c.h; path = ABImageView.h; sourceTree = "<group>"; };
		971FFB5B1F75243F00884C7C /* ABImageView.m */ = {isa = PBXFileReference; fileEncoding = 4; lastKnownFileType = sourcecode.c.objc; path = ABImageView.m; sourceTree = "<group>"; };
		971FFB5D1F75243F00884C7C /* ABLoadingView.h */ = {isa = PBXFileReference; fileEncoding = 4; lastKnownFileType = sourcecode.c.h; path = ABLoadingView.h; sourceTree = "<group>"; };
		971FFB5E1F75243F00884C7C /* ABLoadingView.m */ = {isa = PBXFileReference; fileEncoding = 4; lastKnownFileType = sourcecode.c.objc; path = ABLoadingView.m; sourceTree = "<group>"; };
		971FFB5F1F75243F00884C7C /* ABLoadingView.xib */ = {isa = PBXFileReference; fileEncoding = 4; lastKnownFileType = file.xib; path = ABLoadingView.xib; sourceTree = "<group>"; };
		971FFB611F75243F00884C7C /* ABView.h */ = {isa = PBXFileReference; fileEncoding = 4; lastKnownFileType = sourcecode.c.h; path = ABView.h; sourceTree = "<group>"; };
		971FFB621F75243F00884C7C /* ABView.m */ = {isa = PBXFileReference; fileEncoding = 4; lastKnownFileType = sourcecode.c.objc; path = ABView.m; sourceTree = "<group>"; };
		971FFB861F7524BA00884C7C /* ABConstants.h */ = {isa = PBXFileReference; fileEncoding = 4; lastKnownFileType = sourcecode.c.h; path = ABConstants.h; sourceTree = "<group>"; };
		971FFB891F7524BA00884C7C /* ABContext.h */ = {isa = PBXFileReference; fileEncoding = 4; lastKnownFileType = sourcecode.c.h; path = ABContext.h; sourceTree = "<group>"; };
		971FFB8A1F7524BA00884C7C /* ABContext.m */ = {isa = PBXFileReference; fileEncoding = 4; lastKnownFileType = sourcecode.c.objc; path = ABContext.m; sourceTree = "<group>"; };
		971FFB8D1F7524BA00884C7C /* ABLoginContext.h */ = {isa = PBXFileReference; fileEncoding = 4; lastKnownFileType = sourcecode.c.h; path = ABLoginContext.h; sourceTree = "<group>"; };
		971FFB8E1F7524BA00884C7C /* ABLoginContext.m */ = {isa = PBXFileReference; fileEncoding = 4; lastKnownFileType = sourcecode.c.objc; path = ABLoginContext.m; sourceTree = "<group>"; };
		971FFB911F7524BA00884C7C /* ABUser.h */ = {isa = PBXFileReference; fileEncoding = 4; lastKnownFileType = sourcecode.c.h; path = ABUser.h; sourceTree = "<group>"; };
		971FFB921F7524BA00884C7C /* ABUser.m */ = {isa = PBXFileReference; fileEncoding = 4; lastKnownFileType = sourcecode.c.objc; path = ABUser.m; sourceTree = "<group>"; };
		971FFB941F7524BA00884C7C /* ABUsersModel.h */ = {isa = PBXFileReference; fileEncoding = 4; lastKnownFileType = sourcecode.c.h; path = ABUsersModel.h; sourceTree = "<group>"; };
		971FFB951F7524BA00884C7C /* ABUsersModel.m */ = {isa = PBXFileReference; fileEncoding = 4; lastKnownFileType = sourcecode.c.objc; path = ABUsersModel.m; sourceTree = "<group>"; };
		971FFB991F7524BA00884C7C /* ABUserCell.h */ = {isa = PBXFileReference; fileEncoding = 4; lastKnownFileType = sourcecode.c.h; path = ABUserCell.h; sourceTree = "<group>"; };
		971FFB9A1F7524BA00884C7C /* ABUserCell.m */ = {isa = PBXFileReference; fileEncoding = 4; lastKnownFileType = sourcecode.c.objc; path = ABUserCell.m; sourceTree = "<group>"; };
		971FFB9B1F7524BA00884C7C /* ABUserCell.xib */ = {isa = PBXFileReference; fileEncoding = 4; lastKnownFileType = file.xib; path = ABUserCell.xib; sourceTree = "<group>"; };
		971FFB9D1F7524BA00884C7C /* ABUsersView.h */ = {isa = PBXFileReference; fileEncoding = 4; lastKnownFileType = sourcecode.c.h; path = ABUsersView.h; sourceTree = "<group>"; };
		971FFB9E1F7524BA00884C7C /* ABUsersView.m */ = {isa = PBXFileReference; fileEncoding = 4; lastKnownFileType = sourcecode.c.objc; path = ABUsersView.m; sourceTree = "<group>"; };
		971FFB9F1F7524BA00884C7C /* ABUsersViewController.h */ = {isa = PBXFileReference; fileEncoding = 4; lastKnownFileType = sourcecode.c.h; path = ABUsersViewController.h; sourceTree = "<group>"; };
		971FFBA01F7524BA00884C7C /* ABUsersViewController.m */ = {isa = PBXFileReference; fileEncoding = 4; lastKnownFileType = sourcecode.c.objc; path = ABUsersViewController.m; sourceTree = "<group>"; };
		971FFBA11F7524BA00884C7C /* ABUsersViewController.xib */ = {isa = PBXFileReference; fileEncoding = 4; lastKnownFileType = file.xib; path = ABUsersViewController.xib; sourceTree = "<group>"; };
		CBE27B6C8B9F1CA6ED2CFFAA /* Pods-iOSProject.debug.xcconfig */ = {isa = PBXFileReference; includeInIndex = 1; lastKnownFileType = text.xcconfig; name = "Pods-iOSProject.debug.xcconfig"; path = "Pods/Target Support Files/Pods-iOSProject/Pods-iOSProject.debug.xcconfig"; sourceTree = "<group>"; };
		E470E32AE2A3C09EA831FECF /* libPods-iOSProject.a */ = {isa = PBXFileReference; explicitFileType = archive.ar; includeInIndex = 0; path = "libPods-iOSProject.a"; sourceTree = BUILT_PRODUCTS_DIR; };
/* End PBXFileReference section */

/* Begin PBXFrameworksBuildPhase section */
		970C49331F6A842700AAB728 /* Frameworks */ = {
			isa = PBXFrameworksBuildPhase;
			buildActionMask = 2147483647;
			files = (
				1F0C4C619E955DC81FD5A94D /* libPods-iOSProject.a in Frameworks */,
			);
			runOnlyForDeploymentPostprocessing = 0;
		};
/* End PBXFrameworksBuildPhase section */

/* Begin PBXGroup section */
		970C492D1F6A842700AAB728 = {
			isa = PBXGroup;
			children = (
				970C49501F6A847700AAB728 /* iOSProject */,
				971FFAFF1F75243F00884C7C /* Libriary */,
				971FFB841F7524BA00884C7C /* Source */,
				970C49981F6A847700AAB728 /* Resource */,
				970C49371F6A842700AAB728 /* Products */,
				FDFBEDDD4034E8530E774ED9 /* Pods */,
				A54C3AD9DFBA3070B4BF1C7D /* Frameworks */,
			);
			sourceTree = "<group>";
		};
		970C49371F6A842700AAB728 /* Products */ = {
			isa = PBXGroup;
			children = (
				970C49361F6A842700AAB728 /* iOSProject.app */,
			);
			name = Products;
			sourceTree = "<group>";
		};
		970C49501F6A847700AAB728 /* iOSProject */ = {
			isa = PBXGroup;
			children = (
				970C49511F6A847700AAB728 /* ABAppDelegate.h */,
				970C49521F6A847700AAB728 /* ABAppDelegate.m */,
				970C49531F6A847700AAB728 /* Info.plist */,
				970C49541F6A847700AAB728 /* main.m */,
			);
			path = iOSProject;
			sourceTree = "<group>";
		};
		970C49981F6A847700AAB728 /* Resource */ = {
			isa = PBXGroup;
			children = (
				970C49991F6A847700AAB728 /* Assets.xcassets */,
				970C499A1F6A847700AAB728 /* LaunchScreen.storyboard */,
				970C499C1F6A847700AAB728 /* Main.storyboard */,
				970C499E1F6A847700AAB728 /* Images */,
			);
			path = Resource;
			sourceTree = "<group>";
		};
		970C499E1F6A847700AAB728 /* Images */ = {
			isa = PBXGroup;
			children = (
				970C499F1F6A847700AAB728 /* image.png */,
			);
			path = Images;
			sourceTree = "<group>";
		};
		971FFAFF1F75243F00884C7C /* Libriary */ = {
			isa = PBXGroup;
			children = (
				971FFB001F75243F00884C7C /* Categories */,
				971FFB1F1F75243F00884C7C /* Classes */,
				971FFB3A1F75243F00884C7C /* Macro */,
				971FFB3E1F75243F00884C7C /* Models */,
				971FFB581F75243F00884C7C /* Views */,
			);
			path = Libriary;
			sourceTree = "<group>";
		};
		971FFB001F75243F00884C7C /* Categories */ = {
			isa = PBXGroup;
			children = (
				971FFB011F75243F00884C7C /* NSArray+ABExtension */,
				971FFB041F75243F00884C7C /* NSBundle+ABExtension */,
				971FFB071F75243F00884C7C /* NSMutableArray+ABExtension */,
				971FFB0A1F75243F00884C7C /* NSObject+ABObjectExtension */,
				971FFB0D1F75243F00884C7C /* NSString+ABExtensions */,
				971FFB101F75243F00884C7C /* NSTimer+ABWeakReferenceTimer */,
				971FFB161F75243F00884C7C /* UINib+ABExtension */,
				971FFB191F75243F00884C7C /* UITableView+ABExtension */,
				971FFB1C1F75243F00884C7C /* UIWindow+ABExtension */,
			);
			path = Categories;
			sourceTree = "<group>";
		};
		971FFB011F75243F00884C7C /* NSArray+ABExtension */ = {
			isa = PBXGroup;
			children = (
				971FFB021F75243F00884C7C /* NSArray+ABExtension.h */,
				971FFB031F75243F00884C7C /* NSArray+ABExtension.m */,
			);
			path = "NSArray+ABExtension";
			sourceTree = "<group>";
		};
		971FFB041F75243F00884C7C /* NSBundle+ABExtension */ = {
			isa = PBXGroup;
			children = (
				971FFB051F75243F00884C7C /* NSBundle+ABExtension.h */,
				971FFB061F75243F00884C7C /* NSBundle+ABExtension.m */,
			);
			path = "NSBundle+ABExtension";
			sourceTree = "<group>";
		};
		971FFB071F75243F00884C7C /* NSMutableArray+ABExtension */ = {
			isa = PBXGroup;
			children = (
				971FFB081F75243F00884C7C /* NSMutableArray+ABExtension.h */,
				971FFB091F75243F00884C7C /* NSMutableArray+ABExtension.m */,
			);
			path = "NSMutableArray+ABExtension";
			sourceTree = "<group>";
		};
		971FFB0A1F75243F00884C7C /* NSObject+ABObjectExtension */ = {
			isa = PBXGroup;
			children = (
				971FFB0B1F75243F00884C7C /* NSObject+ABObjectExtension.h */,
				971FFB0C1F75243F00884C7C /* NSObject+ABObjectExtension.m */,
			);
			path = "NSObject+ABObjectExtension";
			sourceTree = "<group>";
		};
		971FFB0D1F75243F00884C7C /* NSString+ABExtensions */ = {
			isa = PBXGroup;
			children = (
				971FFB0E1F75243F00884C7C /* NSString+ABExtensions.h */,
				971FFB0F1F75243F00884C7C /* NSString+ABExtensions.m */,
			);
			path = "NSString+ABExtensions";
			sourceTree = "<group>";
		};
		971FFB101F75243F00884C7C /* NSTimer+ABWeakReferenceTimer */ = {
			isa = PBXGroup;
			children = (
				971FFB111F75243F00884C7C /* NSTimer+ABWeakReferenceTimer.h */,
				971FFB121F75243F00884C7C /* NSTimer+ABWeakReferenceTimer.m */,
				971FFB131F75243F00884C7C /* Private */,
			);
			path = "NSTimer+ABWeakReferenceTimer";
			sourceTree = "<group>";
		};
		971FFB131F75243F00884C7C /* Private */ = {
			isa = PBXGroup;
			children = (
				971FFB141F75243F00884C7C /* ABTimerWeakReference.h */,
				971FFB151F75243F00884C7C /* ABTimerWeakReference.m */,
			);
			path = Private;
			sourceTree = "<group>";
		};
		971FFB161F75243F00884C7C /* UINib+ABExtension */ = {
			isa = PBXGroup;
			children = (
				971FFB171F75243F00884C7C /* UINib+ABExtension.h */,
				971FFB181F75243F00884C7C /* UINib+ABExtension.m */,
			);
			path = "UINib+ABExtension";
			sourceTree = "<group>";
		};
		971FFB191F75243F00884C7C /* UITableView+ABExtension */ = {
			isa = PBXGroup;
			children = (
				971FFB1A1F75243F00884C7C /* UITableView+ABExtension.h */,
				971FFB1B1F75243F00884C7C /* UITableView+ABExtension.m */,
			);
			path = "UITableView+ABExtension";
			sourceTree = "<group>";
		};
		971FFB1C1F75243F00884C7C /* UIWindow+ABExtension */ = {
			isa = PBXGroup;
			children = (
				971FFB1D1F75243F00884C7C /* UIWindow+ABExtension.h */,
				971FFB1E1F75243F00884C7C /* UIWindow+ABExtension.m */,
			);
			path = "UIWindow+ABExtension";
			sourceTree = "<group>";
		};
		971FFB1F1F75243F00884C7C /* Classes */ = {
			isa = PBXGroup;
			children = (
				971FFB201F75243F00884C7C /* ABAlphabet */,
				971FFB2A1F75243F00884C7C /* ABGCDExtension */,
				971FFB2D1F75243F00884C7C /* ABImageModelCache */,
				971FFB301F75243F00884C7C /* ABObservableObject */,
				971FFB331F75243F00884C7C /* ABRandomNumber */,
				971FFB361F75243F00884C7C /* ABTableViewCell */,
				971FFB391F75243F00884C7C /* NSTimer+ABWeakReferenceTimer */,
			);
			path = Classes;
			sourceTree = "<group>";
		};
		971FFB201F75243F00884C7C /* ABAlphabet */ = {
			isa = PBXGroup;
			children = (
				971FFB211F75243F00884C7C /* ABAlphabet.h */,
				971FFB221F75243F00884C7C /* ABAlphabet.m */,
				971FFB231F75243F00884C7C /* Private */,
			);
			path = ABAlphabet;
			sourceTree = "<group>";
		};
		971FFB231F75243F00884C7C /* Private */ = {
			isa = PBXGroup;
			children = (
				971FFB241F75243F00884C7C /* ABClasterAlphabet.h */,
				971FFB251F75243F00884C7C /* ABClasterAlphabet.m */,
				971FFB261F75243F00884C7C /* ABRangeAlphabet.h */,
				971FFB271F75243F00884C7C /* ABRangeAlphabet.m */,
				971FFB281F75243F00884C7C /* ABStringsAlphabet.h */,
				971FFB291F75243F00884C7C /* ABStringsAlphabet.m */,
			);
			path = Private;
			sourceTree = "<group>";
		};
		971FFB2A1F75243F00884C7C /* ABGCDExtension */ = {
			isa = PBXGroup;
			children = (
				971FFB2B1F75243F00884C7C /* ABGCDExtension.h */,
				971FFB2C1F75243F00884C7C /* ABGCDExtension.m */,
			);
			path = ABGCDExtension;
			sourceTree = "<group>";
		};
		971FFB2D1F75243F00884C7C /* ABImageModelCache */ = {
			isa = PBXGroup;
			children = (
				971FFB2E1F75243F00884C7C /* ABImageModelCache.h */,
				971FFB2F1F75243F00884C7C /* ABImageModelCache.m */,
			);
			path = ABImageModelCache;
			sourceTree = "<group>";
		};
		971FFB301F75243F00884C7C /* ABObservableObject */ = {
			isa = PBXGroup;
			children = (
				971FFB311F75243F00884C7C /* ABObservableObject.h */,
				971FFB321F75243F00884C7C /* ABObservableObject.m */,
			);
			path = ABObservableObject;
			sourceTree = "<group>";
		};
		971FFB331F75243F00884C7C /* ABRandomNumber */ = {
			isa = PBXGroup;
			children = (
				971FFB341F75243F00884C7C /* ABRandomNumber.h */,
				971FFB351F75243F00884C7C /* ABRandomNumber.m */,
			);
			path = ABRandomNumber;
			sourceTree = "<group>";
		};
		971FFB361F75243F00884C7C /* ABTableViewCell */ = {
			isa = PBXGroup;
			children = (
				971FFB371F75243F00884C7C /* ABTableViewCell.h */,
				971FFB381F75243F00884C7C /* ABTableViewCell.m */,
			);
			path = ABTableViewCell;
			sourceTree = "<group>";
		};
		971FFB391F75243F00884C7C /* NSTimer+ABWeakReferenceTimer */ = {
			isa = PBXGroup;
			children = (
			);
			path = "NSTimer+ABWeakReferenceTimer";
			sourceTree = "<group>";
		};
		971FFB3A1F75243F00884C7C /* Macro */ = {
			isa = PBXGroup;
			children = (
				971FFB3B1F75243F00884C7C /* ABMacro */,
			);
			path = Macro;
			sourceTree = "<group>";
		};
		971FFB3B1F75243F00884C7C /* ABMacro */ = {
			isa = PBXGroup;
			children = (
				971FFB3C1F75243F00884C7C /* ABMacro.h */,
				971FFB3D1F75243F00884C7C /* ABMacro.m */,
			);
			path = ABMacro;
			sourceTree = "<group>";
		};
		971FFB3E1F75243F00884C7C /* Models */ = {
			isa = PBXGroup;
			children = (
				971FFB3F1F75243F00884C7C /* ABArrayModel */,
				971FFB4C1F75243F00884C7C /* ABImageModel */,
				971FFB551F75243F00884C7C /* ABModel */,
			);
			path = Models;
			sourceTree = "<group>";
		};
		971FFB3F1F75243F00884C7C /* ABArrayModel */ = {
			isa = PBXGroup;
			children = (
				971FFB401F75243F00884C7C /* ABArrayModel.h */,
				971FFB411F75243F00884C7C /* ABArrayModel.m */,
				971FFB421F75243F00884C7C /* ABArrayModelChange */,
			);
			path = ABArrayModel;
			sourceTree = "<group>";
		};
		971FFB421F75243F00884C7C /* ABArrayModelChange */ = {
			isa = PBXGroup;
			children = (
				971FFB431F75243F00884C7C /* ABArrayModelChange.h */,
				971FFB441F75243F00884C7C /* ABArrayModelChange.m */,
				971FFB451F75243F00884C7C /* Private */,
			);
			path = ABArrayModelChange;
			sourceTree = "<group>";
		};
		971FFB451F75243F00884C7C /* Private */ = {
			isa = PBXGroup;
			children = (
				971FFB461F75243F00884C7C /* ABArrayModelChangeAdd.h */,
				971FFB471F75243F00884C7C /* ABArrayModelChangeAdd.m */,
				971FFB481F75243F00884C7C /* ABArrayModelChangeMove.h */,
				971FFB491F75243F00884C7C /* ABArrayModelChangeMove.m */,
				971FFB4A1F75243F00884C7C /* ABArrayModelChangeRemove.h */,
				971FFB4B1F75243F00884C7C /* ABArrayModelChangeRemove.m */,
			);
			path = Private;
			sourceTree = "<group>";
		};
		971FFB4C1F75243F00884C7C /* ABImageModel */ = {
			isa = PBXGroup;
			children = (
				971FFB4D1F75243F00884C7C /* ABFileSystemImageModel */,
				971FFB501F75243F00884C7C /* ABImageModel.h */,
				971FFB511F75243F00884C7C /* ABImageModel.m */,
				971FFB521F75243F00884C7C /* ABInternetImageModel */,
			);
			path = ABImageModel;
			sourceTree = "<group>";
		};
		971FFB4D1F75243F00884C7C /* ABFileSystemImageModel */ = {
			isa = PBXGroup;
			children = (
				971FFB4E1F75243F00884C7C /* ABFileSystemImageModel.h */,
				971FFB4F1F75243F00884C7C /* ABFileSystemImageModel.m */,
			);
			path = ABFileSystemImageModel;
			sourceTree = "<group>";
		};
		971FFB521F75243F00884C7C /* ABInternetImageModel */ = {
			isa = PBXGroup;
			children = (
				971FFB531F75243F00884C7C /* ABInternetImageModel.h */,
				971FFB541F75243F00884C7C /* ABInternetImageModel.m */,
			);
			path = ABInternetImageModel;
			sourceTree = "<group>";
		};
		971FFB551F75243F00884C7C /* ABModel */ = {
			isa = PBXGroup;
			children = (
				971FFB561F75243F00884C7C /* ABModel.h */,
				971FFB571F75243F00884C7C /* ABModel.m */,
			);
			path = ABModel;
			sourceTree = "<group>";
		};
		971FFB581F75243F00884C7C /* Views */ = {
			isa = PBXGroup;
			children = (
				971FFB591F75243F00884C7C /* ABImageView */,
				971FFB5C1F75243F00884C7C /* ABLoadingView */,
				971FFB601F75243F00884C7C /* ABView */,
			);
			path = Views;
			sourceTree = "<group>";
		};
		971FFB591F75243F00884C7C /* ABImageView */ = {
			isa = PBXGroup;
			children = (
				971FFB5A1F75243F00884C7C /* ABImageView.h */,
				971FFB5B1F75243F00884C7C /* ABImageView.m */,
			);
			path = ABImageView;
			sourceTree = "<group>";
		};
		971FFB5C1F75243F00884C7C /* ABLoadingView */ = {
			isa = PBXGroup;
			children = (
				971FFB5D1F75243F00884C7C /* ABLoadingView.h */,
				971FFB5E1F75243F00884C7C /* ABLoadingView.m */,
				971FFB5F1F75243F00884C7C /* ABLoadingView.xib */,
			);
			path = ABLoadingView;
			sourceTree = "<group>";
		};
		971FFB601F75243F00884C7C /* ABView */ = {
			isa = PBXGroup;
			children = (
				971FFB611F75243F00884C7C /* ABView.h */,
				971FFB621F75243F00884C7C /* ABView.m */,
			);
			path = ABView;
			sourceTree = "<group>";
		};
		971FFB841F7524BA00884C7C /* Source */ = {
			isa = PBXGroup;
			children = (
				971FFB851F7524BA00884C7C /* Constants */,
				971FFB871F7524BA00884C7C /* Contexts */,
				971FFB8F1F7524BA00884C7C /* Models */,
				971FFB961F7524BA00884C7C /* UI */,
			);
			path = Source;
			sourceTree = "<group>";
		};
		971FFB851F7524BA00884C7C /* Constants */ = {
			isa = PBXGroup;
			children = (
				971FFB861F7524BA00884C7C /* ABConstants.h */,
			);
			path = Constants;
			sourceTree = "<group>";
		};
		971FFB871F7524BA00884C7C /* Contexts */ = {
			isa = PBXGroup;
			children = (
				971FFB881F7524BA00884C7C /* ABContext */,
				971FFB8B1F7524BA00884C7C /* ABFriendsContext */,
				971FFB8C1F7524BA00884C7C /* ABLoginContext */,
			);
			path = Contexts;
			sourceTree = "<group>";
		};
		971FFB881F7524BA00884C7C /* ABContext */ = {
			isa = PBXGroup;
			children = (
				971FFB891F7524BA00884C7C /* ABContext.h */,
				971FFB8A1F7524BA00884C7C /* ABContext.m */,
			);
			path = ABContext;
			sourceTree = "<group>";
		};
		971FFB8B1F7524BA00884C7C /* ABFriendsContext */ = {
			isa = PBXGroup;
			children = (
			);
			path = ABFriendsContext;
			sourceTree = "<group>";
		};
		971FFB8C1F7524BA00884C7C /* ABLoginContext */ = {
			isa = PBXGroup;
			children = (
				971FFB8D1F7524BA00884C7C /* ABLoginContext.h */,
				971FFB8E1F7524BA00884C7C /* ABLoginContext.m */,
			);
			path = ABLoginContext;
			sourceTree = "<group>";
		};
		971FFB8F1F7524BA00884C7C /* Models */ = {
			isa = PBXGroup;
			children = (
				971FFB901F7524BA00884C7C /* ABUser */,
				971FFB931F7524BA00884C7C /* ABUsersModel */,
			);
			path = Models;
			sourceTree = "<group>";
		};
		971FFB901F7524BA00884C7C /* ABUser */ = {
			isa = PBXGroup;
			children = (
				971FFB911F7524BA00884C7C /* ABUser.h */,
				971FFB921F7524BA00884C7C /* ABUser.m */,
			);
			path = ABUser;
			sourceTree = "<group>";
		};
		971FFB931F7524BA00884C7C /* ABUsersModel */ = {
			isa = PBXGroup;
			children = (
				971FFB941F7524BA00884C7C /* ABUsersModel.h */,
				971FFB951F7524BA00884C7C /* ABUsersModel.m */,
			);
			path = ABUsersModel;
			sourceTree = "<group>";
		};
		971FFB961F7524BA00884C7C /* UI */ = {
			isa = PBXGroup;
			children = (
				971FFB971F7524BA00884C7C /* ABUsersViewController */,
				971FFBA21F7524BA00884C7C /* Facebook */,
			);
			path = UI;
			sourceTree = "<group>";
		};
		971FFB971F7524BA00884C7C /* ABUsersViewController */ = {
			isa = PBXGroup;
			children = (
				971FFB981F7524BA00884C7C /* ABUserCell */,
				971FFB9C1F7524BA00884C7C /* ABUsersView */,
				971FFB9F1F7524BA00884C7C /* ABUsersViewController.h */,
				971FFBA01F7524BA00884C7C /* ABUsersViewController.m */,
				971FFBA11F7524BA00884C7C /* ABUsersViewController.xib */,
			);
			path = ABUsersViewController;
			sourceTree = "<group>";
		};
		971FFB981F7524BA00884C7C /* ABUserCell */ = {
			isa = PBXGroup;
			children = (
				971FFB991F7524BA00884C7C /* ABUserCell.h */,
				971FFB9A1F7524BA00884C7C /* ABUserCell.m */,
				971FFB9B1F7524BA00884C7C /* ABUserCell.xib */,
			);
			path = ABUserCell;
			sourceTree = "<group>";
		};
		971FFB9C1F7524BA00884C7C /* ABUsersView */ = {
			isa = PBXGroup;
			children = (
				971FFB9D1F7524BA00884C7C /* ABUsersView.h */,
				971FFB9E1F7524BA00884C7C /* ABUsersView.m */,
			);
			path = ABUsersView;
			sourceTree = "<group>";
		};
		971FFBA21F7524BA00884C7C /* Facebook */ = {
			isa = PBXGroup;
			children = (
				971FFBA31F7524BA00884C7C /* AB friendDetailViewController */,
				971FFBA41F7524BA00884C7C /* ABFriendsViewController */,
				971FFBA51F7524BA00884C7C /* ABLoginViewController */,
			);
			path = Facebook;
			sourceTree = "<group>";
		};
		971FFBA31F7524BA00884C7C /* AB friendDetailViewController */ = {
			isa = PBXGroup;
			children = (
			);
			path = "AB friendDetailViewController";
			sourceTree = "<group>";
		};
		971FFBA41F7524BA00884C7C /* ABFriendsViewController */ = {
			isa = PBXGroup;
			children = (
			);
			path = ABFriendsViewController;
			sourceTree = "<group>";
		};
		971FFBA51F7524BA00884C7C /* ABLoginViewController */ = {
			isa = PBXGroup;
			children = (
			);
			path = ABLoginViewController;
			sourceTree = "<group>";
		};
		A54C3AD9DFBA3070B4BF1C7D /* Frameworks */ = {
			isa = PBXGroup;
			children = (
				E470E32AE2A3C09EA831FECF /* libPods-iOSProject.a */,
			);
			name = Frameworks;
			sourceTree = "<group>";
		};
		FDFBEDDD4034E8530E774ED9 /* Pods */ = {
			isa = PBXGroup;
			children = (
				CBE27B6C8B9F1CA6ED2CFFAA /* Pods-iOSProject.debug.xcconfig */,
				17FBFFA518F91D146CD323B6 /* Pods-iOSProject.release.xcconfig */,
			);
			name = Pods;
			sourceTree = "<group>";
		};
/* End PBXGroup section */

/* Begin PBXNativeTarget section */
		970C49351F6A842700AAB728 /* iOSProject */ = {
			isa = PBXNativeTarget;
			buildConfigurationList = 970C494D1F6A842700AAB728 /* Build configuration list for PBXNativeTarget "iOSProject" */;
			buildPhases = (
				0BC50D7BA58AA37513A933EE /* [CP] Check Pods Manifest.lock */,
				970C49321F6A842700AAB728 /* Sources */,
				970C49331F6A842700AAB728 /* Frameworks */,
				970C49341F6A842700AAB728 /* Resources */,
				EEF560A6CE39B98C1CC1FEA4 /* [CP] Embed Pods Frameworks */,
				D64F20E4C5C256D9A32D24E9 /* [CP] Copy Pods Resources */,
			);
			buildRules = (
			);
			dependencies = (
			);
			name = iOSProject;
			productName = iOSProject;
			productReference = 970C49361F6A842700AAB728 /* iOSProject.app */;
			productType = "com.apple.product-type.application";
		};
/* End PBXNativeTarget section */

/* Begin PBXProject section */
		970C492E1F6A842700AAB728 /* Project object */ = {
			isa = PBXProject;
			attributes = {
				LastUpgradeCheck = 0900;
				ORGANIZATIONNAME = "Andrew Boychuk";
				TargetAttributes = {
					970C49351F6A842700AAB728 = {
						CreatedOnToolsVersion = 8.3.3;
						ProvisioningStyle = Automatic;
					};
				};
			};
			buildConfigurationList = 970C49311F6A842700AAB728 /* Build configuration list for PBXProject "iOSProject" */;
			compatibilityVersion = "Xcode 3.2";
			developmentRegion = English;
			hasScannedForEncodings = 0;
			knownRegions = (
				en,
				Base,
			);
			mainGroup = 970C492D1F6A842700AAB728;
			productRefGroup = 970C49371F6A842700AAB728 /* Products */;
			projectDirPath = "";
			projectRoot = "";
			targets = (
				970C49351F6A842700AAB728 /* iOSProject */,
			);
		};
/* End PBXProject section */

/* Begin PBXResourcesBuildPhase section */
		970C49341F6A842700AAB728 /* Resources */ = {
			isa = PBXResourcesBuildPhase;
			buildActionMask = 2147483647;
			files = (
				970C49F41F6A847700AAB728 /* LaunchScreen.storyboard in Resources */,
				971FFBAB1F7524BA00884C7C /* ABUserCell.xib in Resources */,
				970C49F31F6A847700AAB728 /* Assets.xcassets in Resources */,
				970C49F51F6A847700AAB728 /* Main.storyboard in Resources */,
				971FFBAE1F7524BA00884C7C /* ABUsersViewController.xib in Resources */,
				971FFB821F75243F00884C7C /* ABLoadingView.xib in Resources */,
				970C49F61F6A847700AAB728 /* image.png in Resources */,
			);
			runOnlyForDeploymentPostprocessing = 0;
		};
/* End PBXResourcesBuildPhase section */

/* Begin PBXShellScriptBuildPhase section */
		0BC50D7BA58AA37513A933EE /* [CP] Check Pods Manifest.lock */ = {
			isa = PBXShellScriptBuildPhase;
			buildActionMask = 2147483647;
			files = (
			);
			inputPaths = (
				"${PODS_PODFILE_DIR_PATH}/Podfile.lock",
				"${PODS_ROOT}/Manifest.lock",
			);
			name = "[CP] Check Pods Manifest.lock";
			outputPaths = (
				"$(DERIVED_FILE_DIR)/Pods-iOSProject-checkManifestLockResult.txt",
			);
			runOnlyForDeploymentPostprocessing = 0;
			shellPath = /bin/sh;
			shellScript = "diff \"${PODS_PODFILE_DIR_PATH}/Podfile.lock\" \"${PODS_ROOT}/Manifest.lock\" > /dev/null\nif [ $? != 0 ] ; then\n    # print error to STDERR\n    echo \"error: The sandbox is not in sync with the Podfile.lock. Run 'pod install' or update your CocoaPods installation.\" >&2\n    exit 1\nfi\n# This output is used by Xcode 'outputs' to avoid re-running this script phase.\necho \"SUCCESS\" > \"${SCRIPT_OUTPUT_FILE_0}\"\n";
			showEnvVarsInLog = 0;
		};
		D64F20E4C5C256D9A32D24E9 /* [CP] Copy Pods Resources */ = {
			isa = PBXShellScriptBuildPhase;
			buildActionMask = 2147483647;
			files = (
			);
			inputPaths = (
				"${SRCROOT}/Pods/Target Support Files/Pods-iOSProject/Pods-iOSProject-resources.sh",
				"${PODS_ROOT}/FBSDKCoreKit/FacebookSDKStrings.bundle",
			);
			name = "[CP] Copy Pods Resources";
			outputPaths = (
				"${TARGET_BUILD_DIR}/${UNLOCALIZED_RESOURCES_FOLDER_PATH}",
			);
			runOnlyForDeploymentPostprocessing = 0;
			shellPath = /bin/sh;
			shellScript = "\"${SRCROOT}/Pods/Target Support Files/Pods-iOSProject/Pods-iOSProject-resources.sh\"\n";
			showEnvVarsInLog = 0;
		};
		EEF560A6CE39B98C1CC1FEA4 /* [CP] Embed Pods Frameworks */ = {
			isa = PBXShellScriptBuildPhase;
			buildActionMask = 2147483647;
			files = (
			);
			inputPaths = (
			);
			name = "[CP] Embed Pods Frameworks";
			outputPaths = (
			);
			runOnlyForDeploymentPostprocessing = 0;
			shellPath = /bin/sh;
			shellScript = "\"${SRCROOT}/Pods/Target Support Files/Pods-iOSProject/Pods-iOSProject-frameworks.sh\"\n";
			showEnvVarsInLog = 0;
		};
/* End PBXShellScriptBuildPhase section */

/* Begin PBXSourcesBuildPhase section */
		970C49321F6A842700AAB728 /* Sources */ = {
			isa = PBXSourcesBuildPhase;
			buildActionMask = 2147483647;
			files = (
				971FFB7D1F75243F00884C7C /* ABImageModel.m in Sources */,
				971FFB6E1F75243F00884C7C /* ABClasterAlphabet.m in Sources */,
				971FFBA81F7524BA00884C7C /* ABUser.m in Sources */,
				971FFB691F75243F00884C7C /* ABTimerWeakReference.m in Sources */,
				971FFB731F75243F00884C7C /* ABObservableObject.m in Sources */,
				970C49DC1F6A847700AAB728 /* main.m in Sources */,
				971FFB781F75243F00884C7C /* ABArrayModelChange.m in Sources */,
				971FFB671F75243F00884C7C /* NSString+ABExtensions.m in Sources */,
				971FFB811F75243F00884C7C /* ABLoadingView.m in Sources */,
				971FFB801F75243F00884C7C /* ABImageView.m in Sources */,
				971FFB741F75243F00884C7C /* ABRandomNumber.m in Sources */,
				971FFB651F75243F00884C7C /* NSMutableArray+ABExtension.m in Sources */,
				971FFB7A1F75243F00884C7C /* ABArrayModelChangeMove.m in Sources */,
				971FFB6D1F75243F00884C7C /* ABAlphabet.m in Sources */,
				971FFB6A1F75243F00884C7C /* UINib+ABExtension.m in Sources */,
				971FFB701F75243F00884C7C /* ABStringsAlphabet.m in Sources */,
				971FFB681F75243F00884C7C /* NSTimer+ABWeakReferenceTimer.m in Sources */,
				971FFBA61F7524BA00884C7C /* ABContext.m in Sources */,
				971FFB7E1F75243F00884C7C /* ABInternetImageModel.m in Sources */,
				971FFB791F75243F00884C7C /* ABArrayModelChangeAdd.m in Sources */,
				971FFB6B1F75243F00884C7C /* UITableView+ABExtension.m in Sources */,
				971FFB6F1F75243F00884C7C /* ABRangeAlphabet.m in Sources */,
				971FFBAA1F7524BA00884C7C /* ABUserCell.m in Sources */,
				971FFB831F75243F00884C7C /* ABView.m in Sources */,
				971FFBAC1F7524BA00884C7C /* ABUsersView.m in Sources */,
				970C49DA1F6A847700AAB728 /* ABAppDelegate.m in Sources */,
				971FFB751F75243F00884C7C /* ABTableViewCell.m in Sources */,
				971FFB711F75243F00884C7C /* ABGCDExtension.m in Sources */,
				971FFB661F75243F00884C7C /* NSObject+ABObjectExtension.m in Sources */,
				971FFB7C1F75243F00884C7C /* ABFileSystemImageModel.m in Sources */,
				971FFB7B1F75243F00884C7C /* ABArrayModelChangeRemove.m in Sources */,
				971FFB6C1F75243F00884C7C /* UIWindow+ABExtension.m in Sources */,
				971FFB721F75243F00884C7C /* ABImageModelCache.m in Sources */,
				971FFB761F75243F00884C7C /* ABMacro.m in Sources */,
				971FFBAD1F7524BA00884C7C /* ABUsersViewController.m in Sources */,
				971FFB771F75243F00884C7C /* ABArrayModel.m in Sources */,
				971FFBA71F7524BA00884C7C /* ABLoginContext.m in Sources */,
				971FFB7F1F75243F00884C7C /* ABModel.m in Sources */,
				971FFB641F75243F00884C7C /* NSBundle+ABExtension.m in Sources */,
				971FFB631F75243F00884C7C /* NSArray+ABExtension.m in Sources */,
				971FFBA91F7524BA00884C7C /* ABUsersModel.m in Sources */,
			);
			runOnlyForDeploymentPostprocessing = 0;
		};
/* End PBXSourcesBuildPhase section */

/* Begin PBXVariantGroup section */
		970C499A1F6A847700AAB728 /* LaunchScreen.storyboard */ = {
			isa = PBXVariantGroup;
			children = (
				970C499B1F6A847700AAB728 /* Base */,
			);
			name = LaunchScreen.storyboard;
			sourceTree = "<group>";
		};
		970C499C1F6A847700AAB728 /* Main.storyboard */ = {
			isa = PBXVariantGroup;
			children = (
				970C499D1F6A847700AAB728 /* Base */,
			);
			name = Main.storyboard;
			sourceTree = "<group>";
		};
/* End PBXVariantGroup section */

/* Begin XCBuildConfiguration section */
		970C494B1F6A842700AAB728 /* Debug */ = {
			isa = XCBuildConfiguration;
			buildSettings = {
				ALWAYS_SEARCH_USER_PATHS = NO;
				CLANG_ANALYZER_NONNULL = YES;
				CLANG_ANALYZER_NUMBER_OBJECT_CONVERSION = YES_AGGRESSIVE;
				CLANG_CXX_LANGUAGE_STANDARD = "gnu++0x";
				CLANG_CXX_LIBRARY = "libc++";
				CLANG_ENABLE_MODULES = YES;
				CLANG_ENABLE_OBJC_ARC = YES;
				CLANG_WARN_BLOCK_CAPTURE_AUTORELEASING = YES;
				CLANG_WARN_BOOL_CONVERSION = YES;
				CLANG_WARN_COMMA = YES;
				CLANG_WARN_CONSTANT_CONVERSION = YES;
				CLANG_WARN_DIRECT_OBJC_ISA_USAGE = YES_ERROR;
				CLANG_WARN_DOCUMENTATION_COMMENTS = YES;
				CLANG_WARN_EMPTY_BODY = YES;
				CLANG_WARN_ENUM_CONVERSION = YES;
				CLANG_WARN_INFINITE_RECURSION = YES;
				CLANG_WARN_INT_CONVERSION = YES;
				CLANG_WARN_NON_LITERAL_NULL_CONVERSION = YES;
				CLANG_WARN_OBJC_LITERAL_CONVERSION = YES;
				CLANG_WARN_OBJC_ROOT_CLASS = YES_ERROR;
				CLANG_WARN_RANGE_LOOP_ANALYSIS = YES;
				CLANG_WARN_STRICT_PROTOTYPES = YES;
				CLANG_WARN_SUSPICIOUS_MOVE = YES;
				CLANG_WARN_UNREACHABLE_CODE = YES;
				CLANG_WARN__DUPLICATE_METHOD_MATCH = YES;
				"CODE_SIGN_IDENTITY[sdk=iphoneos*]" = "iPhone Developer";
				COPY_PHASE_STRIP = NO;
				DEBUG_INFORMATION_FORMAT = dwarf;
				ENABLE_STRICT_OBJC_MSGSEND = YES;
				ENABLE_TESTABILITY = YES;
				GCC_C_LANGUAGE_STANDARD = gnu99;
				GCC_DYNAMIC_NO_PIC = NO;
				GCC_NO_COMMON_BLOCKS = YES;
				GCC_OPTIMIZATION_LEVEL = 0;
				GCC_PREPROCESSOR_DEFINITIONS = (
					"DEBUG=1",
					"$(inherited)",
				);
				GCC_WARN_64_TO_32_BIT_CONVERSION = YES;
				GCC_WARN_ABOUT_RETURN_TYPE = YES_ERROR;
				GCC_WARN_UNDECLARED_SELECTOR = YES;
				GCC_WARN_UNINITIALIZED_AUTOS = YES_AGGRESSIVE;
				GCC_WARN_UNUSED_FUNCTION = YES;
				GCC_WARN_UNUSED_VARIABLE = YES;
				IPHONEOS_DEPLOYMENT_TARGET = 10.3;
				MTL_ENABLE_DEBUG_INFO = YES;
				ONLY_ACTIVE_ARCH = YES;
				SDKROOT = iphoneos;
			};
			name = Debug;
		};
		970C494C1F6A842700AAB728 /* Release */ = {
			isa = XCBuildConfiguration;
			buildSettings = {
				ALWAYS_SEARCH_USER_PATHS = NO;
				CLANG_ANALYZER_NONNULL = YES;
				CLANG_ANALYZER_NUMBER_OBJECT_CONVERSION = YES_AGGRESSIVE;
				CLANG_CXX_LANGUAGE_STANDARD = "gnu++0x";
				CLANG_CXX_LIBRARY = "libc++";
				CLANG_ENABLE_MODULES = YES;
				CLANG_ENABLE_OBJC_ARC = YES;
				CLANG_WARN_BLOCK_CAPTURE_AUTORELEASING = YES;
				CLANG_WARN_BOOL_CONVERSION = YES;
				CLANG_WARN_COMMA = YES;
				CLANG_WARN_CONSTANT_CONVERSION = YES;
				CLANG_WARN_DIRECT_OBJC_ISA_USAGE = YES_ERROR;
				CLANG_WARN_DOCUMENTATION_COMMENTS = YES;
				CLANG_WARN_EMPTY_BODY = YES;
				CLANG_WARN_ENUM_CONVERSION = YES;
				CLANG_WARN_INFINITE_RECURSION = YES;
				CLANG_WARN_INT_CONVERSION = YES;
				CLANG_WARN_NON_LITERAL_NULL_CONVERSION = YES;
				CLANG_WARN_OBJC_LITERAL_CONVERSION = YES;
				CLANG_WARN_OBJC_ROOT_CLASS = YES_ERROR;
				CLANG_WARN_RANGE_LOOP_ANALYSIS = YES;
				CLANG_WARN_STRICT_PROTOTYPES = YES;
				CLANG_WARN_SUSPICIOUS_MOVE = YES;
				CLANG_WARN_UNREACHABLE_CODE = YES;
				CLANG_WARN__DUPLICATE_METHOD_MATCH = YES;
				"CODE_SIGN_IDENTITY[sdk=iphoneos*]" = "iPhone Developer";
				COPY_PHASE_STRIP = NO;
				DEBUG_INFORMATION_FORMAT = "dwarf-with-dsym";
				ENABLE_NS_ASSERTIONS = NO;
				ENABLE_STRICT_OBJC_MSGSEND = YES;
				GCC_C_LANGUAGE_STANDARD = gnu99;
				GCC_NO_COMMON_BLOCKS = YES;
				GCC_WARN_64_TO_32_BIT_CONVERSION = YES;
				GCC_WARN_ABOUT_RETURN_TYPE = YES_ERROR;
				GCC_WARN_UNDECLARED_SELECTOR = YES;
				GCC_WARN_UNINITIALIZED_AUTOS = YES_AGGRESSIVE;
				GCC_WARN_UNUSED_FUNCTION = YES;
				GCC_WARN_UNUSED_VARIABLE = YES;
				IPHONEOS_DEPLOYMENT_TARGET = 10.3;
				MTL_ENABLE_DEBUG_INFO = NO;
				SDKROOT = iphoneos;
				VALIDATE_PRODUCT = YES;
			};
			name = Release;
		};
		970C494E1F6A842700AAB728 /* Debug */ = {
			isa = XCBuildConfiguration;
			baseConfigurationReference = CBE27B6C8B9F1CA6ED2CFFAA /* Pods-iOSProject.debug.xcconfig */;
			buildSettings = {
				ASSETCATALOG_COMPILER_APPICON_NAME = AppIcon;
				INFOPLIST_FILE = iOSProject/Info.plist;
				LD_RUNPATH_SEARCH_PATHS = "$(inherited) @executable_path/Frameworks";
				PRODUCT_BUNDLE_IDENTIFIER = AB.iOSProject;
				PRODUCT_NAME = "$(TARGET_NAME)";
			};
			name = Debug;
		};
		970C494F1F6A842700AAB728 /* Release */ = {
			isa = XCBuildConfiguration;
			baseConfigurationReference = 17FBFFA518F91D146CD323B6 /* Pods-iOSProject.release.xcconfig */;
			buildSettings = {
				ASSETCATALOG_COMPILER_APPICON_NAME = AppIcon;
				INFOPLIST_FILE = iOSProject/Info.plist;
				LD_RUNPATH_SEARCH_PATHS = "$(inherited) @executable_path/Frameworks";
				PRODUCT_BUNDLE_IDENTIFIER = AB.iOSProject;
				PRODUCT_NAME = "$(TARGET_NAME)";
			};
			name = Release;
		};
/* End XCBuildConfiguration section */

/* Begin XCConfigurationList section */
		970C49311F6A842700AAB728 /* Build configuration list for PBXProject "iOSProject" */ = {
			isa = XCConfigurationList;
			buildConfigurations = (
				970C494B1F6A842700AAB728 /* Debug */,
				970C494C1F6A842700AAB728 /* Release */,
			);
			defaultConfigurationIsVisible = 0;
			defaultConfigurationName = Release;
		};
		970C494D1F6A842700AAB728 /* Build configuration list for PBXNativeTarget "iOSProject" */ = {
			isa = XCConfigurationList;
			buildConfigurations = (
				970C494E1F6A842700AAB728 /* Debug */,
				970C494F1F6A842700AAB728 /* Release */,
			);
			defaultConfigurationIsVisible = 0;
			defaultConfigurationName = Release;
		};
/* End XCConfigurationList section */
	};
	rootObject = 970C492E1F6A842700AAB728 /* Project object */;
}
